// !$*UTF8*$!
{
	archiveVersion = 1;
	classes = {
	};
	objectVersion = 52;
	objects = {

/* Begin PBXBuildFile section */
		89295ACC29B3B4F6001A7740 /* GeoQueries.swift in Sources */ = {isa = PBXBuildFile; fileRef = 89295ACB29B3B4F6001A7740 /* GeoQueries.swift */; };
		89295ACF29B464F4001A7740 /* NavigationManager.swift in Sources */ = {isa = PBXBuildFile; fileRef = 89295ACE29B464F4001A7740 /* NavigationManager.swift */; };
		89295AD629B47045001A7740 /* NearbyObservationsView.swift in Sources */ = {isa = PBXBuildFile; fileRef = 89295AD529B47045001A7740 /* NearbyObservationsView.swift */; };
		89295AD929B474FB001A7740 /* GeoQueries.swift in Sources */ = {isa = PBXBuildFile; fileRef = 89295ACB29B3B4F6001A7740 /* GeoQueries.swift */; };
		89295ADA29B474FB001A7740 /* GeoQueries.swift in Sources */ = {isa = PBXBuildFile; fileRef = 89295ACB29B3B4F6001A7740 /* GeoQueries.swift */; };
		89295AE229B7DCD6001A7740 /* ConditionView.swift in Sources */ = {isa = PBXBuildFile; fileRef = 89295AE129B7DCD6001A7740 /* ConditionView.swift */; };
		89295AE329B7DD71001A7740 /* ConditionView.swift in Sources */ = {isa = PBXBuildFile; fileRef = 89295AE129B7DCD6001A7740 /* ConditionView.swift */; };
		894524DB2991280B007CE96F /* AttributedTextView.swift in Sources */ = {isa = PBXBuildFile; fileRef = 894524DA2991280B007CE96F /* AttributedTextView.swift */; };
		894524DC29913314007CE96F /* Modules.swift in Sources */ = {isa = PBXBuildFile; fileRef = C09D66982540CAB800FB3D39 /* Modules.swift */; };
		894524DE2991435B007CE96F /* WeatherServer.swift in Sources */ = {isa = PBXBuildFile; fileRef = C09D66D52540CACA00FB3D39 /* WeatherServer.swift */; };
		894524DF299143A8007CE96F /* Metar.swift in Sources */ = {isa = PBXBuildFile; fileRef = C09D66C42540CACA00FB3D39 /* Metar.swift */; };
		894524E229914448007CE96F /* Observation.swift in Sources */ = {isa = PBXBuildFile; fileRef = C09D66C22540CACA00FB3D39 /* Observation.swift */; };
		894524E42991445C007CE96F /* Taf.swift in Sources */ = {isa = PBXBuildFile; fileRef = C09D66C12540CACA00FB3D39 /* Taf.swift */; };
		894524E529914519007CE96F /* AttributedTextView.swift in Sources */ = {isa = PBXBuildFile; fileRef = 894524DA2991280B007CE96F /* AttributedTextView.swift */; };
		894524E629914538007CE96F /* Station.swift in Sources */ = {isa = PBXBuildFile; fileRef = C09D66C02540CACA00FB3D39 /* Station.swift */; };
		894524E729914544007CE96F /* Tokenizer.swift in Sources */ = {isa = PBXBuildFile; fileRef = C09D66BF2540CACA00FB3D39 /* Tokenizer.swift */; };
		894524E829914588007CE96F /* Timeslot.swift in Sources */ = {isa = PBXBuildFile; fileRef = C09D66D12540CACA00FB3D39 /* Timeslot.swift */; };
		894524E929914592007CE96F /* AwsService.swift in Sources */ = {isa = PBXBuildFile; fileRef = C09D66D62540CACA00FB3D39 /* AwsService.swift */; };
		894524EA29914596007CE96F /* AddsService.swift in Sources */ = {isa = PBXBuildFile; fileRef = C09D66D42540CACA00FB3D39 /* AddsService.swift */; };
		894524EB299145B3007CE96F /* WeatherRegion.swift in Sources */ = {isa = PBXBuildFile; fileRef = C09D66CD2540CACA00FB3D39 /* WeatherRegion.swift */; };
		894524EC29915507007CE96F /* String+Additions.swift in Sources */ = {isa = PBXBuildFile; fileRef = C09D66AE2540CACA00FB3D39 /* String+Additions.swift */; };
		894524ED2991551C007CE96F /* Weather.swift in Sources */ = {isa = PBXBuildFile; fileRef = C09D66C32540CACA00FB3D39 /* Weather.swift */; };
		894524F0299157BB007CE96F /* ColorRamp.swift in Sources */ = {isa = PBXBuildFile; fileRef = C09D66B72540CACA00FB3D39 /* ColorRamp.swift */; };
		894524F229918A62007CE96F /* CLLocation+Additions.swift in Sources */ = {isa = PBXBuildFile; fileRef = 894524F129918A62007CE96F /* CLLocation+Additions.swift */; };
		894524F329918A7B007CE96F /* CLLocation+Additions.swift in Sources */ = {isa = PBXBuildFile; fileRef = 894524F129918A62007CE96F /* CLLocation+Additions.swift */; };
		894524F429918C4B007CE96F /* LastLocation.swift in Sources */ = {isa = PBXBuildFile; fileRef = C09D66942540CAB800FB3D39 /* LastLocation.swift */; };
		894524F6299198AB007CE96F /* Gzip in Frameworks */ = {isa = PBXBuildFile; productRef = 894524F5299198AB007CE96F /* Gzip */; };
		894524F8299198B1007CE96F /* SWXMLHash in Frameworks */ = {isa = PBXBuildFile; productRef = 894524F7299198B1007CE96F /* SWXMLHash */; };
		894524FA299198B6007CE96F /* SwiftyJSON in Frameworks */ = {isa = PBXBuildFile; productRef = 894524F9299198B6007CE96F /* SwiftyJSON */; };
		894524FF2991AC02007CE96F /* FileManager+Additions.swift in Sources */ = {isa = PBXBuildFile; fileRef = 894524FE2991AC02007CE96F /* FileManager+Additions.swift */; };
		894525002991AE58007CE96F /* FileManager+Additions.swift in Sources */ = {isa = PBXBuildFile; fileRef = 894524FE2991AC02007CE96F /* FileManager+Additions.swift */; };
		894525012991BFF2007CE96F /* CAVOK.plist in Resources */ = {isa = PBXBuildFile; fileRef = C09D675A2540DAB100FB3D39 /* CAVOK.plist */; };
		89452504299290E1007CE96F /* RealmSwift in Frameworks */ = {isa = PBXBuildFile; productRef = 89452503299290E1007CE96F /* RealmSwift */; };
		894525562992D9DF007CE96F /* RealmSwift in Frameworks */ = {isa = PBXBuildFile; productRef = 894525532992984B007CE96F /* RealmSwift */; };
		894EA96029842EB0005C986D /* AdaptiveStack.swift in Sources */ = {isa = PBXBuildFile; fileRef = 894EA95F29842EB0005C986D /* AdaptiveStack.swift */; };
		8958CB9629882022001F4553 /* WidgetKit.framework in Frameworks */ = {isa = PBXBuildFile; fileRef = 8958CB9529882022001F4553 /* WidgetKit.framework */; };
		8958CB9829882022001F4553 /* SwiftUI.framework in Frameworks */ = {isa = PBXBuildFile; fileRef = 8958CB9729882022001F4553 /* SwiftUI.framework */; };
		8958CB9B29882022001F4553 /* CAV_OK_WidgetBundle.swift in Sources */ = {isa = PBXBuildFile; fileRef = 8958CB9A29882022001F4553 /* CAV_OK_WidgetBundle.swift */; };
		8958CB9D29882022001F4553 /* CAV_OK_WidgetLiveActivity.swift in Sources */ = {isa = PBXBuildFile; fileRef = 8958CB9C29882022001F4553 /* CAV_OK_WidgetLiveActivity.swift */; };
		8958CB9F29882022001F4553 /* CAV_OK_Widget.swift in Sources */ = {isa = PBXBuildFile; fileRef = 8958CB9E29882022001F4553 /* CAV_OK_Widget.swift */; };
		8958CBA229882023001F4553 /* Assets.xcassets in Resources */ = {isa = PBXBuildFile; fileRef = 8958CBA129882023001F4553 /* Assets.xcassets */; };
		8958CBA429882023001F4553 /* CAV_OK_Widget.intentdefinition in Sources */ = {isa = PBXBuildFile; fileRef = 8958CBA029882022001F4553 /* CAV_OK_Widget.intentdefinition */; };
		8958CBA529882023001F4553 /* CAV_OK_Widget.intentdefinition in Sources */ = {isa = PBXBuildFile; fileRef = 8958CBA029882022001F4553 /* CAV_OK_Widget.intentdefinition */; };
		8958CBA829882023001F4553 /* CAV-OK WidgetExtension.appex in Embed Foundation Extensions */ = {isa = PBXBuildFile; fileRef = 8958CB9429882022001F4553 /* CAV-OK WidgetExtension.appex */; settings = {ATTRIBUTES = (RemoveHeadersOnCopy, ); }; };
		895B987229774600005E5D7F /* BottomSheetView.swift in Sources */ = {isa = PBXBuildFile; fileRef = 895B987129774600005E5D7F /* BottomSheetView.swift */; };
		895B98752977F878005E5D7F /* BottomSheetConfig.swift in Sources */ = {isa = PBXBuildFile; fileRef = 895B98742977F878005E5D7F /* BottomSheetConfig.swift */; };
		8974F53729C6372400350973 /* LastSession.swift in Sources */ = {isa = PBXBuildFile; fileRef = C09D66922540CAB800FB3D39 /* LastSession.swift */; };
		8974F53829C641B200350973 /* Date+Additions.swift in Sources */ = {isa = PBXBuildFile; fileRef = C09D66AC2540CACA00FB3D39 /* Date+Additions.swift */; };
		8974F53E29D018D000350973 /* FavoriteObservationsView.swift in Sources */ = {isa = PBXBuildFile; fileRef = 8974F53D29D018D000350973 /* FavoriteObservationsView.swift */; };
		8974F54229D0303200350973 /* StationListItemView.swift in Sources */ = {isa = PBXBuildFile; fileRef = 8974F54129D0303200350973 /* StationListItemView.swift */; };
		8974F54329D1C6E000350973 /* LastLocation.swift in Sources */ = {isa = PBXBuildFile; fileRef = C09D66942540CAB800FB3D39 /* LastLocation.swift */; };
		8974F54429D1C6EF00350973 /* CLLocation+Additions.swift in Sources */ = {isa = PBXBuildFile; fileRef = 894524F129918A62007CE96F /* CLLocation+Additions.swift */; };
		8974F54629D37C9000350973 /* SidebarView.swift in Sources */ = {isa = PBXBuildFile; fileRef = 8974F54529D37C9000350973 /* SidebarView.swift */; };
		89797E8629983D7800DCCE2E /* ObservationPresentation.swift in Sources */ = {isa = PBXBuildFile; fileRef = 89797E8529983D7800DCCE2E /* ObservationPresentation.swift */; };
		89797E8829983D8D00DCCE2E /* QueryService.swift in Sources */ = {isa = PBXBuildFile; fileRef = 89797E8729983D8D00DCCE2E /* QueryService.swift */; };
		89797E8B2998444400DCCE2E /* ObservationPresentation.swift in Sources */ = {isa = PBXBuildFile; fileRef = 89797E8529983D7800DCCE2E /* ObservationPresentation.swift */; };
		89797E8C2998445300DCCE2E /* QueryService.swift in Sources */ = {isa = PBXBuildFile; fileRef = 89797E8729983D8D00DCCE2E /* QueryService.swift */; };
		89797E9B29984CC200DCCE2E /* Intents.framework in Frameworks */ = {isa = PBXBuildFile; fileRef = 89797E9A29984CC200DCCE2E /* Intents.framework */; };
		89797E9E29984CC200DCCE2E /* IntentHandler.swift in Sources */ = {isa = PBXBuildFile; fileRef = 89797E9D29984CC200DCCE2E /* IntentHandler.swift */; };
		89797EA229984CC200DCCE2E /* CAV-OK Intents.appex in Embed Foundation Extensions */ = {isa = PBXBuildFile; fileRef = 89797E9929984CC200DCCE2E /* CAV-OK Intents.appex */; settings = {ATTRIBUTES = (RemoveHeadersOnCopy, ); }; };
		89797EA729984DF100DCCE2E /* FileManager+Additions.swift in Sources */ = {isa = PBXBuildFile; fileRef = 894524FE2991AC02007CE96F /* FileManager+Additions.swift */; };
		89797EA929984E4100DCCE2E /* RealmSwift in Frameworks */ = {isa = PBXBuildFile; productRef = 89797EA829984E4100DCCE2E /* RealmSwift */; };
		89797EAA29984EDC00DCCE2E /* QueryService.swift in Sources */ = {isa = PBXBuildFile; fileRef = 89797E8729983D8D00DCCE2E /* QueryService.swift */; };
		89797EAB29984EE900DCCE2E /* Station.swift in Sources */ = {isa = PBXBuildFile; fileRef = C09D66C02540CACA00FB3D39 /* Station.swift */; };
		89797EAC29984EF800DCCE2E /* Observation.swift in Sources */ = {isa = PBXBuildFile; fileRef = C09D66C22540CACA00FB3D39 /* Observation.swift */; };
		89797EAD29984F1B00DCCE2E /* CAV_OK_Widget.intentdefinition in Sources */ = {isa = PBXBuildFile; fileRef = 8958CBA029882022001F4553 /* CAV_OK_Widget.intentdefinition */; };
		89797EAE29984F2C00DCCE2E /* Taf.swift in Sources */ = {isa = PBXBuildFile; fileRef = C09D66C12540CACA00FB3D39 /* Taf.swift */; };
		89797EAF29984F3000DCCE2E /* Metar.swift in Sources */ = {isa = PBXBuildFile; fileRef = C09D66C42540CACA00FB3D39 /* Metar.swift */; };
		89797EB029984F4A00DCCE2E /* Tokenizer.swift in Sources */ = {isa = PBXBuildFile; fileRef = C09D66BF2540CACA00FB3D39 /* Tokenizer.swift */; };
		89797EB129984F5700DCCE2E /* String+Additions.swift in Sources */ = {isa = PBXBuildFile; fileRef = C09D66AE2540CACA00FB3D39 /* String+Additions.swift */; };
		89797EB8299E9D0200DCCE2E /* ObservationPresentationTest.swift in Sources */ = {isa = PBXBuildFile; fileRef = 89797EB7299E9D0200DCCE2E /* ObservationPresentationTest.swift */; };
		89797EC1299E9E4300DCCE2E /* CAVOK.plist in Resources */ = {isa = PBXBuildFile; fileRef = C09D675A2540DAB100FB3D39 /* CAVOK.plist */; };
		89797ED0299E9F9000DCCE2E /* TafTests.swift in Sources */ = {isa = PBXBuildFile; fileRef = 89797EC6299E9F3800DCCE2E /* TafTests.swift */; };
		89797ED1299E9F9600DCCE2E /* ObservationTestCase.swift in Sources */ = {isa = PBXBuildFile; fileRef = 89797EC4299E9F3800DCCE2E /* ObservationTestCase.swift */; };
		89797ED2299E9F9A00DCCE2E /* MetarTests.swift in Sources */ = {isa = PBXBuildFile; fileRef = 89797EC7299E9F3800DCCE2E /* MetarTests.swift */; };
		89797ED3299E9FA200DCCE2E /* WeatherServiceTests.swift in Sources */ = {isa = PBXBuildFile; fileRef = 89797EC5299E9F3800DCCE2E /* WeatherServiceTests.swift */; };
		B62B9AFE2650FC5100F3E74D /* LinksView.swift in Sources */ = {isa = PBXBuildFile; fileRef = B62B9AFD2650FC5100F3E74D /* LinksView.swift */; };
		B62B9B022653077300F3E74D /* LinkEditView.swift in Sources */ = {isa = PBXBuildFile; fileRef = B62B9B012653077300F3E74D /* LinkEditView.swift */; };
		B63676DB267AFFFE00A92257 /* MapWrapper.swift in Sources */ = {isa = PBXBuildFile; fileRef = B63676DA267AFFFE00A92257 /* MapWrapper.swift */; };
		B648ECC326660A2D009212F6 /* MapView.swift in Sources */ = {isa = PBXBuildFile; fileRef = B648ECC226660A2D009212F6 /* MapView.swift */; };
		B648ECC52666BD38009212F6 /* CavokApp.swift in Sources */ = {isa = PBXBuildFile; fileRef = B648ECC42666BD38009212F6 /* CavokApp.swift */; };
		B64D83C126150316003AE228 /* TimeslotState.swift in Sources */ = {isa = PBXBuildFile; fileRef = B64D83C026150316003AE228 /* TimeslotState.swift */; };
		B64D83C726150F9B003AE228 /* ConfigDrawerView.swift in Sources */ = {isa = PBXBuildFile; fileRef = B64D83C626150F9B003AE228 /* ConfigDrawerView.swift */; };
		B64D83CB261511A3003AE228 /* DrawerTitleView.swift in Sources */ = {isa = PBXBuildFile; fileRef = B64D83CA261511A3003AE228 /* DrawerTitleView.swift */; };
		B65329CD26A4BCD800B30A64 /* UIColor+Additions.swift in Sources */ = {isa = PBXBuildFile; fileRef = B65329CC26A4BCD800B30A64 /* UIColor+Additions.swift */; };
		B688A4652683C87500EE7373 /* MapApi.swift in Sources */ = {isa = PBXBuildFile; fileRef = B688A4642683C87500EE7373 /* MapApi.swift */; };
		B6972391274E6CE1000873A3 /* ConfigContainerView.swift in Sources */ = {isa = PBXBuildFile; fileRef = B6972390274E6CE1000873A3 /* ConfigContainerView.swift */; };
		B6972393274E7547000873A3 /* WeatherView.swift in Sources */ = {isa = PBXBuildFile; fileRef = B6972392274E7547000873A3 /* WeatherView.swift */; };
		B6A7424127569AEA00CBAA55 /* Collection+Additions.swift in Sources */ = {isa = PBXBuildFile; fileRef = B6A7424027569AEA00CBAA55 /* Collection+Additions.swift */; };
		B6A829572687CEF100FA5B11 /* LegendView.swift in Sources */ = {isa = PBXBuildFile; fileRef = B6A829562687CEF100FA5B11 /* LegendView.swift */; };
		B6C31A31260F16220060CA55 /* TimeslotDraverView.swift in Sources */ = {isa = PBXBuildFile; fileRef = B6C31A30260F16220060CA55 /* TimeslotDraverView.swift */; };
		B6C31A38260FD41F0060CA55 /* PullToRefreshView.swift in Sources */ = {isa = PBXBuildFile; fileRef = B6C31A37260FD41F0060CA55 /* PullToRefreshView.swift */; };
		B6D0494A26484C65000DF0A8 /* .swiftlint.yml in Resources */ = {isa = PBXBuildFile; fileRef = B6D0494726484C65000DF0A8 /* .swiftlint.yml */; };
		C0420D47256A5336004B3855 /* WeatherTileFetcher.swift in Sources */ = {isa = PBXBuildFile; fileRef = C0420D46256A5336004B3855 /* WeatherTileFetcher.swift */; };
		C076EC7D2572E54500470190 /* WhirlyGlobe.framework in Frameworks */ = {isa = PBXBuildFile; fileRef = C09D66722540BF3700FB3D39 /* WhirlyGlobe.framework */; };
		C076EC7E2572E54500470190 /* WhirlyGlobe.framework in Embed Frameworks */ = {isa = PBXBuildFile; fileRef = C09D66722540BF3700FB3D39 /* WhirlyGlobe.framework */; settings = {ATTRIBUTES = (CodeSignOnCopy, RemoveHeadersOnCopy, ); }; };
		C09D66362540BCC100FB3D39 /* Assets.xcassets in Resources */ = {isa = PBXBuildFile; fileRef = C09D66352540BCC100FB3D39 /* Assets.xcassets */; };
		C09D66392540BCC100FB3D39 /* Preview Assets.xcassets in Resources */ = {isa = PBXBuildFile; fileRef = C09D66382540BCC100FB3D39 /* Preview Assets.xcassets */; };
		C09D663C2540BCC100FB3D39 /* LaunchScreen.storyboard in Resources */ = {isa = PBXBuildFile; fileRef = C09D663A2540BCC100FB3D39 /* LaunchScreen.storyboard */; };
		C09D66472540BCC200FB3D39 /* CAVOKTests.swift in Sources */ = {isa = PBXBuildFile; fileRef = C09D66462540BCC200FB3D39 /* CAVOKTests.swift */; };
		C09D66522540BCC200FB3D39 /* CAVOKUITests.swift in Sources */ = {isa = PBXBuildFile; fileRef = C09D66512540BCC200FB3D39 /* CAVOKUITests.swift */; };
		C09D669A2540CAB800FB3D39 /* Messages.swift in Sources */ = {isa = PBXBuildFile; fileRef = C09D668E2540CAB800FB3D39 /* Messages.swift */; };
		C09D669B2540CAB800FB3D39 /* TileJSONLayer.swift in Sources */ = {isa = PBXBuildFile; fileRef = C09D66902540CAB800FB3D39 /* TileJSONLayer.swift */; };
		C09D669C2540CAB800FB3D39 /* LastSession.swift in Sources */ = {isa = PBXBuildFile; fileRef = C09D66922540CAB800FB3D39 /* LastSession.swift */; };
		C09D669D2540CAB800FB3D39 /* UserMarker.swift in Sources */ = {isa = PBXBuildFile; fileRef = C09D66932540CAB800FB3D39 /* UserMarker.swift */; };
		C09D669E2540CAB800FB3D39 /* LastLocation.swift in Sources */ = {isa = PBXBuildFile; fileRef = C09D66942540CAB800FB3D39 /* LastLocation.swift */; };
		C09D669F2540CAB800FB3D39 /* LocationManager.swift in Sources */ = {isa = PBXBuildFile; fileRef = C09D66952540CAB800FB3D39 /* LocationManager.swift */; };
		C09D66A22540CAB800FB3D39 /* Modules.swift in Sources */ = {isa = PBXBuildFile; fileRef = C09D66982540CAB800FB3D39 /* Modules.swift */; };
		C09D66DB2540CACA00FB3D39 /* WebView.swift in Sources */ = {isa = PBXBuildFile; fileRef = C09D66A82540CACA00FB3D39 /* WebView.swift */; };
		C09D66DD2540CACA00FB3D39 /* UIView+Additions.swift in Sources */ = {isa = PBXBuildFile; fileRef = C09D66AB2540CACA00FB3D39 /* UIView+Additions.swift */; };
		C09D66DE2540CACA00FB3D39 /* Date+Additions.swift in Sources */ = {isa = PBXBuildFile; fileRef = C09D66AC2540CACA00FB3D39 /* Date+Additions.swift */; };
		C09D66DF2540CACA00FB3D39 /* Maply+Additions.swift in Sources */ = {isa = PBXBuildFile; fileRef = C09D66AD2540CACA00FB3D39 /* Maply+Additions.swift */; };
		C09D66E02540CACA00FB3D39 /* String+Additions.swift in Sources */ = {isa = PBXBuildFile; fileRef = C09D66AE2540CACA00FB3D39 /* String+Additions.swift */; };
		C09D66E22540CACA00FB3D39 /* WeatherConfig.swift in Sources */ = {isa = PBXBuildFile; fileRef = C09D66B32540CACA00FB3D39 /* WeatherConfig.swift */; };
		C09D66E32540CACA00FB3D39 /* HeatMap.swift in Sources */ = {isa = PBXBuildFile; fileRef = C09D66B42540CACA00FB3D39 /* HeatMap.swift */; };
		C09D66E42540CACA00FB3D39 /* DebugTileFetcher.swift in Sources */ = {isa = PBXBuildFile; fileRef = C09D66B52540CACA00FB3D39 /* DebugTileFetcher.swift */; };
		C09D66E52540CACA00FB3D39 /* HeatMapCPU.swift in Sources */ = {isa = PBXBuildFile; fileRef = C09D66B62540CACA00FB3D39 /* HeatMapCPU.swift */; };
		C09D66E62540CACA00FB3D39 /* ColorRamp.swift in Sources */ = {isa = PBXBuildFile; fileRef = C09D66B72540CACA00FB3D39 /* ColorRamp.swift */; };
		C09D66E72540CACA00FB3D39 /* FrameChanger.swift in Sources */ = {isa = PBXBuildFile; fileRef = C09D66B82540CACA00FB3D39 /* FrameChanger.swift */; };
		C09D66E82540CACA00FB3D39 /* HeatMap.metal in Sources */ = {isa = PBXBuildFile; fileRef = C09D66B92540CACA00FB3D39 /* HeatMap.metal */; };
		C09D66E92540CACA00FB3D39 /* WeatherLayer.swift in Sources */ = {isa = PBXBuildFile; fileRef = C09D66BA2540CACA00FB3D39 /* WeatherLayer.swift */; };
		C09D66EA2540CACA00FB3D39 /* HeatMapGPU.swift in Sources */ = {isa = PBXBuildFile; fileRef = C09D66BB2540CACA00FB3D39 /* HeatMapGPU.swift */; };
		C09D66ED2540CACA00FB3D39 /* Tokenizer.swift in Sources */ = {isa = PBXBuildFile; fileRef = C09D66BF2540CACA00FB3D39 /* Tokenizer.swift */; };
		C09D66EE2540CACA00FB3D39 /* Station.swift in Sources */ = {isa = PBXBuildFile; fileRef = C09D66C02540CACA00FB3D39 /* Station.swift */; };
		C09D66EF2540CACA00FB3D39 /* Taf.swift in Sources */ = {isa = PBXBuildFile; fileRef = C09D66C12540CACA00FB3D39 /* Taf.swift */; };
		C09D66F02540CACA00FB3D39 /* Observation.swift in Sources */ = {isa = PBXBuildFile; fileRef = C09D66C22540CACA00FB3D39 /* Observation.swift */; };
		C09D66F12540CACA00FB3D39 /* Weather.swift in Sources */ = {isa = PBXBuildFile; fileRef = C09D66C32540CACA00FB3D39 /* Weather.swift */; };
		C09D66F22540CACA00FB3D39 /* Metar.swift in Sources */ = {isa = PBXBuildFile; fileRef = C09D66C42540CACA00FB3D39 /* Metar.swift */; };
		C09D66F32540CACA00FB3D39 /* RegionSelection.swift in Sources */ = {isa = PBXBuildFile; fileRef = C09D66C62540CACA00FB3D39 /* RegionSelection.swift */; };
		C09D66F42540CACA00FB3D39 /* StationMarker.swift in Sources */ = {isa = PBXBuildFile; fileRef = C09D66C72540CACA00FB3D39 /* StationMarker.swift */; };
		C09D66F52540CACA00FB3D39 /* Links.swift in Sources */ = {isa = PBXBuildFile; fileRef = C09D66C82540CACA00FB3D39 /* Links.swift */; };
		C09D66FA2540CACA00FB3D39 /* WeatherRegion.swift in Sources */ = {isa = PBXBuildFile; fileRef = C09D66CD2540CACA00FB3D39 /* WeatherRegion.swift */; };
		C09D66FD2540CACA00FB3D39 /* Timeslot.swift in Sources */ = {isa = PBXBuildFile; fileRef = C09D66D12540CACA00FB3D39 /* Timeslot.swift */; };
		C09D66FF2540CACA00FB3D39 /* AddsService.swift in Sources */ = {isa = PBXBuildFile; fileRef = C09D66D42540CACA00FB3D39 /* AddsService.swift */; };
		C09D67002540CACA00FB3D39 /* WeatherServer.swift in Sources */ = {isa = PBXBuildFile; fileRef = C09D66D52540CACA00FB3D39 /* WeatherServer.swift */; };
		C09D67012540CACA00FB3D39 /* AwsService.swift in Sources */ = {isa = PBXBuildFile; fileRef = C09D66D62540CACA00FB3D39 /* AwsService.swift */; };
		C09D67022540CACA00FB3D39 /* ObservationSelection.swift in Sources */ = {isa = PBXBuildFile; fileRef = C09D66D82540CACA00FB3D39 /* ObservationSelection.swift */; };
		C09D67042540CACA00FB3D39 /* ObservationMarker.swift in Sources */ = {isa = PBXBuildFile; fileRef = C09D66DA2540CACA00FB3D39 /* ObservationMarker.swift */; };
		C09D67292540CD2300FB3D39 /* SwiftyJSON in Frameworks */ = {isa = PBXBuildFile; productRef = C09D67282540CD2300FB3D39 /* SwiftyJSON */; };
		C09D67352540CDC000FB3D39 /* SWXMLHash in Frameworks */ = {isa = PBXBuildFile; productRef = C09D67342540CDC000FB3D39 /* SWXMLHash */; };
		C09D673B2540CE2900FB3D39 /* Gzip in Frameworks */ = {isa = PBXBuildFile; productRef = C09D673A2540CE2900FB3D39 /* Gzip */; };
		C09D67412540CE5700FB3D39 /* SwiftMessages in Frameworks */ = {isa = PBXBuildFile; productRef = C09D67402540CE5700FB3D39 /* SwiftMessages */; };
		C09D67462540D03100FB3D39 /* ObservationDrawerView.swift in Sources */ = {isa = PBXBuildFile; fileRef = C09D67452540D03100FB3D39 /* ObservationDrawerView.swift */; };
		C09D67552540D94800FB3D39 /* README.md in Resources */ = {isa = PBXBuildFile; fileRef = C09D67542540D94700FB3D39 /* README.md */; };
		C09D675B2540DAB100FB3D39 /* CAVOK.template.plist in Resources */ = {isa = PBXBuildFile; fileRef = C09D67592540DAB100FB3D39 /* CAVOK.template.plist */; };
		C09D675C2540DAB100FB3D39 /* CAVOK.plist in Resources */ = {isa = PBXBuildFile; fileRef = C09D675A2540DAB100FB3D39 /* CAVOK.plist */; };
		C0C8855A25A127D800B2F2EA /* colorramp.png in Resources */ = {isa = PBXBuildFile; fileRef = C0C8855725A127D800B2F2EA /* colorramp.png */; };
		C0C8855E25A1B09B00B2F2EA /* WeatherSimpleTileFetcher.swift in Sources */ = {isa = PBXBuildFile; fileRef = C0C8855D25A1B09B00B2F2EA /* WeatherSimpleTileFetcher.swift */; };
/* End PBXBuildFile section */

/* Begin PBXContainerItemProxy section */
		8958CBA629882023001F4553 /* PBXContainerItemProxy */ = {
			isa = PBXContainerItemProxy;
			containerPortal = C09D66242540BCBE00FB3D39 /* Project object */;
			proxyType = 1;
			remoteGlobalIDString = 8958CB9329882022001F4553;
			remoteInfo = "CAV-OK WidgetExtension";
		};
		89797EA029984CC200DCCE2E /* PBXContainerItemProxy */ = {
			isa = PBXContainerItemProxy;
			containerPortal = C09D66242540BCBE00FB3D39 /* Project object */;
			proxyType = 1;
			remoteGlobalIDString = 89797E9829984CC200DCCE2E;
			remoteInfo = "CAV-OK Intents";
		};
		C09D66432540BCC200FB3D39 /* PBXContainerItemProxy */ = {
			isa = PBXContainerItemProxy;
			containerPortal = C09D66242540BCBE00FB3D39 /* Project object */;
			proxyType = 1;
			remoteGlobalIDString = C09D662B2540BCBE00FB3D39;
			remoteInfo = CAVOK;
		};
		C09D664E2540BCC200FB3D39 /* PBXContainerItemProxy */ = {
			isa = PBXContainerItemProxy;
			containerPortal = C09D66242540BCBE00FB3D39 /* Project object */;
			proxyType = 1;
			remoteGlobalIDString = C09D662B2540BCBE00FB3D39;
			remoteInfo = CAVOK;
		};
		C09D66712540BF3700FB3D39 /* PBXContainerItemProxy */ = {
			isa = PBXContainerItemProxy;
			containerPortal = C09D666C2540BF3700FB3D39 /* WhirlyGlobeMaplyComponent.xcodeproj */;
			proxyType = 2;
			remoteGlobalIDString = 2BE536FF1D2499E500B60FAD;
			remoteInfo = WhirlyGlobeMaplyComponent;
		};
		C09D66732540BF3700FB3D39 /* PBXContainerItemProxy */ = {
			isa = PBXContainerItemProxy;
			containerPortal = C09D666C2540BF3700FB3D39 /* WhirlyGlobeMaplyComponent.xcodeproj */;
			proxyType = 2;
			remoteGlobalIDString = 2BE537091D2499E500B60FAD;
			remoteInfo = WhirlyGlobeMaplyComponentTests;
		};
/* End PBXContainerItemProxy section */

/* Begin PBXCopyFilesBuildPhase section */
		8958CBAC29882023001F4553 /* Embed Foundation Extensions */ = {
			isa = PBXCopyFilesBuildPhase;
			buildActionMask = 2147483647;
			dstPath = "";
			dstSubfolderSpec = 13;
			files = (
				89797EA229984CC200DCCE2E /* CAV-OK Intents.appex in Embed Foundation Extensions */,
				8958CBA829882023001F4553 /* CAV-OK WidgetExtension.appex in Embed Foundation Extensions */,
			);
			name = "Embed Foundation Extensions";
			runOnlyForDeploymentPostprocessing = 0;
		};
		C076EC7F2572E54500470190 /* Embed Frameworks */ = {
			isa = PBXCopyFilesBuildPhase;
			buildActionMask = 2147483647;
			dstPath = "";
			dstSubfolderSpec = 10;
			files = (
				C076EC7E2572E54500470190 /* WhirlyGlobe.framework in Embed Frameworks */,
			);
			name = "Embed Frameworks";
			runOnlyForDeploymentPostprocessing = 0;
		};
/* End PBXCopyFilesBuildPhase section */

/* Begin PBXFileReference section */
		89295ACB29B3B4F6001A7740 /* GeoQueries.swift */ = {isa = PBXFileReference; lastKnownFileType = sourcecode.swift; path = GeoQueries.swift; sourceTree = "<group>"; };
		89295ACE29B464F4001A7740 /* NavigationManager.swift */ = {isa = PBXFileReference; lastKnownFileType = sourcecode.swift; path = NavigationManager.swift; sourceTree = "<group>"; };
		89295AD529B47045001A7740 /* NearbyObservationsView.swift */ = {isa = PBXFileReference; lastKnownFileType = sourcecode.swift; path = NearbyObservationsView.swift; sourceTree = "<group>"; };
		89295AE129B7DCD6001A7740 /* ConditionView.swift */ = {isa = PBXFileReference; lastKnownFileType = sourcecode.swift; path = ConditionView.swift; sourceTree = "<group>"; };
		894524DA2991280B007CE96F /* AttributedTextView.swift */ = {isa = PBXFileReference; lastKnownFileType = sourcecode.swift; path = AttributedTextView.swift; sourceTree = "<group>"; };
		894524F129918A62007CE96F /* CLLocation+Additions.swift */ = {isa = PBXFileReference; lastKnownFileType = sourcecode.swift; path = "CLLocation+Additions.swift"; sourceTree = "<group>"; };
		894524FB2991AAE9007CE96F /* CAV-OK WidgetExtension.entitlements */ = {isa = PBXFileReference; lastKnownFileType = text.plist.entitlements; path = "CAV-OK WidgetExtension.entitlements"; sourceTree = "<group>"; };
		894524FE2991AC02007CE96F /* FileManager+Additions.swift */ = {isa = PBXFileReference; lastKnownFileType = sourcecode.swift; path = "FileManager+Additions.swift"; sourceTree = "<group>"; };
		894EA95F29842EB0005C986D /* AdaptiveStack.swift */ = {isa = PBXFileReference; lastKnownFileType = sourcecode.swift; path = AdaptiveStack.swift; sourceTree = "<group>"; };
		8958CB9429882022001F4553 /* CAV-OK WidgetExtension.appex */ = {isa = PBXFileReference; explicitFileType = "wrapper.app-extension"; includeInIndex = 0; path = "CAV-OK WidgetExtension.appex"; sourceTree = BUILT_PRODUCTS_DIR; };
		8958CB9529882022001F4553 /* WidgetKit.framework */ = {isa = PBXFileReference; lastKnownFileType = wrapper.framework; name = WidgetKit.framework; path = System/Library/Frameworks/WidgetKit.framework; sourceTree = SDKROOT; };
		8958CB9729882022001F4553 /* SwiftUI.framework */ = {isa = PBXFileReference; lastKnownFileType = wrapper.framework; name = SwiftUI.framework; path = System/Library/Frameworks/SwiftUI.framework; sourceTree = SDKROOT; };
		8958CB9A29882022001F4553 /* CAV_OK_WidgetBundle.swift */ = {isa = PBXFileReference; lastKnownFileType = sourcecode.swift; path = CAV_OK_WidgetBundle.swift; sourceTree = "<group>"; };
		8958CB9C29882022001F4553 /* CAV_OK_WidgetLiveActivity.swift */ = {isa = PBXFileReference; lastKnownFileType = sourcecode.swift; path = CAV_OK_WidgetLiveActivity.swift; sourceTree = "<group>"; };
		8958CB9E29882022001F4553 /* CAV_OK_Widget.swift */ = {isa = PBXFileReference; lastKnownFileType = sourcecode.swift; path = CAV_OK_Widget.swift; sourceTree = "<group>"; };
		8958CBA029882022001F4553 /* CAV_OK_Widget.intentdefinition */ = {isa = PBXFileReference; lastKnownFileType = file.intentdefinition; path = CAV_OK_Widget.intentdefinition; sourceTree = "<group>"; };
		8958CBA129882023001F4553 /* Assets.xcassets */ = {isa = PBXFileReference; lastKnownFileType = folder.assetcatalog; path = Assets.xcassets; sourceTree = "<group>"; };
		8958CBA329882023001F4553 /* Info.plist */ = {isa = PBXFileReference; lastKnownFileType = text.plist.xml; path = Info.plist; sourceTree = "<group>"; };
		895B987129774600005E5D7F /* BottomSheetView.swift */ = {isa = PBXFileReference; lastKnownFileType = sourcecode.swift; path = BottomSheetView.swift; sourceTree = "<group>"; };
		895B98742977F878005E5D7F /* BottomSheetConfig.swift */ = {isa = PBXFileReference; lastKnownFileType = sourcecode.swift; path = BottomSheetConfig.swift; sourceTree = "<group>"; };
		8974F53D29D018D000350973 /* FavoriteObservationsView.swift */ = {isa = PBXFileReference; lastKnownFileType = sourcecode.swift; path = FavoriteObservationsView.swift; sourceTree = "<group>"; };
		8974F54129D0303200350973 /* StationListItemView.swift */ = {isa = PBXFileReference; lastKnownFileType = sourcecode.swift; path = StationListItemView.swift; sourceTree = "<group>"; };
		8974F54529D37C9000350973 /* SidebarView.swift */ = {isa = PBXFileReference; lastKnownFileType = sourcecode.swift; path = SidebarView.swift; sourceTree = "<group>"; };
		89797E8529983D7800DCCE2E /* ObservationPresentation.swift */ = {isa = PBXFileReference; fileEncoding = 4; lastKnownFileType = sourcecode.swift; path = ObservationPresentation.swift; sourceTree = "<group>"; };
		89797E8729983D8D00DCCE2E /* QueryService.swift */ = {isa = PBXFileReference; fileEncoding = 4; lastKnownFileType = sourcecode.swift; path = QueryService.swift; sourceTree = "<group>"; };
		89797E9929984CC200DCCE2E /* CAV-OK Intents.appex */ = {isa = PBXFileReference; explicitFileType = "wrapper.app-extension"; includeInIndex = 0; path = "CAV-OK Intents.appex"; sourceTree = BUILT_PRODUCTS_DIR; };
		89797E9A29984CC200DCCE2E /* Intents.framework */ = {isa = PBXFileReference; lastKnownFileType = wrapper.framework; name = Intents.framework; path = System/Library/Frameworks/Intents.framework; sourceTree = SDKROOT; };
		89797E9D29984CC200DCCE2E /* IntentHandler.swift */ = {isa = PBXFileReference; lastKnownFileType = sourcecode.swift; path = IntentHandler.swift; sourceTree = "<group>"; };
		89797E9F29984CC200DCCE2E /* Info.plist */ = {isa = PBXFileReference; lastKnownFileType = text.plist.xml; path = Info.plist; sourceTree = "<group>"; };
		89797EA629984CE600DCCE2E /* CAV-OK Intents.entitlements */ = {isa = PBXFileReference; lastKnownFileType = text.plist.entitlements; path = "CAV-OK Intents.entitlements"; sourceTree = "<group>"; };
		89797EB7299E9D0200DCCE2E /* ObservationPresentationTest.swift */ = {isa = PBXFileReference; lastKnownFileType = sourcecode.swift; path = ObservationPresentationTest.swift; sourceTree = "<group>"; };
		89797EC4299E9F3800DCCE2E /* ObservationTestCase.swift */ = {isa = PBXFileReference; fileEncoding = 4; lastKnownFileType = sourcecode.swift; path = ObservationTestCase.swift; sourceTree = "<group>"; };
		89797EC5299E9F3800DCCE2E /* WeatherServiceTests.swift */ = {isa = PBXFileReference; fileEncoding = 4; lastKnownFileType = sourcecode.swift; path = WeatherServiceTests.swift; sourceTree = "<group>"; };
		89797EC6299E9F3800DCCE2E /* TafTests.swift */ = {isa = PBXFileReference; fileEncoding = 4; lastKnownFileType = sourcecode.swift; path = TafTests.swift; sourceTree = "<group>"; };
		89797EC7299E9F3800DCCE2E /* MetarTests.swift */ = {isa = PBXFileReference; fileEncoding = 4; lastKnownFileType = sourcecode.swift; path = MetarTests.swift; sourceTree = "<group>"; };
		B62B9AFD2650FC5100F3E74D /* LinksView.swift */ = {isa = PBXFileReference; lastKnownFileType = sourcecode.swift; path = LinksView.swift; sourceTree = "<group>"; };
		B62B9B012653077300F3E74D /* LinkEditView.swift */ = {isa = PBXFileReference; lastKnownFileType = sourcecode.swift; path = LinkEditView.swift; sourceTree = "<group>"; };
		B63676DA267AFFFE00A92257 /* MapWrapper.swift */ = {isa = PBXFileReference; lastKnownFileType = sourcecode.swift; path = MapWrapper.swift; sourceTree = "<group>"; };
		B648ECC226660A2D009212F6 /* MapView.swift */ = {isa = PBXFileReference; lastKnownFileType = sourcecode.swift; path = MapView.swift; sourceTree = "<group>"; };
		B648ECC42666BD38009212F6 /* CavokApp.swift */ = {isa = PBXFileReference; lastKnownFileType = sourcecode.swift; path = CavokApp.swift; sourceTree = "<group>"; };
		B64D83C026150316003AE228 /* TimeslotState.swift */ = {isa = PBXFileReference; lastKnownFileType = sourcecode.swift; path = TimeslotState.swift; sourceTree = "<group>"; };
		B64D83C626150F9B003AE228 /* ConfigDrawerView.swift */ = {isa = PBXFileReference; lastKnownFileType = sourcecode.swift; path = ConfigDrawerView.swift; sourceTree = "<group>"; };
		B64D83CA261511A3003AE228 /* DrawerTitleView.swift */ = {isa = PBXFileReference; lastKnownFileType = sourcecode.swift; path = DrawerTitleView.swift; sourceTree = "<group>"; };
		B65329CC26A4BCD800B30A64 /* UIColor+Additions.swift */ = {isa = PBXFileReference; lastKnownFileType = sourcecode.swift; path = "UIColor+Additions.swift"; sourceTree = "<group>"; };
		B688A4642683C87500EE7373 /* MapApi.swift */ = {isa = PBXFileReference; lastKnownFileType = sourcecode.swift; path = MapApi.swift; sourceTree = "<group>"; };
		B6972390274E6CE1000873A3 /* ConfigContainerView.swift */ = {isa = PBXFileReference; lastKnownFileType = sourcecode.swift; path = ConfigContainerView.swift; sourceTree = "<group>"; };
		B6972392274E7547000873A3 /* WeatherView.swift */ = {isa = PBXFileReference; lastKnownFileType = sourcecode.swift; path = WeatherView.swift; sourceTree = "<group>"; };
		B6A7424027569AEA00CBAA55 /* Collection+Additions.swift */ = {isa = PBXFileReference; lastKnownFileType = sourcecode.swift; path = "Collection+Additions.swift"; sourceTree = "<group>"; };
		B6A829562687CEF100FA5B11 /* LegendView.swift */ = {isa = PBXFileReference; lastKnownFileType = sourcecode.swift; path = LegendView.swift; sourceTree = "<group>"; };
		B6C31A30260F16220060CA55 /* TimeslotDraverView.swift */ = {isa = PBXFileReference; lastKnownFileType = sourcecode.swift; path = TimeslotDraverView.swift; sourceTree = "<group>"; };
		B6C31A37260FD41F0060CA55 /* PullToRefreshView.swift */ = {isa = PBXFileReference; lastKnownFileType = sourcecode.swift; path = PullToRefreshView.swift; sourceTree = "<group>"; };
		B6D0494726484C65000DF0A8 /* .swiftlint.yml */ = {isa = PBXFileReference; fileEncoding = 4; lastKnownFileType = text.yaml; path = .swiftlint.yml; sourceTree = "<group>"; };
		C0420D46256A5336004B3855 /* WeatherTileFetcher.swift */ = {isa = PBXFileReference; fileEncoding = 4; lastKnownFileType = sourcecode.swift; path = WeatherTileFetcher.swift; sourceTree = "<group>"; };
		C09D662C2540BCBE00FB3D39 /* CAV-OK.app */ = {isa = PBXFileReference; explicitFileType = wrapper.application; includeInIndex = 0; path = "CAV-OK.app"; sourceTree = BUILT_PRODUCTS_DIR; };
		C09D66352540BCC100FB3D39 /* Assets.xcassets */ = {isa = PBXFileReference; lastKnownFileType = folder.assetcatalog; path = Assets.xcassets; sourceTree = "<group>"; };
		C09D66382540BCC100FB3D39 /* Preview Assets.xcassets */ = {isa = PBXFileReference; lastKnownFileType = folder.assetcatalog; path = "Preview Assets.xcassets"; sourceTree = "<group>"; };
		C09D663B2540BCC100FB3D39 /* Base */ = {isa = PBXFileReference; lastKnownFileType = file.storyboard; name = Base; path = Base.lproj/LaunchScreen.storyboard; sourceTree = "<group>"; };
		C09D663D2540BCC100FB3D39 /* Info.plist */ = {isa = PBXFileReference; lastKnownFileType = text.plist.xml; path = Info.plist; sourceTree = "<group>"; };
		C09D66422540BCC200FB3D39 /* CAV-OKTests.xctest */ = {isa = PBXFileReference; explicitFileType = wrapper.cfbundle; includeInIndex = 0; path = "CAV-OKTests.xctest"; sourceTree = BUILT_PRODUCTS_DIR; };
		C09D66462540BCC200FB3D39 /* CAVOKTests.swift */ = {isa = PBXFileReference; lastKnownFileType = sourcecode.swift; path = CAVOKTests.swift; sourceTree = "<group>"; };
		C09D66482540BCC200FB3D39 /* Info.plist */ = {isa = PBXFileReference; lastKnownFileType = text.plist.xml; path = Info.plist; sourceTree = "<group>"; };
		C09D664D2540BCC200FB3D39 /* CAV-OKUITests.xctest */ = {isa = PBXFileReference; explicitFileType = wrapper.cfbundle; includeInIndex = 0; path = "CAV-OKUITests.xctest"; sourceTree = BUILT_PRODUCTS_DIR; };
		C09D66512540BCC200FB3D39 /* CAVOKUITests.swift */ = {isa = PBXFileReference; lastKnownFileType = sourcecode.swift; path = CAVOKUITests.swift; sourceTree = "<group>"; };
		C09D66532540BCC200FB3D39 /* Info.plist */ = {isa = PBXFileReference; lastKnownFileType = text.plist.xml; path = Info.plist; sourceTree = "<group>"; };
		C09D666C2540BF3700FB3D39 /* WhirlyGlobeMaplyComponent.xcodeproj */ = {isa = PBXFileReference; lastKnownFileType = "wrapper.pb-project"; name = WhirlyGlobeMaplyComponent.xcodeproj; path = "libs/WhirlyGlobe/ios/library/WhirlyGlobe-MaplyComponent/WhirlyGlobeMaplyComponent.xcodeproj"; sourceTree = "<group>"; };
		C09D668E2540CAB800FB3D39 /* Messages.swift */ = {isa = PBXFileReference; fileEncoding = 4; lastKnownFileType = sourcecode.swift; path = Messages.swift; sourceTree = "<group>"; };
		C09D66902540CAB800FB3D39 /* TileJSONLayer.swift */ = {isa = PBXFileReference; fileEncoding = 4; lastKnownFileType = sourcecode.swift; path = TileJSONLayer.swift; sourceTree = "<group>"; };
		C09D66922540CAB800FB3D39 /* LastSession.swift */ = {isa = PBXFileReference; fileEncoding = 4; lastKnownFileType = sourcecode.swift; path = LastSession.swift; sourceTree = "<group>"; };
		C09D66932540CAB800FB3D39 /* UserMarker.swift */ = {isa = PBXFileReference; fileEncoding = 4; lastKnownFileType = sourcecode.swift; path = UserMarker.swift; sourceTree = "<group>"; };
		C09D66942540CAB800FB3D39 /* LastLocation.swift */ = {isa = PBXFileReference; fileEncoding = 4; lastKnownFileType = sourcecode.swift; path = LastLocation.swift; sourceTree = "<group>"; };
		C09D66952540CAB800FB3D39 /* LocationManager.swift */ = {isa = PBXFileReference; fileEncoding = 4; lastKnownFileType = sourcecode.swift; path = LocationManager.swift; sourceTree = "<group>"; };
		C09D66982540CAB800FB3D39 /* Modules.swift */ = {isa = PBXFileReference; fileEncoding = 4; lastKnownFileType = sourcecode.swift; path = Modules.swift; sourceTree = "<group>"; };
		C09D66A82540CACA00FB3D39 /* WebView.swift */ = {isa = PBXFileReference; fileEncoding = 4; lastKnownFileType = sourcecode.swift; path = WebView.swift; sourceTree = "<group>"; };
		C09D66AB2540CACA00FB3D39 /* UIView+Additions.swift */ = {isa = PBXFileReference; fileEncoding = 4; lastKnownFileType = sourcecode.swift; path = "UIView+Additions.swift"; sourceTree = "<group>"; };
		C09D66AC2540CACA00FB3D39 /* Date+Additions.swift */ = {isa = PBXFileReference; fileEncoding = 4; lastKnownFileType = sourcecode.swift; path = "Date+Additions.swift"; sourceTree = "<group>"; };
		C09D66AD2540CACA00FB3D39 /* Maply+Additions.swift */ = {isa = PBXFileReference; fileEncoding = 4; lastKnownFileType = sourcecode.swift; path = "Maply+Additions.swift"; sourceTree = "<group>"; };
		C09D66AE2540CACA00FB3D39 /* String+Additions.swift */ = {isa = PBXFileReference; fileEncoding = 4; lastKnownFileType = sourcecode.swift; path = "String+Additions.swift"; sourceTree = "<group>"; };
		C09D66B32540CACA00FB3D39 /* WeatherConfig.swift */ = {isa = PBXFileReference; fileEncoding = 4; lastKnownFileType = sourcecode.swift; path = WeatherConfig.swift; sourceTree = "<group>"; };
		C09D66B42540CACA00FB3D39 /* HeatMap.swift */ = {isa = PBXFileReference; fileEncoding = 4; lastKnownFileType = sourcecode.swift; path = HeatMap.swift; sourceTree = "<group>"; };
		C09D66B52540CACA00FB3D39 /* DebugTileFetcher.swift */ = {isa = PBXFileReference; fileEncoding = 4; lastKnownFileType = sourcecode.swift; path = DebugTileFetcher.swift; sourceTree = "<group>"; };
		C09D66B62540CACA00FB3D39 /* HeatMapCPU.swift */ = {isa = PBXFileReference; fileEncoding = 4; lastKnownFileType = sourcecode.swift; path = HeatMapCPU.swift; sourceTree = "<group>"; };
		C09D66B72540CACA00FB3D39 /* ColorRamp.swift */ = {isa = PBXFileReference; fileEncoding = 4; lastKnownFileType = sourcecode.swift; path = ColorRamp.swift; sourceTree = "<group>"; };
		C09D66B82540CACA00FB3D39 /* FrameChanger.swift */ = {isa = PBXFileReference; fileEncoding = 4; lastKnownFileType = sourcecode.swift; path = FrameChanger.swift; sourceTree = "<group>"; };
		C09D66B92540CACA00FB3D39 /* HeatMap.metal */ = {isa = PBXFileReference; fileEncoding = 4; lastKnownFileType = sourcecode.metal; path = HeatMap.metal; sourceTree = "<group>"; };
		C09D66BA2540CACA00FB3D39 /* WeatherLayer.swift */ = {isa = PBXFileReference; fileEncoding = 4; lastKnownFileType = sourcecode.swift; path = WeatherLayer.swift; sourceTree = "<group>"; };
		C09D66BB2540CACA00FB3D39 /* HeatMapGPU.swift */ = {isa = PBXFileReference; fileEncoding = 4; lastKnownFileType = sourcecode.swift; path = HeatMapGPU.swift; sourceTree = "<group>"; };
		C09D66BF2540CACA00FB3D39 /* Tokenizer.swift */ = {isa = PBXFileReference; fileEncoding = 4; lastKnownFileType = sourcecode.swift; path = Tokenizer.swift; sourceTree = "<group>"; };
		C09D66C02540CACA00FB3D39 /* Station.swift */ = {isa = PBXFileReference; fileEncoding = 4; lastKnownFileType = sourcecode.swift; path = Station.swift; sourceTree = "<group>"; };
		C09D66C12540CACA00FB3D39 /* Taf.swift */ = {isa = PBXFileReference; fileEncoding = 4; lastKnownFileType = sourcecode.swift; path = Taf.swift; sourceTree = "<group>"; };
		C09D66C22540CACA00FB3D39 /* Observation.swift */ = {isa = PBXFileReference; fileEncoding = 4; lastKnownFileType = sourcecode.swift; path = Observation.swift; sourceTree = "<group>"; };
		C09D66C32540CACA00FB3D39 /* Weather.swift */ = {isa = PBXFileReference; fileEncoding = 4; lastKnownFileType = sourcecode.swift; path = Weather.swift; sourceTree = "<group>"; };
		C09D66C42540CACA00FB3D39 /* Metar.swift */ = {isa = PBXFileReference; fileEncoding = 4; lastKnownFileType = sourcecode.swift; path = Metar.swift; sourceTree = "<group>"; };
		C09D66C62540CACA00FB3D39 /* RegionSelection.swift */ = {isa = PBXFileReference; fileEncoding = 4; lastKnownFileType = sourcecode.swift; path = RegionSelection.swift; sourceTree = "<group>"; };
		C09D66C72540CACA00FB3D39 /* StationMarker.swift */ = {isa = PBXFileReference; fileEncoding = 4; lastKnownFileType = sourcecode.swift; path = StationMarker.swift; sourceTree = "<group>"; };
		C09D66C82540CACA00FB3D39 /* Links.swift */ = {isa = PBXFileReference; fileEncoding = 4; lastKnownFileType = sourcecode.swift; path = Links.swift; sourceTree = "<group>"; };
		C09D66CD2540CACA00FB3D39 /* WeatherRegion.swift */ = {isa = PBXFileReference; fileEncoding = 4; lastKnownFileType = sourcecode.swift; path = WeatherRegion.swift; sourceTree = "<group>"; };
		C09D66D12540CACA00FB3D39 /* Timeslot.swift */ = {isa = PBXFileReference; fileEncoding = 4; lastKnownFileType = sourcecode.swift; path = Timeslot.swift; sourceTree = "<group>"; };
		C09D66D42540CACA00FB3D39 /* AddsService.swift */ = {isa = PBXFileReference; fileEncoding = 4; lastKnownFileType = sourcecode.swift; path = AddsService.swift; sourceTree = "<group>"; };
		C09D66D52540CACA00FB3D39 /* WeatherServer.swift */ = {isa = PBXFileReference; fileEncoding = 4; lastKnownFileType = sourcecode.swift; path = WeatherServer.swift; sourceTree = "<group>"; };
		C09D66D62540CACA00FB3D39 /* AwsService.swift */ = {isa = PBXFileReference; fileEncoding = 4; lastKnownFileType = sourcecode.swift; path = AwsService.swift; sourceTree = "<group>"; };
		C09D66D82540CACA00FB3D39 /* ObservationSelection.swift */ = {isa = PBXFileReference; fileEncoding = 4; lastKnownFileType = sourcecode.swift; path = ObservationSelection.swift; sourceTree = "<group>"; };
		C09D66DA2540CACA00FB3D39 /* ObservationMarker.swift */ = {isa = PBXFileReference; fileEncoding = 4; lastKnownFileType = sourcecode.swift; path = ObservationMarker.swift; sourceTree = "<group>"; };
		C09D67452540D03100FB3D39 /* ObservationDrawerView.swift */ = {isa = PBXFileReference; fileEncoding = 4; lastKnownFileType = sourcecode.swift; path = ObservationDrawerView.swift; sourceTree = "<group>"; };
		C09D67532540D94700FB3D39 /* CAV-OK.entitlements */ = {isa = PBXFileReference; fileEncoding = 4; lastKnownFileType = text.plist.entitlements; path = "CAV-OK.entitlements"; sourceTree = "<group>"; };
		C09D67542540D94700FB3D39 /* README.md */ = {isa = PBXFileReference; fileEncoding = 4; lastKnownFileType = net.daringfireball.markdown; path = README.md; sourceTree = "<group>"; };
		C09D67592540DAB100FB3D39 /* CAVOK.template.plist */ = {isa = PBXFileReference; fileEncoding = 4; lastKnownFileType = text.plist.xml; name = CAVOK.template.plist; path = CAVOK/CAVOK.template.plist; sourceTree = "<group>"; };
		C09D675A2540DAB100FB3D39 /* CAVOK.plist */ = {isa = PBXFileReference; fileEncoding = 4; lastKnownFileType = text.plist.xml; name = CAVOK.plist; path = CAVOK/CAVOK.plist; sourceTree = "<group>"; };
		C0C8855725A127D800B2F2EA /* colorramp.png */ = {isa = PBXFileReference; lastKnownFileType = image.png; path = colorramp.png; sourceTree = "<group>"; };
		C0C8855D25A1B09B00B2F2EA /* WeatherSimpleTileFetcher.swift */ = {isa = PBXFileReference; fileEncoding = 4; lastKnownFileType = sourcecode.swift; path = WeatherSimpleTileFetcher.swift; sourceTree = "<group>"; };
/* End PBXFileReference section */

/* Begin PBXFrameworksBuildPhase section */
		8958CB9129882022001F4553 /* Frameworks */ = {
			isa = PBXFrameworksBuildPhase;
			buildActionMask = 2147483647;
			files = (
				894525562992D9DF007CE96F /* RealmSwift in Frameworks */,
				894524FA299198B6007CE96F /* SwiftyJSON in Frameworks */,
				8958CB9829882022001F4553 /* SwiftUI.framework in Frameworks */,
				894524F8299198B1007CE96F /* SWXMLHash in Frameworks */,
				894524F6299198AB007CE96F /* Gzip in Frameworks */,
				8958CB9629882022001F4553 /* WidgetKit.framework in Frameworks */,
			);
			runOnlyForDeploymentPostprocessing = 0;
		};
		89797E9629984CC200DCCE2E /* Frameworks */ = {
			isa = PBXFrameworksBuildPhase;
			buildActionMask = 2147483647;
			files = (
				89797EA929984E4100DCCE2E /* RealmSwift in Frameworks */,
				89797E9B29984CC200DCCE2E /* Intents.framework in Frameworks */,
			);
			runOnlyForDeploymentPostprocessing = 0;
		};
		C09D66292540BCBE00FB3D39 /* Frameworks */ = {
			isa = PBXFrameworksBuildPhase;
			buildActionMask = 2147483647;
			files = (
				89452504299290E1007CE96F /* RealmSwift in Frameworks */,
				C09D67412540CE5700FB3D39 /* SwiftMessages in Frameworks */,
				C09D67352540CDC000FB3D39 /* SWXMLHash in Frameworks */,
				C09D67292540CD2300FB3D39 /* SwiftyJSON in Frameworks */,
				C09D673B2540CE2900FB3D39 /* Gzip in Frameworks */,
				C076EC7D2572E54500470190 /* WhirlyGlobe.framework in Frameworks */,
			);
			runOnlyForDeploymentPostprocessing = 0;
		};
		C09D663F2540BCC200FB3D39 /* Frameworks */ = {
			isa = PBXFrameworksBuildPhase;
			buildActionMask = 2147483647;
			files = (
			);
			runOnlyForDeploymentPostprocessing = 0;
		};
		C09D664A2540BCC200FB3D39 /* Frameworks */ = {
			isa = PBXFrameworksBuildPhase;
			buildActionMask = 2147483647;
			files = (
			);
			runOnlyForDeploymentPostprocessing = 0;
		};
/* End PBXFrameworksBuildPhase section */

/* Begin PBXGroup section */
		89295AD129B46B33001A7740 /* Sidebar */ = {
			isa = PBXGroup;
			children = (
				89295AD529B47045001A7740 /* NearbyObservationsView.swift */,
				8974F53D29D018D000350973 /* FavoriteObservationsView.swift */,
				8974F54129D0303200350973 /* StationListItemView.swift */,
				8974F54529D37C9000350973 /* SidebarView.swift */,
			);
			path = Sidebar;
			sourceTree = "<group>";
		};
		8958CB9929882022001F4553 /* CAV-OK Widget */ = {
			isa = PBXGroup;
			children = (
				8958CB9A29882022001F4553 /* CAV_OK_WidgetBundle.swift */,
				8958CB9C29882022001F4553 /* CAV_OK_WidgetLiveActivity.swift */,
				8958CB9E29882022001F4553 /* CAV_OK_Widget.swift */,
				8958CBA029882022001F4553 /* CAV_OK_Widget.intentdefinition */,
				8958CBA129882023001F4553 /* Assets.xcassets */,
				8958CBA329882023001F4553 /* Info.plist */,
			);
			path = "CAV-OK Widget";
			sourceTree = "<group>";
		};
		895B98732977F862005E5D7F /* BottomSheet */ = {
			isa = PBXGroup;
			children = (
				895B987129774600005E5D7F /* BottomSheetView.swift */,
				895B98742977F878005E5D7F /* BottomSheetConfig.swift */,
			);
			path = BottomSheet;
			sourceTree = "<group>";
		};
		89797E9C29984CC200DCCE2E /* CAV-OK Intents */ = {
			isa = PBXGroup;
			children = (
				89797EA629984CE600DCCE2E /* CAV-OK Intents.entitlements */,
				89797E9D29984CC200DCCE2E /* IntentHandler.swift */,
				89797E9F29984CC200DCCE2E /* Info.plist */,
			);
			path = "CAV-OK Intents";
			sourceTree = "<group>";
		};
		89797EB5299E9CD900DCCE2E /* Weather */ = {
			isa = PBXGroup;
			children = (
				89797EB6299E9CE400DCCE2E /* Observations */,
			);
			path = Weather;
			sourceTree = "<group>";
		};
		89797EB6299E9CE400DCCE2E /* Observations */ = {
			isa = PBXGroup;
			children = (
				89797EB7299E9D0200DCCE2E /* ObservationPresentationTest.swift */,
			);
			path = Observations;
			sourceTree = "<group>";
		};
		C09D66232540BCBE00FB3D39 = {
			isa = PBXGroup;
			children = (
				B6D0494726484C65000DF0A8 /* .swiftlint.yml */,
				C09D675A2540DAB100FB3D39 /* CAVOK.plist */,
				C09D67592540DAB100FB3D39 /* CAVOK.template.plist */,
				C09D67532540D94700FB3D39 /* CAV-OK.entitlements */,
				894524FB2991AAE9007CE96F /* CAV-OK WidgetExtension.entitlements */,
				C09D67542540D94700FB3D39 /* README.md */,
				C09D662E2540BCBE00FB3D39 /* CAVOK */,
				C09D66452540BCC200FB3D39 /* CAVOKTests */,
				C09D66502540BCC200FB3D39 /* CAVOKUITests */,
				8958CB9929882022001F4553 /* CAV-OK Widget */,
				89797E9C29984CC200DCCE2E /* CAV-OK Intents */,
				C09D662D2540BCBE00FB3D39 /* Products */,
				C09D666B2540BF3600FB3D39 /* Frameworks */,
			);
			sourceTree = "<group>";
		};
		C09D662D2540BCBE00FB3D39 /* Products */ = {
			isa = PBXGroup;
			children = (
				C09D662C2540BCBE00FB3D39 /* CAV-OK.app */,
				C09D66422540BCC200FB3D39 /* CAV-OKTests.xctest */,
				C09D664D2540BCC200FB3D39 /* CAV-OKUITests.xctest */,
				8958CB9429882022001F4553 /* CAV-OK WidgetExtension.appex */,
				89797E9929984CC200DCCE2E /* CAV-OK Intents.appex */,
			);
			name = Products;
			sourceTree = "<group>";
		};
		C09D662E2540BCBE00FB3D39 /* CAVOK */ = {
			isa = PBXGroup;
			children = (
				895B98732977F862005E5D7F /* BottomSheet */,
				C0C8855725A127D800B2F2EA /* colorramp.png */,
				C09D66A92540CACA00FB3D39 /* Extensions */,
				C09D668D2540CAB800FB3D39 /* Map */,
				C09D66AF2540CACA00FB3D39 /* Weather */,
				C09D66A72540CACA00FB3D39 /* Web */,
				B648ECC42666BD38009212F6 /* CavokApp.swift */,
				C09D66352540BCC100FB3D39 /* Assets.xcassets */,
				C09D663A2540BCC100FB3D39 /* LaunchScreen.storyboard */,
				C09D663D2540BCC100FB3D39 /* Info.plist */,
				C09D66372540BCC100FB3D39 /* Preview Content */,
				894EA95F29842EB0005C986D /* AdaptiveStack.swift */,
			);
			path = CAVOK;
			sourceTree = "<group>";
		};
		C09D66372540BCC100FB3D39 /* Preview Content */ = {
			isa = PBXGroup;
			children = (
				C09D66382540BCC100FB3D39 /* Preview Assets.xcassets */,
			);
			path = "Preview Content";
			sourceTree = "<group>";
		};
		C09D66452540BCC200FB3D39 /* CAVOKTests */ = {
			isa = PBXGroup;
			children = (
				89797EC7299E9F3800DCCE2E /* MetarTests.swift */,
				89797EC4299E9F3800DCCE2E /* ObservationTestCase.swift */,
				89797EC6299E9F3800DCCE2E /* TafTests.swift */,
				89797EC5299E9F3800DCCE2E /* WeatherServiceTests.swift */,
				89797EB5299E9CD900DCCE2E /* Weather */,
				C09D66462540BCC200FB3D39 /* CAVOKTests.swift */,
				C09D66482540BCC200FB3D39 /* Info.plist */,
			);
			path = CAVOKTests;
			sourceTree = "<group>";
		};
		C09D66502540BCC200FB3D39 /* CAVOKUITests */ = {
			isa = PBXGroup;
			children = (
				C09D66512540BCC200FB3D39 /* CAVOKUITests.swift */,
				C09D66532540BCC200FB3D39 /* Info.plist */,
			);
			path = CAVOKUITests;
			sourceTree = "<group>";
		};
		C09D666B2540BF3600FB3D39 /* Frameworks */ = {
			isa = PBXGroup;
			children = (
				C09D666C2540BF3700FB3D39 /* WhirlyGlobeMaplyComponent.xcodeproj */,
				8958CB9529882022001F4553 /* WidgetKit.framework */,
				8958CB9729882022001F4553 /* SwiftUI.framework */,
				89797E9A29984CC200DCCE2E /* Intents.framework */,
			);
			name = Frameworks;
			sourceTree = "<group>";
		};
		C09D666D2540BF3700FB3D39 /* Products */ = {
			isa = PBXGroup;
			children = (
				C09D66722540BF3700FB3D39 /* WhirlyGlobe.framework */,
				C09D66742540BF3700FB3D39 /* WhirlyGlobeMaplyComponentTests.xctest */,
			);
			name = Products;
			sourceTree = "<group>";
		};
		C09D668D2540CAB800FB3D39 /* Map */ = {
			isa = PBXGroup;
			children = (
				C09D668F2540CAB800FB3D39 /* Layers */,
				C09D66912540CAB800FB3D39 /* Location */,
				C09D668E2540CAB800FB3D39 /* Messages.swift */,
				B648ECC226660A2D009212F6 /* MapView.swift */,
				C09D66982540CAB800FB3D39 /* Modules.swift */,
				B63676DA267AFFFE00A92257 /* MapWrapper.swift */,
				B688A4642683C87500EE7373 /* MapApi.swift */,
			);
			path = Map;
			sourceTree = "<group>";
		};
		C09D668F2540CAB800FB3D39 /* Layers */ = {
			isa = PBXGroup;
			children = (
				C09D66902540CAB800FB3D39 /* TileJSONLayer.swift */,
			);
			path = Layers;
			sourceTree = "<group>";
		};
		C09D66912540CAB800FB3D39 /* Location */ = {
			isa = PBXGroup;
			children = (
				C09D66922540CAB800FB3D39 /* LastSession.swift */,
				C09D66932540CAB800FB3D39 /* UserMarker.swift */,
				C09D66942540CAB800FB3D39 /* LastLocation.swift */,
				C09D66952540CAB800FB3D39 /* LocationManager.swift */,
			);
			path = Location;
			sourceTree = "<group>";
		};
		C09D66A72540CACA00FB3D39 /* Web */ = {
			isa = PBXGroup;
			children = (
				C09D66A82540CACA00FB3D39 /* WebView.swift */,
			);
			path = Web;
			sourceTree = "<group>";
		};
		C09D66A92540CACA00FB3D39 /* Extensions */ = {
			isa = PBXGroup;
			children = (
				C09D66AB2540CACA00FB3D39 /* UIView+Additions.swift */,
				C09D66AC2540CACA00FB3D39 /* Date+Additions.swift */,
				C09D66AD2540CACA00FB3D39 /* Maply+Additions.swift */,
				C09D66AE2540CACA00FB3D39 /* String+Additions.swift */,
				B65329CC26A4BCD800B30A64 /* UIColor+Additions.swift */,
				B6A7424027569AEA00CBAA55 /* Collection+Additions.swift */,
				894524F129918A62007CE96F /* CLLocation+Additions.swift */,
				894524FE2991AC02007CE96F /* FileManager+Additions.swift */,
			);
			path = Extensions;
			sourceTree = "<group>";
		};
		C09D66AF2540CACA00FB3D39 /* Weather */ = {
			isa = PBXGroup;
			children = (
				C09D66B22540CACA00FB3D39 /* Layers */,
				C09D66BD2540CACA00FB3D39 /* Models */,
				C09D66D72540CACA00FB3D39 /* Observation */,
				C09D66C52540CACA00FB3D39 /* Region */,
				C09D66D32540CACA00FB3D39 /* Services */,
				89295AD129B46B33001A7740 /* Sidebar */,
				C09D66CE2540CACA00FB3D39 /* Timeslot */,
				B64D83CA261511A3003AE228 /* DrawerTitleView.swift */,
				B6A829562687CEF100FA5B11 /* LegendView.swift */,
				89295ACE29B464F4001A7740 /* NavigationManager.swift */,
				B6972392274E7547000873A3 /* WeatherView.swift */,
			);
			path = Weather;
			sourceTree = "<group>";
		};
		C09D66B22540CACA00FB3D39 /* Layers */ = {
			isa = PBXGroup;
			children = (
				C0C8855D25A1B09B00B2F2EA /* WeatherSimpleTileFetcher.swift */,
				C0420D46256A5336004B3855 /* WeatherTileFetcher.swift */,
				C09D66B32540CACA00FB3D39 /* WeatherConfig.swift */,
				C09D66B42540CACA00FB3D39 /* HeatMap.swift */,
				C09D66B52540CACA00FB3D39 /* DebugTileFetcher.swift */,
				C09D66B62540CACA00FB3D39 /* HeatMapCPU.swift */,
				C09D66B72540CACA00FB3D39 /* ColorRamp.swift */,
				C09D66B82540CACA00FB3D39 /* FrameChanger.swift */,
				C09D66B92540CACA00FB3D39 /* HeatMap.metal */,
				C09D66BA2540CACA00FB3D39 /* WeatherLayer.swift */,
				C09D66BB2540CACA00FB3D39 /* HeatMapGPU.swift */,
			);
			path = Layers;
			sourceTree = "<group>";
		};
		C09D66BD2540CACA00FB3D39 /* Models */ = {
			isa = PBXGroup;
			children = (
				C09D66BF2540CACA00FB3D39 /* Tokenizer.swift */,
				C09D66C02540CACA00FB3D39 /* Station.swift */,
				C09D66C12540CACA00FB3D39 /* Taf.swift */,
				C09D66C22540CACA00FB3D39 /* Observation.swift */,
				C09D66C32540CACA00FB3D39 /* Weather.swift */,
				C09D66C42540CACA00FB3D39 /* Metar.swift */,
			);
			path = Models;
			sourceTree = "<group>";
		};
		C09D66C52540CACA00FB3D39 /* Region */ = {
			isa = PBXGroup;
			children = (
				C09D66C62540CACA00FB3D39 /* RegionSelection.swift */,
				C09D66C72540CACA00FB3D39 /* StationMarker.swift */,
				C09D66C82540CACA00FB3D39 /* Links.swift */,
				C09D66CD2540CACA00FB3D39 /* WeatherRegion.swift */,
				B64D83C626150F9B003AE228 /* ConfigDrawerView.swift */,
				B62B9AFD2650FC5100F3E74D /* LinksView.swift */,
				B62B9B012653077300F3E74D /* LinkEditView.swift */,
				B6972390274E6CE1000873A3 /* ConfigContainerView.swift */,
			);
			path = Region;
			sourceTree = "<group>";
		};
		C09D66CE2540CACA00FB3D39 /* Timeslot */ = {
			isa = PBXGroup;
			children = (
				B6C31A37260FD41F0060CA55 /* PullToRefreshView.swift */,
				C09D66D12540CACA00FB3D39 /* Timeslot.swift */,
				B6C31A30260F16220060CA55 /* TimeslotDraverView.swift */,
				B64D83C026150316003AE228 /* TimeslotState.swift */,
			);
			path = Timeslot;
			sourceTree = "<group>";
		};
		C09D66D32540CACA00FB3D39 /* Services */ = {
			isa = PBXGroup;
			children = (
				89797E8729983D8D00DCCE2E /* QueryService.swift */,
				C09D66D42540CACA00FB3D39 /* AddsService.swift */,
				C09D66D62540CACA00FB3D39 /* AwsService.swift */,
				C09D66D52540CACA00FB3D39 /* WeatherServer.swift */,
				89295ACB29B3B4F6001A7740 /* GeoQueries.swift */,
			);
			path = Services;
			sourceTree = "<group>";
		};
		C09D66D72540CACA00FB3D39 /* Observation */ = {
			isa = PBXGroup;
			children = (
				89797E8529983D7800DCCE2E /* ObservationPresentation.swift */,
				C09D67452540D03100FB3D39 /* ObservationDrawerView.swift */,
				C09D66D82540CACA00FB3D39 /* ObservationSelection.swift */,
				C09D66DA2540CACA00FB3D39 /* ObservationMarker.swift */,
				894524DA2991280B007CE96F /* AttributedTextView.swift */,
				89295AE129B7DCD6001A7740 /* ConditionView.swift */,
			);
			path = Observation;
			sourceTree = "<group>";
		};
/* End PBXGroup section */

/* Begin PBXNativeTarget section */
		8958CB9329882022001F4553 /* CAV-OK WidgetExtension */ = {
			isa = PBXNativeTarget;
			buildConfigurationList = 8958CBA929882023001F4553 /* Build configuration list for PBXNativeTarget "CAV-OK WidgetExtension" */;
			buildPhases = (
				8958CB9029882022001F4553 /* Sources */,
				8958CB9129882022001F4553 /* Frameworks */,
				8958CB9229882022001F4553 /* Resources */,
			);
			buildRules = (
			);
			dependencies = (
			);
			name = "CAV-OK WidgetExtension";
			packageProductDependencies = (
				894524F5299198AB007CE96F /* Gzip */,
				894524F7299198B1007CE96F /* SWXMLHash */,
				894524F9299198B6007CE96F /* SwiftyJSON */,
				894525532992984B007CE96F /* RealmSwift */,
			);
			productName = "CAV-OK WidgetExtension";
			productReference = 8958CB9429882022001F4553 /* CAV-OK WidgetExtension.appex */;
			productType = "com.apple.product-type.app-extension";
		};
		89797E9829984CC200DCCE2E /* CAV-OK Intents */ = {
			isa = PBXNativeTarget;
			buildConfigurationList = 89797EA329984CC200DCCE2E /* Build configuration list for PBXNativeTarget "CAV-OK Intents" */;
			buildPhases = (
				89797E9529984CC200DCCE2E /* Sources */,
				89797E9629984CC200DCCE2E /* Frameworks */,
				89797E9729984CC200DCCE2E /* Resources */,
			);
			buildRules = (
			);
			dependencies = (
			);
			name = "CAV-OK Intents";
			packageProductDependencies = (
				89797EA829984E4100DCCE2E /* RealmSwift */,
			);
			productName = "CAV-OK Intents";
			productReference = 89797E9929984CC200DCCE2E /* CAV-OK Intents.appex */;
			productType = "com.apple.product-type.app-extension";
		};
		C09D662B2540BCBE00FB3D39 /* CAV-OK */ = {
			isa = PBXNativeTarget;
			buildConfigurationList = C09D66562540BCC200FB3D39 /* Build configuration list for PBXNativeTarget "CAV-OK" */;
			buildPhases = (
				C09D66282540BCBE00FB3D39 /* Sources */,
				C09D66292540BCBE00FB3D39 /* Frameworks */,
				C09D662A2540BCBE00FB3D39 /* Resources */,
				C076EC7F2572E54500470190 /* Embed Frameworks */,
				B6D0494226482FC0000DF0A8 /* ShellScript */,
				8958CBAC29882023001F4553 /* Embed Foundation Extensions */,
			);
			buildRules = (
			);
			dependencies = (
				8958CBA729882023001F4553 /* PBXTargetDependency */,
				89797EA129984CC200DCCE2E /* PBXTargetDependency */,
			);
			name = "CAV-OK";
			packageProductDependencies = (
				C09D67282540CD2300FB3D39 /* SwiftyJSON */,
				C09D67342540CDC000FB3D39 /* SWXMLHash */,
				C09D673A2540CE2900FB3D39 /* Gzip */,
				C09D67402540CE5700FB3D39 /* SwiftMessages */,
				89452503299290E1007CE96F /* RealmSwift */,
			);
			productName = CAVOK;
			productReference = C09D662C2540BCBE00FB3D39 /* CAV-OK.app */;
			productType = "com.apple.product-type.application";
		};
		C09D66412540BCC200FB3D39 /* CAV-OKTests */ = {
			isa = PBXNativeTarget;
			buildConfigurationList = C09D66592540BCC200FB3D39 /* Build configuration list for PBXNativeTarget "CAV-OKTests" */;
			buildPhases = (
				C09D663E2540BCC200FB3D39 /* Sources */,
				C09D663F2540BCC200FB3D39 /* Frameworks */,
				C09D66402540BCC200FB3D39 /* Resources */,
			);
			buildRules = (
			);
			dependencies = (
				C09D66442540BCC200FB3D39 /* PBXTargetDependency */,
			);
			name = "CAV-OKTests";
			productName = CAVOKTests;
			productReference = C09D66422540BCC200FB3D39 /* CAV-OKTests.xctest */;
			productType = "com.apple.product-type.bundle.unit-test";
		};
		C09D664C2540BCC200FB3D39 /* CAV-OKUITests */ = {
			isa = PBXNativeTarget;
			buildConfigurationList = C09D665C2540BCC200FB3D39 /* Build configuration list for PBXNativeTarget "CAV-OKUITests" */;
			buildPhases = (
				C09D66492540BCC200FB3D39 /* Sources */,
				C09D664A2540BCC200FB3D39 /* Frameworks */,
				C09D664B2540BCC200FB3D39 /* Resources */,
			);
			buildRules = (
			);
			dependencies = (
				C09D664F2540BCC200FB3D39 /* PBXTargetDependency */,
			);
			name = "CAV-OKUITests";
			productName = CAVOKUITests;
			productReference = C09D664D2540BCC200FB3D39 /* CAV-OKUITests.xctest */;
			productType = "com.apple.product-type.bundle.ui-testing";
		};
/* End PBXNativeTarget section */

/* Begin PBXProject section */
		C09D66242540BCBE00FB3D39 /* Project object */ = {
			isa = PBXProject;
			attributes = {
				LastSwiftUpdateCheck = 1420;
				LastUpgradeCheck = 1200;
				TargetAttributes = {
					8958CB9329882022001F4553 = {
						CreatedOnToolsVersion = 14.2;
					};
					89797E9829984CC200DCCE2E = {
						CreatedOnToolsVersion = 14.2;
					};
					C09D662B2540BCBE00FB3D39 = {
						CreatedOnToolsVersion = 12.0.1;
					};
					C09D66412540BCC200FB3D39 = {
						CreatedOnToolsVersion = 12.0.1;
						TestTargetID = C09D662B2540BCBE00FB3D39;
					};
					C09D664C2540BCC200FB3D39 = {
						CreatedOnToolsVersion = 12.0.1;
						TestTargetID = C09D662B2540BCBE00FB3D39;
					};
				};
			};
			buildConfigurationList = C09D66272540BCBE00FB3D39 /* Build configuration list for PBXProject "CAV-OK" */;
			compatibilityVersion = "Xcode 9.3";
			developmentRegion = en;
			hasScannedForEncodings = 0;
			knownRegions = (
				en,
				Base,
			);
			mainGroup = C09D66232540BCBE00FB3D39;
			packageReferences = (
				C09D67272540CD2300FB3D39 /* XCRemoteSwiftPackageReference "SwiftyJSON" */,
				C09D67332540CDC000FB3D39 /* XCRemoteSwiftPackageReference "SWXMLHash" */,
				C09D67392540CE2900FB3D39 /* XCRemoteSwiftPackageReference "GzipSwift" */,
				C09D673F2540CE5700FB3D39 /* XCRemoteSwiftPackageReference "SwiftMessages" */,
				89452502299290E1007CE96F /* XCRemoteSwiftPackageReference "realm-swift" */,
			);
			productRefGroup = C09D662D2540BCBE00FB3D39 /* Products */;
			projectDirPath = "";
			projectReferences = (
				{
					ProductGroup = C09D666D2540BF3700FB3D39 /* Products */;
					ProjectRef = C09D666C2540BF3700FB3D39 /* WhirlyGlobeMaplyComponent.xcodeproj */;
				},
			);
			projectRoot = "";
			targets = (
				C09D662B2540BCBE00FB3D39 /* CAV-OK */,
				C09D66412540BCC200FB3D39 /* CAV-OKTests */,
				C09D664C2540BCC200FB3D39 /* CAV-OKUITests */,
				8958CB9329882022001F4553 /* CAV-OK WidgetExtension */,
				89797E9829984CC200DCCE2E /* CAV-OK Intents */,
			);
		};
/* End PBXProject section */

/* Begin PBXReferenceProxy section */
		C09D66722540BF3700FB3D39 /* WhirlyGlobe.framework */ = {
			isa = PBXReferenceProxy;
			fileType = wrapper.framework;
			path = WhirlyGlobe.framework;
			remoteRef = C09D66712540BF3700FB3D39 /* PBXContainerItemProxy */;
			sourceTree = BUILT_PRODUCTS_DIR;
		};
		C09D66742540BF3700FB3D39 /* WhirlyGlobeMaplyComponentTests.xctest */ = {
			isa = PBXReferenceProxy;
			fileType = wrapper.cfbundle;
			path = WhirlyGlobeMaplyComponentTests.xctest;
			remoteRef = C09D66732540BF3700FB3D39 /* PBXContainerItemProxy */;
			sourceTree = BUILT_PRODUCTS_DIR;
		};
/* End PBXReferenceProxy section */

/* Begin PBXResourcesBuildPhase section */
		8958CB9229882022001F4553 /* Resources */ = {
			isa = PBXResourcesBuildPhase;
			buildActionMask = 2147483647;
			files = (
				8958CBA229882023001F4553 /* Assets.xcassets in Resources */,
				894525012991BFF2007CE96F /* CAVOK.plist in Resources */,
			);
			runOnlyForDeploymentPostprocessing = 0;
		};
		89797E9729984CC200DCCE2E /* Resources */ = {
			isa = PBXResourcesBuildPhase;
			buildActionMask = 2147483647;
			files = (
			);
			runOnlyForDeploymentPostprocessing = 0;
		};
		C09D662A2540BCBE00FB3D39 /* Resources */ = {
			isa = PBXResourcesBuildPhase;
			buildActionMask = 2147483647;
			files = (
				B6D0494A26484C65000DF0A8 /* .swiftlint.yml in Resources */,
				C09D663C2540BCC100FB3D39 /* LaunchScreen.storyboard in Resources */,
				C09D66392540BCC100FB3D39 /* Preview Assets.xcassets in Resources */,
				C09D67552540D94800FB3D39 /* README.md in Resources */,
				C09D675C2540DAB100FB3D39 /* CAVOK.plist in Resources */,
				C09D66362540BCC100FB3D39 /* Assets.xcassets in Resources */,
				C09D675B2540DAB100FB3D39 /* CAVOK.template.plist in Resources */,
				C0C8855A25A127D800B2F2EA /* colorramp.png in Resources */,
			);
			runOnlyForDeploymentPostprocessing = 0;
		};
		C09D66402540BCC200FB3D39 /* Resources */ = {
			isa = PBXResourcesBuildPhase;
			buildActionMask = 2147483647;
			files = (
				89797EC1299E9E4300DCCE2E /* CAVOK.plist in Resources */,
			);
			runOnlyForDeploymentPostprocessing = 0;
		};
		C09D664B2540BCC200FB3D39 /* Resources */ = {
			isa = PBXResourcesBuildPhase;
			buildActionMask = 2147483647;
			files = (
			);
			runOnlyForDeploymentPostprocessing = 0;
		};
/* End PBXResourcesBuildPhase section */

/* Begin PBXShellScriptBuildPhase section */
		B6D0494226482FC0000DF0A8 /* ShellScript */ = {
			isa = PBXShellScriptBuildPhase;
			buildActionMask = 2147483647;
			files = (
			);
			inputFileListPaths = (
			);
			inputPaths = (
			);
			outputFileListPaths = (
			);
			outputPaths = (
			);
			runOnlyForDeploymentPostprocessing = 0;
			shellPath = /bin/sh;
			shellScript = "export PATH=\"$PATH:/opt/homebrew/bin\"\nif which swiftlint >/dev/null; then\n  swiftlint --fix && swiftlint\nelse\n  echo \"warning: SwiftLint not installed, download from https://github.com/realm/SwiftLint\"\nfi\n";
		};
/* End PBXShellScriptBuildPhase section */

/* Begin PBXSourcesBuildPhase section */
		8958CB9029882022001F4553 /* Sources */ = {
			isa = PBXSourcesBuildPhase;
			buildActionMask = 2147483647;
			files = (
				89295AE329B7DD71001A7740 /* ConditionView.swift in Sources */,
				8958CB9B29882022001F4553 /* CAV_OK_WidgetBundle.swift in Sources */,
				894524E529914519007CE96F /* AttributedTextView.swift in Sources */,
				894524E829914588007CE96F /* Timeslot.swift in Sources */,
				894524DC29913314007CE96F /* Modules.swift in Sources */,
				8974F53729C6372400350973 /* LastSession.swift in Sources */,
				89797E8C2998445300DCCE2E /* QueryService.swift in Sources */,
				8958CBA429882023001F4553 /* CAV_OK_Widget.intentdefinition in Sources */,
				894524F329918A7B007CE96F /* CLLocation+Additions.swift in Sources */,
				894524F0299157BB007CE96F /* ColorRamp.swift in Sources */,
				89295ADA29B474FB001A7740 /* GeoQueries.swift in Sources */,
				894525002991AE58007CE96F /* FileManager+Additions.swift in Sources */,
				894524E229914448007CE96F /* Observation.swift in Sources */,
				894524E929914592007CE96F /* AwsService.swift in Sources */,
				894524EB299145B3007CE96F /* WeatherRegion.swift in Sources */,
				8958CB9F29882022001F4553 /* CAV_OK_Widget.swift in Sources */,
				89797E8B2998444400DCCE2E /* ObservationPresentation.swift in Sources */,
				8958CB9D29882022001F4553 /* CAV_OK_WidgetLiveActivity.swift in Sources */,
				894524EA29914596007CE96F /* AddsService.swift in Sources */,
				8974F53829C641B200350973 /* Date+Additions.swift in Sources */,
				894524DE2991435B007CE96F /* WeatherServer.swift in Sources */,
				894524E42991445C007CE96F /* Taf.swift in Sources */,
				894524DF299143A8007CE96F /* Metar.swift in Sources */,
				894524EC29915507007CE96F /* String+Additions.swift in Sources */,
				894524ED2991551C007CE96F /* Weather.swift in Sources */,
				894524E729914544007CE96F /* Tokenizer.swift in Sources */,
				894524E629914538007CE96F /* Station.swift in Sources */,
				894524F429918C4B007CE96F /* LastLocation.swift in Sources */,
			);
			runOnlyForDeploymentPostprocessing = 0;
		};
		89797E9529984CC200DCCE2E /* Sources */ = {
			isa = PBXSourcesBuildPhase;
			buildActionMask = 2147483647;
			files = (
				89797E9E29984CC200DCCE2E /* IntentHandler.swift in Sources */,
				8974F54429D1C6EF00350973 /* CLLocation+Additions.swift in Sources */,
				89797EAA29984EDC00DCCE2E /* QueryService.swift in Sources */,
				89797EAB29984EE900DCCE2E /* Station.swift in Sources */,
				89797EAD29984F1B00DCCE2E /* CAV_OK_Widget.intentdefinition in Sources */,
				89797EA729984DF100DCCE2E /* FileManager+Additions.swift in Sources */,
				89797EAE29984F2C00DCCE2E /* Taf.swift in Sources */,
				89797EB129984F5700DCCE2E /* String+Additions.swift in Sources */,
				89797EAC29984EF800DCCE2E /* Observation.swift in Sources */,
				89797EB029984F4A00DCCE2E /* Tokenizer.swift in Sources */,
				89797EAF29984F3000DCCE2E /* Metar.swift in Sources */,
				8974F54329D1C6E000350973 /* LastLocation.swift in Sources */,
				89295AD929B474FB001A7740 /* GeoQueries.swift in Sources */,
			);
			runOnlyForDeploymentPostprocessing = 0;
		};
		C09D66282540BCBE00FB3D39 /* Sources */ = {
			isa = PBXSourcesBuildPhase;
			buildActionMask = 2147483647;
			files = (
				C0C8855E25A1B09B00B2F2EA /* WeatherSimpleTileFetcher.swift in Sources */,
				B648ECC52666BD38009212F6 /* CavokApp.swift in Sources */,
				89797E8629983D7800DCCE2E /* ObservationPresentation.swift in Sources */,
				B64D83C726150F9B003AE228 /* ConfigDrawerView.swift in Sources */,
				C09D66FA2540CACA00FB3D39 /* WeatherRegion.swift in Sources */,
				B65329CD26A4BCD800B30A64 /* UIColor+Additions.swift in Sources */,
				89295AD629B47045001A7740 /* NearbyObservationsView.swift in Sources */,
				B6C31A38260FD41F0060CA55 /* PullToRefreshView.swift in Sources */,
				894524F229918A62007CE96F /* CLLocation+Additions.swift in Sources */,
				895B98752977F878005E5D7F /* BottomSheetConfig.swift in Sources */,
				894524DB2991280B007CE96F /* AttributedTextView.swift in Sources */,
				B62B9B022653077300F3E74D /* LinkEditView.swift in Sources */,
				C09D66DE2540CACA00FB3D39 /* Date+Additions.swift in Sources */,
				C09D66A22540CAB800FB3D39 /* Modules.swift in Sources */,
				B6A7424127569AEA00CBAA55 /* Collection+Additions.swift in Sources */,
				C09D66F42540CACA00FB3D39 /* StationMarker.swift in Sources */,
				8974F54229D0303200350973 /* StationListItemView.swift in Sources */,
				C09D66DF2540CACA00FB3D39 /* Maply+Additions.swift in Sources */,
				C09D66F12540CACA00FB3D39 /* Weather.swift in Sources */,
				C09D67042540CACA00FB3D39 /* ObservationMarker.swift in Sources */,
				B6A829572687CEF100FA5B11 /* LegendView.swift in Sources */,
				B6972393274E7547000873A3 /* WeatherView.swift in Sources */,
				C09D66E32540CACA00FB3D39 /* HeatMap.swift in Sources */,
				895B987229774600005E5D7F /* BottomSheetView.swift in Sources */,
				C09D66ED2540CACA00FB3D39 /* Tokenizer.swift in Sources */,
				C09D669B2540CAB800FB3D39 /* TileJSONLayer.swift in Sources */,
				C09D66EF2540CACA00FB3D39 /* Taf.swift in Sources */,
				B64D83C126150316003AE228 /* TimeslotState.swift in Sources */,
				C09D66E72540CACA00FB3D39 /* FrameChanger.swift in Sources */,
				89295ACC29B3B4F6001A7740 /* GeoQueries.swift in Sources */,
				B688A4652683C87500EE7373 /* MapApi.swift in Sources */,
				C09D66E22540CACA00FB3D39 /* WeatherConfig.swift in Sources */,
				B62B9AFE2650FC5100F3E74D /* LinksView.swift in Sources */,
				89295ACF29B464F4001A7740 /* NavigationManager.swift in Sources */,
				8974F53E29D018D000350973 /* FavoriteObservationsView.swift in Sources */,
				C09D67022540CACA00FB3D39 /* ObservationSelection.swift in Sources */,
				C09D66E42540CACA00FB3D39 /* DebugTileFetcher.swift in Sources */,
				C09D669E2540CAB800FB3D39 /* LastLocation.swift in Sources */,
				C09D66DD2540CACA00FB3D39 /* UIView+Additions.swift in Sources */,
				C09D66F52540CACA00FB3D39 /* Links.swift in Sources */,
				C09D669D2540CAB800FB3D39 /* UserMarker.swift in Sources */,
				8974F54629D37C9000350973 /* SidebarView.swift in Sources */,
				C09D66F32540CACA00FB3D39 /* RegionSelection.swift in Sources */,
				C09D669C2540CAB800FB3D39 /* LastSession.swift in Sources */,
				C09D66FF2540CACA00FB3D39 /* AddsService.swift in Sources */,
				B6972391274E6CE1000873A3 /* ConfigContainerView.swift in Sources */,
				C09D669A2540CAB800FB3D39 /* Messages.swift in Sources */,
				C09D66E62540CACA00FB3D39 /* ColorRamp.swift in Sources */,
				B6C31A31260F16220060CA55 /* TimeslotDraverView.swift in Sources */,
				C09D67462540D03100FB3D39 /* ObservationDrawerView.swift in Sources */,
				C09D67002540CACA00FB3D39 /* WeatherServer.swift in Sources */,
				B64D83CB261511A3003AE228 /* DrawerTitleView.swift in Sources */,
				C09D66EE2540CACA00FB3D39 /* Station.swift in Sources */,
				C09D66E82540CACA00FB3D39 /* HeatMap.metal in Sources */,
				89295AE229B7DCD6001A7740 /* ConditionView.swift in Sources */,
				C09D66E02540CACA00FB3D39 /* String+Additions.swift in Sources */,
				B648ECC326660A2D009212F6 /* MapView.swift in Sources */,
				C0420D47256A5336004B3855 /* WeatherTileFetcher.swift in Sources */,
				89797E8829983D8D00DCCE2E /* QueryService.swift in Sources */,
				B63676DB267AFFFE00A92257 /* MapWrapper.swift in Sources */,
				894EA96029842EB0005C986D /* AdaptiveStack.swift in Sources */,
				C09D66F02540CACA00FB3D39 /* Observation.swift in Sources */,
				8958CBA529882023001F4553 /* CAV_OK_Widget.intentdefinition in Sources */,
				C09D66EA2540CACA00FB3D39 /* HeatMapGPU.swift in Sources */,
				C09D66F22540CACA00FB3D39 /* Metar.swift in Sources */,
				894524FF2991AC02007CE96F /* FileManager+Additions.swift in Sources */,
				C09D67012540CACA00FB3D39 /* AwsService.swift in Sources */,
				C09D66E52540CACA00FB3D39 /* HeatMapCPU.swift in Sources */,
				C09D66FD2540CACA00FB3D39 /* Timeslot.swift in Sources */,
				C09D66DB2540CACA00FB3D39 /* WebView.swift in Sources */,
				C09D669F2540CAB800FB3D39 /* LocationManager.swift in Sources */,
				C09D66E92540CACA00FB3D39 /* WeatherLayer.swift in Sources */,
			);
			runOnlyForDeploymentPostprocessing = 0;
		};
		C09D663E2540BCC200FB3D39 /* Sources */ = {
			isa = PBXSourcesBuildPhase;
			buildActionMask = 2147483647;
			files = (
				89797ED2299E9F9A00DCCE2E /* MetarTests.swift in Sources */,
				89797ED0299E9F9000DCCE2E /* TafTests.swift in Sources */,
				89797ED3299E9FA200DCCE2E /* WeatherServiceTests.swift in Sources */,
				89797EB8299E9D0200DCCE2E /* ObservationPresentationTest.swift in Sources */,
				C09D66472540BCC200FB3D39 /* CAVOKTests.swift in Sources */,
				89797ED1299E9F9600DCCE2E /* ObservationTestCase.swift in Sources */,
			);
			runOnlyForDeploymentPostprocessing = 0;
		};
		C09D66492540BCC200FB3D39 /* Sources */ = {
			isa = PBXSourcesBuildPhase;
			buildActionMask = 2147483647;
			files = (
				C09D66522540BCC200FB3D39 /* CAVOKUITests.swift in Sources */,
			);
			runOnlyForDeploymentPostprocessing = 0;
		};
/* End PBXSourcesBuildPhase section */

/* Begin PBXTargetDependency section */
		8958CBA729882023001F4553 /* PBXTargetDependency */ = {
			isa = PBXTargetDependency;
			target = 8958CB9329882022001F4553 /* CAV-OK WidgetExtension */;
			targetProxy = 8958CBA629882023001F4553 /* PBXContainerItemProxy */;
		};
		89797EA129984CC200DCCE2E /* PBXTargetDependency */ = {
			isa = PBXTargetDependency;
			target = 89797E9829984CC200DCCE2E /* CAV-OK Intents */;
			targetProxy = 89797EA029984CC200DCCE2E /* PBXContainerItemProxy */;
		};
		C09D66442540BCC200FB3D39 /* PBXTargetDependency */ = {
			isa = PBXTargetDependency;
			target = C09D662B2540BCBE00FB3D39 /* CAV-OK */;
			targetProxy = C09D66432540BCC200FB3D39 /* PBXContainerItemProxy */;
		};
		C09D664F2540BCC200FB3D39 /* PBXTargetDependency */ = {
			isa = PBXTargetDependency;
			target = C09D662B2540BCBE00FB3D39 /* CAV-OK */;
			targetProxy = C09D664E2540BCC200FB3D39 /* PBXContainerItemProxy */;
		};
/* End PBXTargetDependency section */

/* Begin PBXVariantGroup section */
		C09D663A2540BCC100FB3D39 /* LaunchScreen.storyboard */ = {
			isa = PBXVariantGroup;
			children = (
				C09D663B2540BCC100FB3D39 /* Base */,
			);
			name = LaunchScreen.storyboard;
			sourceTree = "<group>";
		};
/* End PBXVariantGroup section */

/* Begin XCBuildConfiguration section */
		8958CBAA29882023001F4553 /* Debug */ = {
			isa = XCBuildConfiguration;
			buildSettings = {
				ASSETCATALOG_COMPILER_GLOBAL_ACCENT_COLOR_NAME = AccentColor;
				ASSETCATALOG_COMPILER_WIDGET_BACKGROUND_COLOR_NAME = WidgetBackground;
				CLANG_CXX_LANGUAGE_STANDARD = "gnu++20";
				CODE_SIGN_ENTITLEMENTS = "CAV-OK WidgetExtension.entitlements";
				CODE_SIGN_STYLE = Automatic;
				CURRENT_PROJECT_VERSION = 1;
				DEVELOPMENT_TEAM = 3WE3J68227;
				GENERATE_INFOPLIST_FILE = YES;
				INFOPLIST_FILE = "CAV-OK Widget/Info.plist";
				INFOPLIST_KEY_CFBundleDisplayName = "CAV-OK Widget";
				INFOPLIST_KEY_NSHumanReadableCopyright = "";
				IPHONEOS_DEPLOYMENT_TARGET = 16.2;
				LD_RUNPATH_SEARCH_PATHS = (
					"$(inherited)",
					"@executable_path/Frameworks",
					"@executable_path/../../Frameworks",
				);
				MARKETING_VERSION = 1.0;
				PRODUCT_BUNDLE_IDENTIFIER = "net.tusina.CAVOK.CAV-OK-Widget";
				PRODUCT_NAME = "$(TARGET_NAME)";
				SKIP_INSTALL = YES;
				SWIFT_EMIT_LOC_STRINGS = YES;
				SWIFT_VERSION = 5.0;
				TARGETED_DEVICE_FAMILY = "1,2";
			};
			name = Debug;
		};
		8958CBAB29882023001F4553 /* Release */ = {
			isa = XCBuildConfiguration;
			buildSettings = {
				ASSETCATALOG_COMPILER_GLOBAL_ACCENT_COLOR_NAME = AccentColor;
				ASSETCATALOG_COMPILER_WIDGET_BACKGROUND_COLOR_NAME = WidgetBackground;
				CLANG_CXX_LANGUAGE_STANDARD = "gnu++20";
				CODE_SIGN_ENTITLEMENTS = "CAV-OK WidgetExtension.entitlements";
				CODE_SIGN_STYLE = Automatic;
				CURRENT_PROJECT_VERSION = 1;
				DEVELOPMENT_TEAM = 3WE3J68227;
				GENERATE_INFOPLIST_FILE = YES;
				INFOPLIST_FILE = "CAV-OK Widget/Info.plist";
				INFOPLIST_KEY_CFBundleDisplayName = "CAV-OK Widget";
				INFOPLIST_KEY_NSHumanReadableCopyright = "";
				IPHONEOS_DEPLOYMENT_TARGET = 16.2;
				LD_RUNPATH_SEARCH_PATHS = (
					"$(inherited)",
					"@executable_path/Frameworks",
					"@executable_path/../../Frameworks",
				);
				MARKETING_VERSION = 1.0;
				PRODUCT_BUNDLE_IDENTIFIER = "net.tusina.CAVOK.CAV-OK-Widget";
				PRODUCT_NAME = "$(TARGET_NAME)";
				SKIP_INSTALL = YES;
				SWIFT_EMIT_LOC_STRINGS = YES;
				SWIFT_VERSION = 5.0;
				TARGETED_DEVICE_FAMILY = "1,2";
			};
			name = Release;
		};
		89797EA429984CC200DCCE2E /* Debug */ = {
			isa = XCBuildConfiguration;
			buildSettings = {
				CLANG_CXX_LANGUAGE_STANDARD = "gnu++20";
				CODE_SIGN_ENTITLEMENTS = "CAV-OK Intents/CAV-OK Intents.entitlements";
				CODE_SIGN_STYLE = Automatic;
				CURRENT_PROJECT_VERSION = 1;
				DEVELOPMENT_TEAM = 3WE3J68227;
				GENERATE_INFOPLIST_FILE = YES;
				INFOPLIST_FILE = "CAV-OK Intents/Info.plist";
				INFOPLIST_KEY_CFBundleDisplayName = "CAV-OK Intents";
				INFOPLIST_KEY_NSHumanReadableCopyright = "";
				IPHONEOS_DEPLOYMENT_TARGET = 16.2;
				LD_RUNPATH_SEARCH_PATHS = (
					"$(inherited)",
					"@executable_path/Frameworks",
					"@executable_path/../../Frameworks",
				);
				MARKETING_VERSION = 1.0;
				PRODUCT_BUNDLE_IDENTIFIER = "net.tusina.CAVOK.CAV-OK-Intents";
				PRODUCT_NAME = "$(TARGET_NAME)";
				SKIP_INSTALL = YES;
				SWIFT_EMIT_LOC_STRINGS = YES;
				SWIFT_VERSION = 5.0;
				TARGETED_DEVICE_FAMILY = "1,2";
			};
			name = Debug;
		};
		89797EA529984CC200DCCE2E /* Release */ = {
			isa = XCBuildConfiguration;
			buildSettings = {
				CLANG_CXX_LANGUAGE_STANDARD = "gnu++20";
				CODE_SIGN_ENTITLEMENTS = "CAV-OK Intents/CAV-OK Intents.entitlements";
				CODE_SIGN_STYLE = Automatic;
				CURRENT_PROJECT_VERSION = 1;
				DEVELOPMENT_TEAM = 3WE3J68227;
				GENERATE_INFOPLIST_FILE = YES;
				INFOPLIST_FILE = "CAV-OK Intents/Info.plist";
				INFOPLIST_KEY_CFBundleDisplayName = "CAV-OK Intents";
				INFOPLIST_KEY_NSHumanReadableCopyright = "";
				IPHONEOS_DEPLOYMENT_TARGET = 16.2;
				LD_RUNPATH_SEARCH_PATHS = (
					"$(inherited)",
					"@executable_path/Frameworks",
					"@executable_path/../../Frameworks",
				);
				MARKETING_VERSION = 1.0;
				PRODUCT_BUNDLE_IDENTIFIER = "net.tusina.CAVOK.CAV-OK-Intents";
				PRODUCT_NAME = "$(TARGET_NAME)";
				SKIP_INSTALL = YES;
				SWIFT_EMIT_LOC_STRINGS = YES;
				SWIFT_VERSION = 5.0;
				TARGETED_DEVICE_FAMILY = "1,2";
			};
			name = Release;
		};
		C09D66542540BCC200FB3D39 /* Debug */ = {
			isa = XCBuildConfiguration;
			buildSettings = {
				ALWAYS_SEARCH_USER_PATHS = NO;
				CLANG_ANALYZER_NONNULL = YES;
				CLANG_ANALYZER_NUMBER_OBJECT_CONVERSION = YES_AGGRESSIVE;
				CLANG_CXX_LANGUAGE_STANDARD = "gnu++14";
				CLANG_CXX_LIBRARY = "libc++";
				CLANG_ENABLE_MODULES = YES;
				CLANG_ENABLE_OBJC_ARC = YES;
				CLANG_ENABLE_OBJC_WEAK = YES;
				CLANG_WARN_BLOCK_CAPTURE_AUTORELEASING = YES;
				CLANG_WARN_BOOL_CONVERSION = YES;
				CLANG_WARN_COMMA = YES;
				CLANG_WARN_CONSTANT_CONVERSION = YES;
				CLANG_WARN_DEPRECATED_OBJC_IMPLEMENTATIONS = YES;
				CLANG_WARN_DIRECT_OBJC_ISA_USAGE = YES_ERROR;
				CLANG_WARN_DOCUMENTATION_COMMENTS = YES;
				CLANG_WARN_EMPTY_BODY = YES;
				CLANG_WARN_ENUM_CONVERSION = YES;
				CLANG_WARN_INFINITE_RECURSION = YES;
				CLANG_WARN_INT_CONVERSION = YES;
				CLANG_WARN_NON_LITERAL_NULL_CONVERSION = YES;
				CLANG_WARN_OBJC_IMPLICIT_RETAIN_SELF = YES;
				CLANG_WARN_OBJC_LITERAL_CONVERSION = YES;
				CLANG_WARN_OBJC_ROOT_CLASS = YES_ERROR;
				CLANG_WARN_QUOTED_INCLUDE_IN_FRAMEWORK_HEADER = YES;
				CLANG_WARN_RANGE_LOOP_ANALYSIS = YES;
				CLANG_WARN_STRICT_PROTOTYPES = YES;
				CLANG_WARN_SUSPICIOUS_MOVE = YES;
				CLANG_WARN_UNGUARDED_AVAILABILITY = YES_AGGRESSIVE;
				CLANG_WARN_UNREACHABLE_CODE = YES;
				CLANG_WARN__DUPLICATE_METHOD_MATCH = YES;
				COPY_PHASE_STRIP = NO;
				DEBUG_INFORMATION_FORMAT = dwarf;
				ENABLE_STRICT_OBJC_MSGSEND = YES;
				ENABLE_TESTABILITY = YES;
				GCC_C_LANGUAGE_STANDARD = gnu11;
				GCC_DYNAMIC_NO_PIC = NO;
				GCC_NO_COMMON_BLOCKS = YES;
				GCC_OPTIMIZATION_LEVEL = 0;
				GCC_PREPROCESSOR_DEFINITIONS = (
					"DEBUG=1",
					"$(inherited)",
				);
				GCC_WARN_64_TO_32_BIT_CONVERSION = YES;
				GCC_WARN_ABOUT_RETURN_TYPE = YES_ERROR;
				GCC_WARN_UNDECLARED_SELECTOR = YES;
				GCC_WARN_UNINITIALIZED_AUTOS = YES_AGGRESSIVE;
				GCC_WARN_UNUSED_FUNCTION = YES;
				GCC_WARN_UNUSED_VARIABLE = YES;
				IPHONEOS_DEPLOYMENT_TARGET = 16.0;
				MTL_ENABLE_DEBUG_INFO = INCLUDE_SOURCE;
				MTL_FAST_MATH = YES;
				ONLY_ACTIVE_ARCH = YES;
				SDKROOT = iphoneos;
				SWIFT_ACTIVE_COMPILATION_CONDITIONS = DEBUG;
				SWIFT_OPTIMIZATION_LEVEL = "-Onone";
			};
			name = Debug;
		};
		C09D66552540BCC200FB3D39 /* Release */ = {
			isa = XCBuildConfiguration;
			buildSettings = {
				ALWAYS_SEARCH_USER_PATHS = NO;
				CLANG_ANALYZER_NONNULL = YES;
				CLANG_ANALYZER_NUMBER_OBJECT_CONVERSION = YES_AGGRESSIVE;
				CLANG_CXX_LANGUAGE_STANDARD = "gnu++14";
				CLANG_CXX_LIBRARY = "libc++";
				CLANG_ENABLE_MODULES = YES;
				CLANG_ENABLE_OBJC_ARC = YES;
				CLANG_ENABLE_OBJC_WEAK = YES;
				CLANG_WARN_BLOCK_CAPTURE_AUTORELEASING = YES;
				CLANG_WARN_BOOL_CONVERSION = YES;
				CLANG_WARN_COMMA = YES;
				CLANG_WARN_CONSTANT_CONVERSION = YES;
				CLANG_WARN_DEPRECATED_OBJC_IMPLEMENTATIONS = YES;
				CLANG_WARN_DIRECT_OBJC_ISA_USAGE = YES_ERROR;
				CLANG_WARN_DOCUMENTATION_COMMENTS = YES;
				CLANG_WARN_EMPTY_BODY = YES;
				CLANG_WARN_ENUM_CONVERSION = YES;
				CLANG_WARN_INFINITE_RECURSION = YES;
				CLANG_WARN_INT_CONVERSION = YES;
				CLANG_WARN_NON_LITERAL_NULL_CONVERSION = YES;
				CLANG_WARN_OBJC_IMPLICIT_RETAIN_SELF = YES;
				CLANG_WARN_OBJC_LITERAL_CONVERSION = YES;
				CLANG_WARN_OBJC_ROOT_CLASS = YES_ERROR;
				CLANG_WARN_QUOTED_INCLUDE_IN_FRAMEWORK_HEADER = YES;
				CLANG_WARN_RANGE_LOOP_ANALYSIS = YES;
				CLANG_WARN_STRICT_PROTOTYPES = YES;
				CLANG_WARN_SUSPICIOUS_MOVE = YES;
				CLANG_WARN_UNGUARDED_AVAILABILITY = YES_AGGRESSIVE;
				CLANG_WARN_UNREACHABLE_CODE = YES;
				CLANG_WARN__DUPLICATE_METHOD_MATCH = YES;
				COPY_PHASE_STRIP = NO;
				DEBUG_INFORMATION_FORMAT = "dwarf-with-dsym";
				ENABLE_NS_ASSERTIONS = NO;
				ENABLE_STRICT_OBJC_MSGSEND = YES;
				GCC_C_LANGUAGE_STANDARD = gnu11;
				GCC_NO_COMMON_BLOCKS = YES;
				GCC_WARN_64_TO_32_BIT_CONVERSION = YES;
				GCC_WARN_ABOUT_RETURN_TYPE = YES_ERROR;
				GCC_WARN_UNDECLARED_SELECTOR = YES;
				GCC_WARN_UNINITIALIZED_AUTOS = YES_AGGRESSIVE;
				GCC_WARN_UNUSED_FUNCTION = YES;
				GCC_WARN_UNUSED_VARIABLE = YES;
				IPHONEOS_DEPLOYMENT_TARGET = 16.0;
				MTL_ENABLE_DEBUG_INFO = NO;
				MTL_FAST_MATH = YES;
				SDKROOT = iphoneos;
				SWIFT_COMPILATION_MODE = wholemodule;
				SWIFT_OPTIMIZATION_LEVEL = "-O";
				VALIDATE_PRODUCT = YES;
			};
			name = Release;
		};
		C09D66572540BCC200FB3D39 /* Debug */ = {
			isa = XCBuildConfiguration;
			buildSettings = {
				ALWAYS_EMBED_SWIFT_STANDARD_LIBRARIES = YES;
				ASSETCATALOG_COMPILER_APPICON_NAME = AppIcon;
				ASSETCATALOG_COMPILER_GLOBAL_ACCENT_COLOR_NAME = AccentColor;
				CODE_SIGN_ENTITLEMENTS = "CAV-OK.entitlements";
				CODE_SIGN_STYLE = Automatic;
				DEVELOPMENT_ASSET_PATHS = "\"CAVOK/Preview Content\"";
				DEVELOPMENT_TEAM = 3WE3J68227;
				ENABLE_PREVIEWS = YES;
				HEADER_SEARCH_PATHS = "\"$(SRCROOT)/libs/WhirlyGlobe/ios/library/WhirlyGlobe-MaplyComponent/include/**";
				INFOPLIST_FILE = CAVOK/Info.plist;
				IPHONEOS_DEPLOYMENT_TARGET = 16.4;
				LD_RUNPATH_SEARCH_PATHS = (
					"$(inherited)",
					"@executable_path/Frameworks",
				);
				PRODUCT_BUNDLE_IDENTIFIER = net.tusina.CAVOK;
				PRODUCT_NAME = "$(TARGET_NAME)";
				SWIFT_OBJC_BRIDGING_HEADER = "$(SRCROOT)/libs/WhirlyGlobe/ios/library/WhirlyGlobe-MaplyComponent/include/MaplyBridge.h";
				SWIFT_VERSION = 5.0;
				TARGETED_DEVICE_FAMILY = "1,2";
			};
			name = Debug;
		};
		C09D66582540BCC200FB3D39 /* Release */ = {
			isa = XCBuildConfiguration;
			buildSettings = {
				ALWAYS_EMBED_SWIFT_STANDARD_LIBRARIES = YES;
				ASSETCATALOG_COMPILER_APPICON_NAME = AppIcon;
				ASSETCATALOG_COMPILER_GLOBAL_ACCENT_COLOR_NAME = AccentColor;
				CODE_SIGN_ENTITLEMENTS = "CAV-OK.entitlements";
				CODE_SIGN_STYLE = Automatic;
				DEVELOPMENT_ASSET_PATHS = "\"CAVOK/Preview Content\"";
				DEVELOPMENT_TEAM = 3WE3J68227;
				ENABLE_PREVIEWS = YES;
				HEADER_SEARCH_PATHS = "\"$(SRCROOT)/libs/WhirlyGlobe/ios/library/WhirlyGlobe-MaplyComponent/include/**";
				INFOPLIST_FILE = CAVOK/Info.plist;
				IPHONEOS_DEPLOYMENT_TARGET = 16.4;
				LD_RUNPATH_SEARCH_PATHS = (
					"$(inherited)",
					"@executable_path/Frameworks",
				);
				PRODUCT_BUNDLE_IDENTIFIER = net.tusina.CAVOK;
				PRODUCT_NAME = "$(TARGET_NAME)";
				SWIFT_OBJC_BRIDGING_HEADER = "$(SRCROOT)/libs/WhirlyGlobe/ios/library/WhirlyGlobe-MaplyComponent/include/MaplyBridge.h";
				SWIFT_VERSION = 5.0;
				TARGETED_DEVICE_FAMILY = "1,2";
			};
			name = Release;
		};
		C09D665A2540BCC200FB3D39 /* Debug */ = {
			isa = XCBuildConfiguration;
			buildSettings = {
				ALWAYS_EMBED_SWIFT_STANDARD_LIBRARIES = YES;
				BUNDLE_LOADER = "$(TEST_HOST)";
				CODE_SIGN_STYLE = Automatic;
				DEVELOPMENT_TEAM = 3WE3J68227;
				INFOPLIST_FILE = CAVOKTests/Info.plist;
				IPHONEOS_DEPLOYMENT_TARGET = 16.0;
				LD_RUNPATH_SEARCH_PATHS = (
					"$(inherited)",
					"@executable_path/Frameworks",
					"@loader_path/Frameworks",
				);
				PRODUCT_BUNDLE_IDENTIFIER = net.tusina.CAVOKTests;
				PRODUCT_NAME = "$(TARGET_NAME)";
				SWIFT_VERSION = 5.0;
				TARGETED_DEVICE_FAMILY = "1,2";
				TEST_HOST = "$(BUILT_PRODUCTS_DIR)/CAV-OK.app/CAV-OK";
			};
			name = Debug;
		};
		C09D665B2540BCC200FB3D39 /* Release */ = {
			isa = XCBuildConfiguration;
			buildSettings = {
				ALWAYS_EMBED_SWIFT_STANDARD_LIBRARIES = YES;
				BUNDLE_LOADER = "$(TEST_HOST)";
				CODE_SIGN_STYLE = Automatic;
				DEVELOPMENT_TEAM = 3WE3J68227;
				INFOPLIST_FILE = CAVOKTests/Info.plist;
				IPHONEOS_DEPLOYMENT_TARGET = 16.0;
				LD_RUNPATH_SEARCH_PATHS = (
					"$(inherited)",
					"@executable_path/Frameworks",
					"@loader_path/Frameworks",
				);
				PRODUCT_BUNDLE_IDENTIFIER = net.tusina.CAVOKTests;
				PRODUCT_NAME = "$(TARGET_NAME)";
				SWIFT_VERSION = 5.0;
				TARGETED_DEVICE_FAMILY = "1,2";
				TEST_HOST = "$(BUILT_PRODUCTS_DIR)/CAV-OK.app/CAV-OK";
			};
			name = Release;
		};
		C09D665D2540BCC200FB3D39 /* Debug */ = {
			isa = XCBuildConfiguration;
			buildSettings = {
				ALWAYS_EMBED_SWIFT_STANDARD_LIBRARIES = YES;
				CODE_SIGN_STYLE = Automatic;
				DEVELOPMENT_TEAM = 3WE3J68227;
				INFOPLIST_FILE = CAVOKUITests/Info.plist;
				LD_RUNPATH_SEARCH_PATHS = (
					"$(inherited)",
					"@executable_path/Frameworks",
					"@loader_path/Frameworks",
				);
				PRODUCT_BUNDLE_IDENTIFIER = net.tusina.CAVOKUITests;
				PRODUCT_NAME = "$(TARGET_NAME)";
				SWIFT_VERSION = 5.0;
				TARGETED_DEVICE_FAMILY = "1,2";
				TEST_TARGET_NAME = CAVOK;
			};
			name = Debug;
		};
		C09D665E2540BCC200FB3D39 /* Release */ = {
			isa = XCBuildConfiguration;
			buildSettings = {
				ALWAYS_EMBED_SWIFT_STANDARD_LIBRARIES = YES;
				CODE_SIGN_STYLE = Automatic;
				DEVELOPMENT_TEAM = 3WE3J68227;
				INFOPLIST_FILE = CAVOKUITests/Info.plist;
				LD_RUNPATH_SEARCH_PATHS = (
					"$(inherited)",
					"@executable_path/Frameworks",
					"@loader_path/Frameworks",
				);
				PRODUCT_BUNDLE_IDENTIFIER = net.tusina.CAVOKUITests;
				PRODUCT_NAME = "$(TARGET_NAME)";
				SWIFT_VERSION = 5.0;
				TARGETED_DEVICE_FAMILY = "1,2";
				TEST_TARGET_NAME = CAVOK;
			};
			name = Release;
		};
/* End XCBuildConfiguration section */

/* Begin XCConfigurationList section */
		8958CBA929882023001F4553 /* Build configuration list for PBXNativeTarget "CAV-OK WidgetExtension" */ = {
			isa = XCConfigurationList;
			buildConfigurations = (
				8958CBAA29882023001F4553 /* Debug */,
				8958CBAB29882023001F4553 /* Release */,
			);
			defaultConfigurationIsVisible = 0;
			defaultConfigurationName = Release;
		};
		89797EA329984CC200DCCE2E /* Build configuration list for PBXNativeTarget "CAV-OK Intents" */ = {
			isa = XCConfigurationList;
			buildConfigurations = (
				89797EA429984CC200DCCE2E /* Debug */,
				89797EA529984CC200DCCE2E /* Release */,
			);
			defaultConfigurationIsVisible = 0;
			defaultConfigurationName = Release;
		};
		C09D66272540BCBE00FB3D39 /* Build configuration list for PBXProject "CAV-OK" */ = {
			isa = XCConfigurationList;
			buildConfigurations = (
				C09D66542540BCC200FB3D39 /* Debug */,
				C09D66552540BCC200FB3D39 /* Release */,
			);
			defaultConfigurationIsVisible = 0;
			defaultConfigurationName = Release;
		};
		C09D66562540BCC200FB3D39 /* Build configuration list for PBXNativeTarget "CAV-OK" */ = {
			isa = XCConfigurationList;
			buildConfigurations = (
				C09D66572540BCC200FB3D39 /* Debug */,
				C09D66582540BCC200FB3D39 /* Release */,
			);
			defaultConfigurationIsVisible = 0;
			defaultConfigurationName = Release;
		};
		C09D66592540BCC200FB3D39 /* Build configuration list for PBXNativeTarget "CAV-OKTests" */ = {
			isa = XCConfigurationList;
			buildConfigurations = (
				C09D665A2540BCC200FB3D39 /* Debug */,
				C09D665B2540BCC200FB3D39 /* Release */,
			);
			defaultConfigurationIsVisible = 0;
			defaultConfigurationName = Release;
		};
		C09D665C2540BCC200FB3D39 /* Build configuration list for PBXNativeTarget "CAV-OKUITests" */ = {
			isa = XCConfigurationList;
			buildConfigurations = (
				C09D665D2540BCC200FB3D39 /* Debug */,
				C09D665E2540BCC200FB3D39 /* Release */,
			);
			defaultConfigurationIsVisible = 0;
			defaultConfigurationName = Release;
		};
/* End XCConfigurationList section */

/* Begin XCRemoteSwiftPackageReference section */
		89452502299290E1007CE96F /* XCRemoteSwiftPackageReference "realm-swift" */ = {
			isa = XCRemoteSwiftPackageReference;
			repositoryURL = "https://github.com/realm/realm-swift";
			requirement = {
				kind = upToNextMajorVersion;
				minimumVersion = 10.0.0;
			};
		};
		C09D67272540CD2300FB3D39 /* XCRemoteSwiftPackageReference "SwiftyJSON" */ = {
			isa = XCRemoteSwiftPackageReference;
			repositoryURL = "https://github.com/SwiftyJSON/SwiftyJSON";
			requirement = {
				kind = upToNextMajorVersion;
				minimumVersion = 5.0.0;
			};
		};
		C09D67332540CDC000FB3D39 /* XCRemoteSwiftPackageReference "SWXMLHash" */ = {
			isa = XCRemoteSwiftPackageReference;
			repositoryURL = "https://github.com/drmohundro/SWXMLHash";
			requirement = {
				kind = upToNextMajorVersion;
				minimumVersion = 5.0.1;
			};
		};
		C09D67392540CE2900FB3D39 /* XCRemoteSwiftPackageReference "GzipSwift" */ = {
			isa = XCRemoteSwiftPackageReference;
			repositoryURL = "https://github.com/1024jp/GzipSwift";
			requirement = {
				kind = upToNextMajorVersion;
				minimumVersion = 5.1.1;
			};
		};
		C09D673F2540CE5700FB3D39 /* XCRemoteSwiftPackageReference "SwiftMessages" */ = {
			isa = XCRemoteSwiftPackageReference;
			repositoryURL = "https://github.com/SwiftKickMobile/SwiftMessages";
			requirement = {
				kind = upToNextMajorVersion;
				minimumVersion = 9.0.5;
			};
		};
/* End XCRemoteSwiftPackageReference section */

/* Begin XCSwiftPackageProductDependency section */
		894524F5299198AB007CE96F /* Gzip */ = {
			isa = XCSwiftPackageProductDependency;
			package = C09D67392540CE2900FB3D39 /* XCRemoteSwiftPackageReference "GzipSwift" */;
			productName = Gzip;
		};
		894524F7299198B1007CE96F /* SWXMLHash */ = {
			isa = XCSwiftPackageProductDependency;
			package = C09D67332540CDC000FB3D39 /* XCRemoteSwiftPackageReference "SWXMLHash" */;
			productName = SWXMLHash;
		};
		894524F9299198B6007CE96F /* SwiftyJSON */ = {
			isa = XCSwiftPackageProductDependency;
			package = C09D67272540CD2300FB3D39 /* XCRemoteSwiftPackageReference "SwiftyJSON" */;
			productName = SwiftyJSON;
		};
		89452503299290E1007CE96F /* RealmSwift */ = {
			isa = XCSwiftPackageProductDependency;
			package = 89452502299290E1007CE96F /* XCRemoteSwiftPackageReference "realm-swift" */;
			productName = RealmSwift;
		};
		894525532992984B007CE96F /* RealmSwift */ = {
			isa = XCSwiftPackageProductDependency;
			package = 89452502299290E1007CE96F /* XCRemoteSwiftPackageReference "realm-swift" */;
			productName = RealmSwift;
		};
		89797EA829984E4100DCCE2E /* RealmSwift */ = {
			isa = XCSwiftPackageProductDependency;
			package = 89452502299290E1007CE96F /* XCRemoteSwiftPackageReference "realm-swift" */;
			productName = RealmSwift;
		};
		C09D67282540CD2300FB3D39 /* SwiftyJSON */ = {
			isa = XCSwiftPackageProductDependency;
			package = C09D67272540CD2300FB3D39 /* XCRemoteSwiftPackageReference "SwiftyJSON" */;
			productName = SwiftyJSON;
		};
		C09D67342540CDC000FB3D39 /* SWXMLHash */ = {
			isa = XCSwiftPackageProductDependency;
			package = C09D67332540CDC000FB3D39 /* XCRemoteSwiftPackageReference "SWXMLHash" */;
			productName = SWXMLHash;
		};
		C09D673A2540CE2900FB3D39 /* Gzip */ = {
			isa = XCSwiftPackageProductDependency;
			package = C09D67392540CE2900FB3D39 /* XCRemoteSwiftPackageReference "GzipSwift" */;
			productName = Gzip;
		};
		C09D67402540CE5700FB3D39 /* SwiftMessages */ = {
			isa = XCSwiftPackageProductDependency;
			package = C09D673F2540CE5700FB3D39 /* XCRemoteSwiftPackageReference "SwiftMessages" */;
			productName = SwiftMessages;
		};
/* End XCSwiftPackageProductDependency section */
	};
	rootObject = C09D66242540BCBE00FB3D39 /* Project object */;
}
