// !$*UTF8*$!
{
	archiveVersion = 1;
	classes = {
	};
	objectVersion = 46;
	objects = {

/* Begin PBXBuildFile section */
		370222281D7DF07800984647 /* PMKFoundation.framework in Frameworks */ = {isa = PBXBuildFile; fileRef = 377123F31D7DB06D0010CA1F /* PMKFoundation.framework */; };
		370222291D7DF07800984647 /* PromiseKit.framework in Frameworks */ = {isa = PBXBuildFile; fileRef = 377123E81D7D961A0010CA1F /* PromiseKit.framework */; };
		3702222A1D7DF07800984647 /* SwiftyJSON.framework in Frameworks */ = {isa = PBXBuildFile; fileRef = 377123E91D7D961A0010CA1F /* SwiftyJSON.framework */; };
		371E0E321D7E0DAE00BE1846 /* RealmSwift.framework in Frameworks */ = {isa = PBXBuildFile; fileRef = 371E0E311D7E0DAE00BE1846 /* RealmSwift.framework */; };
		371E0E3C1D7E11F700BE1846 /* UserMarker.swift in Sources */ = {isa = PBXBuildFile; fileRef = 371E0E3B1D7E11F700BE1846 /* UserMarker.swift */; };
		371E0E3E1D7F4AC900BE1846 /* Realm.framework in Frameworks */ = {isa = PBXBuildFile; fileRef = 371E0E3D1D7F4AC800BE1846 /* Realm.framework */; };
		372C04221D8FB4F400BEA8EB /* ObservationMarker.swift in Sources */ = {isa = PBXBuildFile; fileRef = 372C04211D8FB4F400BEA8EB /* ObservationMarker.swift */; };
		372C04261D8FB52A00BEA8EB /* ObservationCalloutView.swift in Sources */ = {isa = PBXBuildFile; fileRef = 372C04251D8FB52A00BEA8EB /* ObservationCalloutView.swift */; };
		3737DA9E1D8E7D2400EB57A2 /* ColorRamp.swift in Sources */ = {isa = PBXBuildFile; fileRef = 3737DA9D1D8E7D2400EB57A2 /* ColorRamp.swift */; };
		37486F231D89EA8300357E11 /* FrameChanger.swift in Sources */ = {isa = PBXBuildFile; fileRef = 37486F221D89EA8300357E11 /* FrameChanger.swift */; };
		374ACD0B1D7F4BB000C45A18 /* LocationManager.swift in Sources */ = {isa = PBXBuildFile; fileRef = 374ACD0A1D7F4BB000C45A18 /* LocationManager.swift */; };
		374EC9CD1D7CB5A90047B82B /* AppDelegate.swift in Sources */ = {isa = PBXBuildFile; fileRef = 374EC9CC1D7CB5A90047B82B /* AppDelegate.swift */; };
		374EC9CF1D7CB5A90047B82B /* MapViewController.swift in Sources */ = {isa = PBXBuildFile; fileRef = 374EC9CE1D7CB5A90047B82B /* MapViewController.swift */; };
		374EC9D21D7CB5A90047B82B /* Main.storyboard in Resources */ = {isa = PBXBuildFile; fileRef = 374EC9D01D7CB5A90047B82B /* Main.storyboard */; };
		374EC9D41D7CB5A90047B82B /* Assets.xcassets in Resources */ = {isa = PBXBuildFile; fileRef = 374EC9D31D7CB5A90047B82B /* Assets.xcassets */; };
		374EC9D71D7CB5A90047B82B /* LaunchScreen.storyboard in Resources */ = {isa = PBXBuildFile; fileRef = 374EC9D51D7CB5A90047B82B /* LaunchScreen.storyboard */; };
		374EC9E21D7CB5AA0047B82B /* CAVOKTests.swift in Sources */ = {isa = PBXBuildFile; fileRef = 374EC9E11D7CB5AA0047B82B /* CAVOKTests.swift */; };
		374EC9ED1D7CB5AA0047B82B /* CAVOKUITests.swift in Sources */ = {isa = PBXBuildFile; fileRef = 374EC9EC1D7CB5AA0047B82B /* CAVOKUITests.swift */; };
		375784E01D9321220046A8A7 /* TimeslotControl.swift in Sources */ = {isa = PBXBuildFile; fileRef = 375784DF1D9321220046A8A7 /* TimeslotControl.swift */; };
		375B78161DF09763000A9199 /* TimeslotDrawerController.swift in Sources */ = {isa = PBXBuildFile; fileRef = 375B78151DF09763000A9199 /* TimeslotDrawerController.swift */; };
		376550471D86B9C100610329 /* HeatMap.swift in Sources */ = {isa = PBXBuildFile; fileRef = 376550461D86B9C100610329 /* HeatMap.swift */; };
		3765504B1D86BAB000610329 /* WeatherTileSource.swift in Sources */ = {isa = PBXBuildFile; fileRef = 3765504A1D86BAB000610329 /* WeatherTileSource.swift */; };
		3765504D1D86BAD100610329 /* WeatherConfig.swift in Sources */ = {isa = PBXBuildFile; fileRef = 3765504C1D86BAD100610329 /* WeatherConfig.swift */; };
		3765504F1D86BB7C00610329 /* WeatherLayer.swift in Sources */ = {isa = PBXBuildFile; fileRef = 3765504E1D86BB7C00610329 /* WeatherLayer.swift */; };
		376550511D86BBD400610329 /* Modules.swift in Sources */ = {isa = PBXBuildFile; fileRef = 376550501D86BBD400610329 /* Modules.swift */; };
		376550531D86C14A00610329 /* DebugTileSource.swift in Sources */ = {isa = PBXBuildFile; fileRef = 376550521D86C14A00610329 /* DebugTileSource.swift */; };
		3765505C1D86E6E500610329 /* RegionSelection.swift in Sources */ = {isa = PBXBuildFile; fileRef = 3765505B1D86E6E500610329 /* RegionSelection.swift */; };
		377123D91D7D92FB0010CA1F /* CoreLocation.framework in Frameworks */ = {isa = PBXBuildFile; fileRef = 377123D81D7D92FB0010CA1F /* CoreLocation.framework */; };
		377123DB1D7D93110010CA1F /* libc++.tbd in Frameworks */ = {isa = PBXBuildFile; fileRef = 377123DA1D7D93110010CA1F /* libc++.tbd */; };
		377123DD1D7D931E0010CA1F /* libz.tbd in Frameworks */ = {isa = PBXBuildFile; fileRef = 377123DC1D7D931E0010CA1F /* libz.tbd */; };
		377123DF1D7D93280010CA1F /* libsqlite3.tbd in Frameworks */ = {isa = PBXBuildFile; fileRef = 377123DE1D7D93280010CA1F /* libsqlite3.tbd */; };
		377123E11D7D93300010CA1F /* libxml2.tbd in Frameworks */ = {isa = PBXBuildFile; fileRef = 377123E01D7D93300010CA1F /* libxml2.tbd */; };
		377123E41D7D944B0010CA1F /* TileJSONLayer.swift in Sources */ = {isa = PBXBuildFile; fileRef = 377123E31D7D944B0010CA1F /* TileJSONLayer.swift */; };
		377123E71D7D94F50010CA1F /* CAVOK.plist in Resources */ = {isa = PBXBuildFile; fileRef = 377123E61D7D94F50010CA1F /* CAVOK.plist */; };
		378AE5F81D80B56D008492D5 /* TafTests.swift in Sources */ = {isa = PBXBuildFile; fileRef = 378AE5F71D80B56D008492D5 /* TafTests.swift */; };
		378AE5FC1D80BB35008492D5 /* ObservationTestCase.swift in Sources */ = {isa = PBXBuildFile; fileRef = 378AE5FB1D80BB35008492D5 /* ObservationTestCase.swift */; };
		378F1F191DE4747300B2314A /* AirspaceAttributes.swift in Sources */ = {isa = PBXBuildFile; fileRef = 378F1F181DE4747300B2314A /* AirspaceAttributes.swift */; };
		378F1F1B1DE474EB00B2314A /* AirspaceCalloutView.swift in Sources */ = {isa = PBXBuildFile; fileRef = 378F1F1A1DE474EB00B2314A /* AirspaceCalloutView.swift */; };
		378F1F1D1DE4751F00B2314A /* AirspaceModule.swift in Sources */ = {isa = PBXBuildFile; fileRef = 378F1F1C1DE4751F00B2314A /* AirspaceModule.swift */; };
		37A54FFD1D7FE15B002BADA0 /* LastSession.swift in Sources */ = {isa = PBXBuildFile; fileRef = 37A54FFC1D7FE15B002BADA0 /* LastSession.swift */; };
		37A54FFF1D7FE9F6002BADA0 /* Maply+Additions.swift in Sources */ = {isa = PBXBuildFile; fileRef = 37A54FFE1D7FE9F6002BADA0 /* Maply+Additions.swift */; };
		37B22B671D81D78B001AF5BA /* AddsService.swift in Sources */ = {isa = PBXBuildFile; fileRef = 37B22B661D81D78B001AF5BA /* AddsService.swift */; };
		37B22BDF1D81DC40001AF5BA /* SWXMLHash.framework in Frameworks */ = {isa = PBXBuildFile; fileRef = 37B22BDE1D81DC40001AF5BA /* SWXMLHash.framework */; };
		37B22BE01D81DC5B001AF5BA /* SWXMLHash.framework in Frameworks */ = {isa = PBXBuildFile; fileRef = 37B22BDE1D81DC40001AF5BA /* SWXMLHash.framework */; };
		37B22BE21D81DDE3001AF5BA /* WeatherRegion.swift in Sources */ = {isa = PBXBuildFile; fileRef = 37B22BE11D81DDE3001AF5BA /* WeatherRegion.swift */; };
		37B22BE41D81E067001AF5BA /* WeatherService.swift in Sources */ = {isa = PBXBuildFile; fileRef = 37B22BE31D81E067001AF5BA /* WeatherService.swift */; };
		37B22BE61D81E330001AF5BA /* Weather.swift in Sources */ = {isa = PBXBuildFile; fileRef = 37B22BE51D81E330001AF5BA /* Weather.swift */; };
		37B22BEA1D81E7A3001AF5BA /* Gzip.framework in Frameworks */ = {isa = PBXBuildFile; fileRef = 37B22BE91D81E7A3001AF5BA /* Gzip.framework */; };
		37B22BEE1D820658001AF5BA /* WeatherModule.swift in Sources */ = {isa = PBXBuildFile; fileRef = 37B22BED1D820658001AF5BA /* WeatherModule.swift */; };
		37B22BF21D82085F001AF5BA /* MapModule.swift in Sources */ = {isa = PBXBuildFile; fileRef = 37B22BF11D82085F001AF5BA /* MapModule.swift */; };
		37B7FDC11D8064E5009307F0 /* Observation.swift in Sources */ = {isa = PBXBuildFile; fileRef = 37B7FDBE1D8064E5009307F0 /* Observation.swift */; };
		37B7FDC21D8064E5009307F0 /* Tokenizer.swift in Sources */ = {isa = PBXBuildFile; fileRef = 37B7FDBF1D8064E5009307F0 /* Tokenizer.swift */; };
		37B7FDC31D8064E5009307F0 /* Station.swift in Sources */ = {isa = PBXBuildFile; fileRef = 37B7FDC01D8064E5009307F0 /* Station.swift */; };
		37B7FDC51D806523009307F0 /* MetarTests.swift in Sources */ = {isa = PBXBuildFile; fileRef = 37B7FDC41D806523009307F0 /* MetarTests.swift */; };
		37B7FDC71D80654F009307F0 /* Metar.swift in Sources */ = {isa = PBXBuildFile; fileRef = 37B7FDC61D80654F009307F0 /* Metar.swift */; };
		37B7FDC91D8065BD009307F0 /* Taf.swift in Sources */ = {isa = PBXBuildFile; fileRef = 37B7FDC81D8065BD009307F0 /* Taf.swift */; };
		37B7FDCA1D806B54009307F0 /* Realm.framework in Frameworks */ = {isa = PBXBuildFile; fileRef = 371E0E3D1D7F4AC800BE1846 /* Realm.framework */; };
		37B7FDCB1D806B54009307F0 /* RealmSwift.framework in Frameworks */ = {isa = PBXBuildFile; fileRef = 371E0E311D7E0DAE00BE1846 /* RealmSwift.framework */; };
		37B7FDCC1D806B54009307F0 /* PMKFoundation.framework in Frameworks */ = {isa = PBXBuildFile; fileRef = 377123F31D7DB06D0010CA1F /* PMKFoundation.framework */; };
		37B7FDCD1D806B54009307F0 /* PromiseKit.framework in Frameworks */ = {isa = PBXBuildFile; fileRef = 377123E81D7D961A0010CA1F /* PromiseKit.framework */; };
		37B7FDCE1D806B54009307F0 /* SwiftyJSON.framework in Frameworks */ = {isa = PBXBuildFile; fileRef = 377123E91D7D961A0010CA1F /* SwiftyJSON.framework */; };
		37DDEEAF1D7F58CE000A8FFC /* String+Additions.swift in Sources */ = {isa = PBXBuildFile; fileRef = 37DDEEAE1D7F58CE000A8FFC /* String+Additions.swift */; };
		C00C54001D9D71F800D39CBB /* HeatMap.metal in Resources */ = {isa = PBXBuildFile; fileRef = C00C53FF1D9D71F800D39CBB /* HeatMap.metal */; };
		C015BE171DA6D43C00C4B26A /* HeatMapCPU.swift in Sources */ = {isa = PBXBuildFile; fileRef = C015BE161DA6D43C00C4B26A /* HeatMapCPU.swift */; };
		C015BE191DA6D5C200C4B26A /* HeatMapGPU.swift in Sources */ = {isa = PBXBuildFile; fileRef = C015BE181DA6D5C200C4B26A /* HeatMapGPU.swift */; };
		C015BE311DAC070200C4B26A /* AwsService.swift in Sources */ = {isa = PBXBuildFile; fileRef = C015BE301DAC070200C4B26A /* AwsService.swift */; };
		C015BE351DAC254B00C4B26A /* StationMarker.swift in Sources */ = {isa = PBXBuildFile; fileRef = C015BE341DAC254B00C4B26A /* StationMarker.swift */; };
		C03219181EE08E3300B8920D /* RegionDrawerController.swift in Sources */ = {isa = PBXBuildFile; fileRef = C03219171EE08E3300B8920D /* RegionDrawerController.swift */; };
		C054D09F1D96D79200B71BF4 /* Observations.swift in Sources */ = {isa = PBXBuildFile; fileRef = C054D09E1D96D79200B71BF4 /* Observations.swift */; };
		C087BA061EF5B55A00E58F19 /* UIView+Additions.swift in Sources */ = {isa = PBXBuildFile; fileRef = C087BA051EF5B55A00E58F19 /* UIView+Additions.swift */; };
		C087BA171F0EE0EC00E58F19 /* SwiftMessages.framework in Frameworks */ = {isa = PBXBuildFile; fileRef = C087BA161F0EE0EC00E58F19 /* SwiftMessages.framework */; };
		C087BA191F1EABFF00E58F19 /* Messages.swift in Sources */ = {isa = PBXBuildFile; fileRef = C087BA181F1EABFF00E58F19 /* Messages.swift */; };
		C0A8E8B11E94DD9400270F50 /* Pulley.framework in Frameworks */ = {isa = PBXBuildFile; fileRef = C0A8E8B01E94DD9400270F50 /* Pulley.framework */; };
		C0A8E8BB1E9BB41B00270F50 /* WhirlyGlobeMaplyComponent.framework in Frameworks */ = {isa = PBXBuildFile; fileRef = C0A8E8B81E9BB41500270F50 /* WhirlyGlobeMaplyComponent.framework */; };
		C0B778D81DAFDF1900DBB1FB /* WebViewController.swift in Sources */ = {isa = PBXBuildFile; fileRef = C0B778D71DAFDF1900DBB1FB /* WebViewController.swift */; };
		C0B778E01DB250FE00DBB1FB /* LastLocation.swift in Sources */ = {isa = PBXBuildFile; fileRef = C0B778DF1DB250FE00DBB1FB /* LastLocation.swift */; };
		C0B778EC1DB423DD00DBB1FB /* LegendGradientView.swift in Sources */ = {isa = PBXBuildFile; fileRef = C0B778EB1DB423DD00DBB1FB /* LegendGradientView.swift */; };
		C0BE7B651DA27207003888B9 /* Metal.framework in Frameworks */ = {isa = PBXBuildFile; fileRef = C0BE7B641DA27207003888B9 /* Metal.framework */; };
		C0F483681D99CDDB007A1404 /* MapDelegate.swift in Sources */ = {isa = PBXBuildFile; fileRef = C0F483671D99CDDB007A1404 /* MapDelegate.swift */; };
		C0F4836A1D99CDF9007A1404 /* Timeslot.swift in Sources */ = {isa = PBXBuildFile; fileRef = C0F483691D99CDF9007A1404 /* Timeslot.swift */; };
/* End PBXBuildFile section */

/* Begin PBXContainerItemProxy section */
		374EC9DE1D7CB5AA0047B82B /* PBXContainerItemProxy */ = {
			isa = PBXContainerItemProxy;
			containerPortal = 374EC9C11D7CB5A90047B82B /* Project object */;
			proxyType = 1;
			remoteGlobalIDString = 374EC9C81D7CB5A90047B82B;
			remoteInfo = CAVOK;
		};
		374EC9E91D7CB5AA0047B82B /* PBXContainerItemProxy */ = {
			isa = PBXContainerItemProxy;
			containerPortal = 374EC9C11D7CB5A90047B82B /* Project object */;
			proxyType = 1;
			remoteGlobalIDString = 374EC9C81D7CB5A90047B82B;
			remoteInfo = CAVOK;
		};
		C0A8E8B71E9BB41500270F50 /* PBXContainerItemProxy */ = {
			isa = PBXContainerItemProxy;
			containerPortal = C0A8E8B21E9BB41500270F50 /* WhirlyGlobeMaplyComponent.xcodeproj */;
			proxyType = 2;
			remoteGlobalIDString = 2BE536FF1D2499E500B60FAD;
			remoteInfo = WhirlyGlobeMaplyComponent;
		};
		C0A8E8B91E9BB41500270F50 /* PBXContainerItemProxy */ = {
			isa = PBXContainerItemProxy;
			containerPortal = C0A8E8B21E9BB41500270F50 /* WhirlyGlobeMaplyComponent.xcodeproj */;
			proxyType = 2;
			remoteGlobalIDString = 2BE537091D2499E500B60FAD;
			remoteInfo = WhirlyGlobeMaplyComponentTests;
		};
/* End PBXContainerItemProxy section */

/* Begin PBXFileReference section */
		371E0E311D7E0DAE00BE1846 /* RealmSwift.framework */ = {isa = PBXFileReference; lastKnownFileType = wrapper.framework; name = RealmSwift.framework; path = Carthage/Build/iOS/RealmSwift.framework; sourceTree = "<group>"; };
		371E0E3B1D7E11F700BE1846 /* UserMarker.swift */ = {isa = PBXFileReference; fileEncoding = 4; lastKnownFileType = sourcecode.swift; name = UserMarker.swift; path = Map/Location/UserMarker.swift; sourceTree = "<group>"; };
		371E0E3D1D7F4AC800BE1846 /* Realm.framework */ = {isa = PBXFileReference; lastKnownFileType = wrapper.framework; name = Realm.framework; path = Carthage/Build/iOS/Realm.framework; sourceTree = "<group>"; };
		372C04211D8FB4F400BEA8EB /* ObservationMarker.swift */ = {isa = PBXFileReference; fileEncoding = 4; lastKnownFileType = sourcecode.swift; name = ObservationMarker.swift; path = Weather/Observation/ObservationMarker.swift; sourceTree = "<group>"; };
		372C04251D8FB52A00BEA8EB /* ObservationCalloutView.swift */ = {isa = PBXFileReference; fileEncoding = 4; lastKnownFileType = sourcecode.swift; name = ObservationCalloutView.swift; path = Weather/Observation/ObservationCalloutView.swift; sourceTree = "<group>"; };
		3737DA961D8DDDE600EB57A2 /* CAVOK.template.plist */ = {isa = PBXFileReference; fileEncoding = 4; lastKnownFileType = text.plist.xml; path = CAVOK.template.plist; sourceTree = "<group>"; };
		3737DA9D1D8E7D2400EB57A2 /* ColorRamp.swift */ = {isa = PBXFileReference; fileEncoding = 4; lastKnownFileType = sourcecode.swift; name = ColorRamp.swift; path = Weather/Layers/ColorRamp.swift; sourceTree = "<group>"; };
		37486F221D89EA8300357E11 /* FrameChanger.swift */ = {isa = PBXFileReference; fileEncoding = 4; lastKnownFileType = sourcecode.swift; name = FrameChanger.swift; path = Weather/Layers/FrameChanger.swift; sourceTree = "<group>"; };
		374ACD0A1D7F4BB000C45A18 /* LocationManager.swift */ = {isa = PBXFileReference; fileEncoding = 4; lastKnownFileType = sourcecode.swift; name = LocationManager.swift; path = Map/Location/LocationManager.swift; sourceTree = "<group>"; };
		374EC9C91D7CB5A90047B82B /* CAVOK.app */ = {isa = PBXFileReference; explicitFileType = wrapper.application; includeInIndex = 0; path = CAVOK.app; sourceTree = BUILT_PRODUCTS_DIR; };
		374EC9CC1D7CB5A90047B82B /* AppDelegate.swift */ = {isa = PBXFileReference; lastKnownFileType = sourcecode.swift; path = AppDelegate.swift; sourceTree = "<group>"; };
		374EC9CE1D7CB5A90047B82B /* MapViewController.swift */ = {isa = PBXFileReference; lastKnownFileType = sourcecode.swift; name = MapViewController.swift; path = Map/MapViewController.swift; sourceTree = "<group>"; };
		374EC9D11D7CB5A90047B82B /* Base */ = {isa = PBXFileReference; lastKnownFileType = file.storyboard; name = Base; path = Base.lproj/Main.storyboard; sourceTree = "<group>"; };
		374EC9D31D7CB5A90047B82B /* Assets.xcassets */ = {isa = PBXFileReference; lastKnownFileType = folder.assetcatalog; path = Assets.xcassets; sourceTree = "<group>"; };
		374EC9D61D7CB5A90047B82B /* Base */ = {isa = PBXFileReference; lastKnownFileType = file.storyboard; name = Base; path = Base.lproj/LaunchScreen.storyboard; sourceTree = "<group>"; };
		374EC9D81D7CB5A90047B82B /* Info.plist */ = {isa = PBXFileReference; lastKnownFileType = text.plist.xml; path = Info.plist; sourceTree = "<group>"; };
		374EC9DD1D7CB5AA0047B82B /* CAVOKTests.xctest */ = {isa = PBXFileReference; explicitFileType = wrapper.cfbundle; includeInIndex = 0; path = CAVOKTests.xctest; sourceTree = BUILT_PRODUCTS_DIR; };
		374EC9E11D7CB5AA0047B82B /* CAVOKTests.swift */ = {isa = PBXFileReference; lastKnownFileType = sourcecode.swift; path = CAVOKTests.swift; sourceTree = "<group>"; };
		374EC9E31D7CB5AA0047B82B /* Info.plist */ = {isa = PBXFileReference; lastKnownFileType = text.plist.xml; path = Info.plist; sourceTree = "<group>"; };
		374EC9E81D7CB5AA0047B82B /* CAVOKUITests.xctest */ = {isa = PBXFileReference; explicitFileType = wrapper.cfbundle; includeInIndex = 0; path = CAVOKUITests.xctest; sourceTree = BUILT_PRODUCTS_DIR; };
		374EC9EC1D7CB5AA0047B82B /* CAVOKUITests.swift */ = {isa = PBXFileReference; lastKnownFileType = sourcecode.swift; path = CAVOKUITests.swift; sourceTree = "<group>"; };
		374EC9EE1D7CB5AA0047B82B /* Info.plist */ = {isa = PBXFileReference; lastKnownFileType = text.plist.xml; path = Info.plist; sourceTree = "<group>"; };
		375784DF1D9321220046A8A7 /* TimeslotControl.swift */ = {isa = PBXFileReference; fileEncoding = 4; lastKnownFileType = sourcecode.swift; name = TimeslotControl.swift; path = Weather/Timeslot/TimeslotControl.swift; sourceTree = "<group>"; };
		375B78151DF09763000A9199 /* TimeslotDrawerController.swift */ = {isa = PBXFileReference; fileEncoding = 4; lastKnownFileType = sourcecode.swift; name = TimeslotDrawerController.swift; path = Weather/Timeslot/TimeslotDrawerController.swift; sourceTree = "<group>"; };
		376550461D86B9C100610329 /* HeatMap.swift */ = {isa = PBXFileReference; fileEncoding = 4; lastKnownFileType = sourcecode.swift; name = HeatMap.swift; path = Weather/Layers/HeatMap.swift; sourceTree = "<group>"; };
		3765504A1D86BAB000610329 /* WeatherTileSource.swift */ = {isa = PBXFileReference; fileEncoding = 4; lastKnownFileType = sourcecode.swift; name = WeatherTileSource.swift; path = Weather/Layers/WeatherTileSource.swift; sourceTree = "<group>"; };
		3765504C1D86BAD100610329 /* WeatherConfig.swift */ = {isa = PBXFileReference; fileEncoding = 4; lastKnownFileType = sourcecode.swift; name = WeatherConfig.swift; path = Weather/Layers/WeatherConfig.swift; sourceTree = "<group>"; };
		3765504E1D86BB7C00610329 /* WeatherLayer.swift */ = {isa = PBXFileReference; fileEncoding = 4; lastKnownFileType = sourcecode.swift; name = WeatherLayer.swift; path = Weather/Layers/WeatherLayer.swift; sourceTree = "<group>"; };
		376550501D86BBD400610329 /* Modules.swift */ = {isa = PBXFileReference; fileEncoding = 4; lastKnownFileType = sourcecode.swift; name = Modules.swift; path = Map/Modules.swift; sourceTree = "<group>"; };
		376550521D86C14A00610329 /* DebugTileSource.swift */ = {isa = PBXFileReference; fileEncoding = 4; lastKnownFileType = sourcecode.swift; name = DebugTileSource.swift; path = Weather/Layers/DebugTileSource.swift; sourceTree = "<group>"; };
		3765505B1D86E6E500610329 /* RegionSelection.swift */ = {isa = PBXFileReference; fileEncoding = 4; lastKnownFileType = sourcecode.swift; name = RegionSelection.swift; path = Weather/Region/RegionSelection.swift; sourceTree = "<group>"; };
		377123D81D7D92FB0010CA1F /* CoreLocation.framework */ = {isa = PBXFileReference; lastKnownFileType = wrapper.framework; name = CoreLocation.framework; path = System/Library/Frameworks/CoreLocation.framework; sourceTree = SDKROOT; };
		377123DA1D7D93110010CA1F /* libc++.tbd */ = {isa = PBXFileReference; lastKnownFileType = "sourcecode.text-based-dylib-definition"; name = "libc++.tbd"; path = "usr/lib/libc++.tbd"; sourceTree = SDKROOT; };
		377123DC1D7D931E0010CA1F /* libz.tbd */ = {isa = PBXFileReference; lastKnownFileType = "sourcecode.text-based-dylib-definition"; name = libz.tbd; path = usr/lib/libz.tbd; sourceTree = SDKROOT; };
		377123DE1D7D93280010CA1F /* libsqlite3.tbd */ = {isa = PBXFileReference; lastKnownFileType = "sourcecode.text-based-dylib-definition"; name = libsqlite3.tbd; path = usr/lib/libsqlite3.tbd; sourceTree = SDKROOT; };
		377123E01D7D93300010CA1F /* libxml2.tbd */ = {isa = PBXFileReference; lastKnownFileType = "sourcecode.text-based-dylib-definition"; name = libxml2.tbd; path = usr/lib/libxml2.tbd; sourceTree = SDKROOT; };
		377123E31D7D944B0010CA1F /* TileJSONLayer.swift */ = {isa = PBXFileReference; fileEncoding = 4; lastKnownFileType = sourcecode.swift; name = TileJSONLayer.swift; path = Map/Layers/TileJSONLayer.swift; sourceTree = "<group>"; };
		377123E61D7D94F50010CA1F /* CAVOK.plist */ = {isa = PBXFileReference; fileEncoding = 4; lastKnownFileType = text.plist.xml; path = CAVOK.plist; sourceTree = "<group>"; };
		377123E81D7D961A0010CA1F /* PromiseKit.framework */ = {isa = PBXFileReference; lastKnownFileType = wrapper.framework; name = PromiseKit.framework; path = Carthage/Build/iOS/PromiseKit.framework; sourceTree = "<group>"; };
		377123E91D7D961A0010CA1F /* SwiftyJSON.framework */ = {isa = PBXFileReference; lastKnownFileType = wrapper.framework; name = SwiftyJSON.framework; path = Carthage/Build/iOS/SwiftyJSON.framework; sourceTree = "<group>"; };
		377123EC1D7D967F0010CA1F /* Cartfile */ = {isa = PBXFileReference; fileEncoding = 4; lastKnownFileType = text; path = Cartfile; sourceTree = "<group>"; };
		377123EE1D7D96880010CA1F /* README.md */ = {isa = PBXFileReference; fileEncoding = 4; lastKnownFileType = net.daringfireball.markdown; path = README.md; sourceTree = "<group>"; };
		377123F31D7DB06D0010CA1F /* PMKFoundation.framework */ = {isa = PBXFileReference; lastKnownFileType = wrapper.framework; name = PMKFoundation.framework; path = Carthage/Build/iOS/PMKFoundation.framework; sourceTree = "<group>"; };
		378AE5F71D80B56D008492D5 /* TafTests.swift */ = {isa = PBXFileReference; fileEncoding = 4; lastKnownFileType = sourcecode.swift; path = TafTests.swift; sourceTree = "<group>"; };
		378AE5FB1D80BB35008492D5 /* ObservationTestCase.swift */ = {isa = PBXFileReference; fileEncoding = 4; lastKnownFileType = sourcecode.swift; path = ObservationTestCase.swift; sourceTree = "<group>"; };
		378F1F181DE4747300B2314A /* AirspaceAttributes.swift */ = {isa = PBXFileReference; fileEncoding = 4; lastKnownFileType = sourcecode.swift; name = AirspaceAttributes.swift; path = Airspace/AirspaceAttributes.swift; sourceTree = "<group>"; };
		378F1F1A1DE474EB00B2314A /* AirspaceCalloutView.swift */ = {isa = PBXFileReference; fileEncoding = 4; lastKnownFileType = sourcecode.swift; name = AirspaceCalloutView.swift; path = Airspace/AirspaceCalloutView.swift; sourceTree = "<group>"; };
		378F1F1C1DE4751F00B2314A /* AirspaceModule.swift */ = {isa = PBXFileReference; fileEncoding = 4; lastKnownFileType = sourcecode.swift; name = AirspaceModule.swift; path = Airspace/AirspaceModule.swift; sourceTree = "<group>"; };
		37A54FFC1D7FE15B002BADA0 /* LastSession.swift */ = {isa = PBXFileReference; fileEncoding = 4; lastKnownFileType = sourcecode.swift; name = LastSession.swift; path = Map/Location/LastSession.swift; sourceTree = "<group>"; };
		37A54FFE1D7FE9F6002BADA0 /* Maply+Additions.swift */ = {isa = PBXFileReference; fileEncoding = 4; lastKnownFileType = sourcecode.swift; name = "Maply+Additions.swift"; path = "Extensions/Maply+Additions.swift"; sourceTree = "<group>"; };
		37B22B661D81D78B001AF5BA /* AddsService.swift */ = {isa = PBXFileReference; fileEncoding = 4; lastKnownFileType = sourcecode.swift; name = AddsService.swift; path = Weather/Services/AddsService.swift; sourceTree = "<group>"; };
		37B22BDE1D81DC40001AF5BA /* SWXMLHash.framework */ = {isa = PBXFileReference; lastKnownFileType = wrapper.framework; name = SWXMLHash.framework; path = Carthage/Build/iOS/SWXMLHash.framework; sourceTree = "<group>"; };
		37B22BE11D81DDE3001AF5BA /* WeatherRegion.swift */ = {isa = PBXFileReference; fileEncoding = 4; lastKnownFileType = sourcecode.swift; name = WeatherRegion.swift; path = Weather/Region/WeatherRegion.swift; sourceTree = "<group>"; };
		37B22BE31D81E067001AF5BA /* WeatherService.swift */ = {isa = PBXFileReference; fileEncoding = 4; lastKnownFileType = sourcecode.swift; name = WeatherService.swift; path = Weather/Services/WeatherService.swift; sourceTree = "<group>"; };
		37B22BE51D81E330001AF5BA /* Weather.swift */ = {isa = PBXFileReference; fileEncoding = 4; lastKnownFileType = sourcecode.swift; name = Weather.swift; path = Weather/Models/Weather.swift; sourceTree = "<group>"; };
		37B22BE91D81E7A3001AF5BA /* Gzip.framework */ = {isa = PBXFileReference; lastKnownFileType = wrapper.framework; name = Gzip.framework; path = Carthage/Build/iOS/Gzip.framework; sourceTree = "<group>"; };
		37B22BED1D820658001AF5BA /* WeatherModule.swift */ = {isa = PBXFileReference; fileEncoding = 4; lastKnownFileType = sourcecode.swift; name = WeatherModule.swift; path = Weather/WeatherModule.swift; sourceTree = "<group>"; };
		37B22BF11D82085F001AF5BA /* MapModule.swift */ = {isa = PBXFileReference; fileEncoding = 4; lastKnownFileType = sourcecode.swift; name = MapModule.swift; path = Map/MapModule.swift; sourceTree = "<group>"; };
		37B7FDBE1D8064E5009307F0 /* Observation.swift */ = {isa = PBXFileReference; fileEncoding = 4; lastKnownFileType = sourcecode.swift; name = Observation.swift; path = Weather/Models/Observation.swift; sourceTree = "<group>"; };
		37B7FDBF1D8064E5009307F0 /* Tokenizer.swift */ = {isa = PBXFileReference; fileEncoding = 4; lastKnownFileType = sourcecode.swift; name = Tokenizer.swift; path = Weather/Models/Tokenizer.swift; sourceTree = "<group>"; };
		37B7FDC01D8064E5009307F0 /* Station.swift */ = {isa = PBXFileReference; fileEncoding = 4; lastKnownFileType = sourcecode.swift; name = Station.swift; path = Weather/Models/Station.swift; sourceTree = "<group>"; };
		37B7FDC41D806523009307F0 /* MetarTests.swift */ = {isa = PBXFileReference; fileEncoding = 4; lastKnownFileType = sourcecode.swift; path = MetarTests.swift; sourceTree = "<group>"; };
		37B7FDC61D80654F009307F0 /* Metar.swift */ = {isa = PBXFileReference; fileEncoding = 4; lastKnownFileType = sourcecode.swift; name = Metar.swift; path = Weather/Models/Metar.swift; sourceTree = "<group>"; };
		37B7FDC81D8065BD009307F0 /* Taf.swift */ = {isa = PBXFileReference; fileEncoding = 4; lastKnownFileType = sourcecode.swift; name = Taf.swift; path = Weather/Models/Taf.swift; sourceTree = "<group>"; };
		37DDEEAE1D7F58CE000A8FFC /* String+Additions.swift */ = {isa = PBXFileReference; fileEncoding = 4; lastKnownFileType = sourcecode.swift; name = "String+Additions.swift"; path = "Extensions/String+Additions.swift"; sourceTree = "<group>"; };
		C00C53FF1D9D71F800D39CBB /* HeatMap.metal */ = {isa = PBXFileReference; fileEncoding = 4; lastKnownFileType = sourcecode.metal; name = HeatMap.metal; path = Weather/Layers/HeatMap.metal; sourceTree = "<group>"; };
		C015BE161DA6D43C00C4B26A /* HeatMapCPU.swift */ = {isa = PBXFileReference; fileEncoding = 4; lastKnownFileType = sourcecode.swift; name = HeatMapCPU.swift; path = Weather/Layers/HeatMapCPU.swift; sourceTree = "<group>"; };
		C015BE181DA6D5C200C4B26A /* HeatMapGPU.swift */ = {isa = PBXFileReference; fileEncoding = 4; lastKnownFileType = sourcecode.swift; name = HeatMapGPU.swift; path = Weather/Layers/HeatMapGPU.swift; sourceTree = "<group>"; };
		C015BE301DAC070200C4B26A /* AwsService.swift */ = {isa = PBXFileReference; fileEncoding = 4; lastKnownFileType = sourcecode.swift; name = AwsService.swift; path = Weather/Services/AwsService.swift; sourceTree = "<group>"; };
		C015BE341DAC254B00C4B26A /* StationMarker.swift */ = {isa = PBXFileReference; fileEncoding = 4; lastKnownFileType = sourcecode.swift; name = StationMarker.swift; path = Weather/Region/StationMarker.swift; sourceTree = "<group>"; };
		C03219171EE08E3300B8920D /* RegionDrawerController.swift */ = {isa = PBXFileReference; fileEncoding = 4; lastKnownFileType = sourcecode.swift; name = RegionDrawerController.swift; path = Weather/Region/RegionDrawerController.swift; sourceTree = "<group>"; };
		C054D09E1D96D79200B71BF4 /* Observations.swift */ = {isa = PBXFileReference; fileEncoding = 4; lastKnownFileType = sourcecode.swift; name = Observations.swift; path = Weather/Models/Observations.swift; sourceTree = "<group>"; };
		C087BA051EF5B55A00E58F19 /* UIView+Additions.swift */ = {isa = PBXFileReference; fileEncoding = 4; lastKnownFileType = sourcecode.swift; name = "UIView+Additions.swift"; path = "Extensions/UIView+Additions.swift"; sourceTree = "<group>"; };
		C087BA161F0EE0EC00E58F19 /* SwiftMessages.framework */ = {isa = PBXFileReference; lastKnownFileType = wrapper.framework; name = SwiftMessages.framework; path = Carthage/Build/iOS/SwiftMessages.framework; sourceTree = "<group>"; };
		C087BA181F1EABFF00E58F19 /* Messages.swift */ = {isa = PBXFileReference; fileEncoding = 4; lastKnownFileType = sourcecode.swift; name = Messages.swift; path = Map/Messages.swift; sourceTree = "<group>"; };
		C0A8E8B01E94DD9400270F50 /* Pulley.framework */ = {isa = PBXFileReference; lastKnownFileType = wrapper.framework; name = Pulley.framework; path = Carthage/Build/iOS/Pulley.framework; sourceTree = "<group>"; };
		C0A8E8B21E9BB41500270F50 /* WhirlyGlobeMaplyComponent.xcodeproj */ = {isa = PBXFileReference; lastKnownFileType = "wrapper.pb-project"; name = WhirlyGlobeMaplyComponent.xcodeproj; path = "libs/WhirlyGlobe/ios/library/WhirlyGlobe-MaplyComponent/WhirlyGlobeMaplyComponent.xcodeproj"; sourceTree = "<group>"; };
		C0B778D71DAFDF1900DBB1FB /* WebViewController.swift */ = {isa = PBXFileReference; fileEncoding = 4; lastKnownFileType = sourcecode.swift; name = WebViewController.swift; path = Web/WebViewController.swift; sourceTree = "<group>"; };
		C0B778DF1DB250FE00DBB1FB /* LastLocation.swift */ = {isa = PBXFileReference; fileEncoding = 4; lastKnownFileType = sourcecode.swift; name = LastLocation.swift; path = Map/Location/LastLocation.swift; sourceTree = "<group>"; };
		C0B778EB1DB423DD00DBB1FB /* LegendGradientView.swift */ = {isa = PBXFileReference; fileEncoding = 4; lastKnownFileType = sourcecode.swift; name = LegendGradientView.swift; path = Weather/Legend/LegendGradientView.swift; sourceTree = "<group>"; };
		C0BE7B641DA27207003888B9 /* Metal.framework */ = {isa = PBXFileReference; lastKnownFileType = wrapper.framework; name = Metal.framework; path = System/Library/Frameworks/Metal.framework; sourceTree = SDKROOT; };
		C0F483671D99CDDB007A1404 /* MapDelegate.swift */ = {isa = PBXFileReference; fileEncoding = 4; lastKnownFileType = sourcecode.swift; name = MapDelegate.swift; path = Map/MapDelegate.swift; sourceTree = "<group>"; };
		C0F483691D99CDF9007A1404 /* Timeslot.swift */ = {isa = PBXFileReference; fileEncoding = 4; lastKnownFileType = sourcecode.swift; name = Timeslot.swift; path = Weather/Timeslot/Timeslot.swift; sourceTree = "<group>"; };
/* End PBXFileReference section */

/* Begin PBXFrameworksBuildPhase section */
		374EC9C61D7CB5A90047B82B /* Frameworks */ = {
			isa = PBXFrameworksBuildPhase;
			buildActionMask = 2147483647;
			files = (
				C087BA171F0EE0EC00E58F19 /* SwiftMessages.framework in Frameworks */,
				C0A8E8BB1E9BB41B00270F50 /* WhirlyGlobeMaplyComponent.framework in Frameworks */,
				C0A8E8B11E94DD9400270F50 /* Pulley.framework in Frameworks */,
				C0BE7B651DA27207003888B9 /* Metal.framework in Frameworks */,
				37B22BEA1D81E7A3001AF5BA /* Gzip.framework in Frameworks */,
				37B22BE01D81DC5B001AF5BA /* SWXMLHash.framework in Frameworks */,
				371E0E3E1D7F4AC900BE1846 /* Realm.framework in Frameworks */,
				371E0E321D7E0DAE00BE1846 /* RealmSwift.framework in Frameworks */,
				370222281D7DF07800984647 /* PMKFoundation.framework in Frameworks */,
				370222291D7DF07800984647 /* PromiseKit.framework in Frameworks */,
				3702222A1D7DF07800984647 /* SwiftyJSON.framework in Frameworks */,
				377123E11D7D93300010CA1F /* libxml2.tbd in Frameworks */,
				377123DF1D7D93280010CA1F /* libsqlite3.tbd in Frameworks */,
				377123DD1D7D931E0010CA1F /* libz.tbd in Frameworks */,
				377123DB1D7D93110010CA1F /* libc++.tbd in Frameworks */,
				377123D91D7D92FB0010CA1F /* CoreLocation.framework in Frameworks */,
			);
			runOnlyForDeploymentPostprocessing = 0;
		};
		374EC9DA1D7CB5AA0047B82B /* Frameworks */ = {
			isa = PBXFrameworksBuildPhase;
			buildActionMask = 2147483647;
			files = (
				37B22BDF1D81DC40001AF5BA /* SWXMLHash.framework in Frameworks */,
				37B7FDCA1D806B54009307F0 /* Realm.framework in Frameworks */,
				37B7FDCB1D806B54009307F0 /* RealmSwift.framework in Frameworks */,
				37B7FDCC1D806B54009307F0 /* PMKFoundation.framework in Frameworks */,
				37B7FDCD1D806B54009307F0 /* PromiseKit.framework in Frameworks */,
				37B7FDCE1D806B54009307F0 /* SwiftyJSON.framework in Frameworks */,
			);
			runOnlyForDeploymentPostprocessing = 0;
		};
		374EC9E51D7CB5AA0047B82B /* Frameworks */ = {
			isa = PBXFrameworksBuildPhase;
			buildActionMask = 2147483647;
			files = (
			);
			runOnlyForDeploymentPostprocessing = 0;
		};
/* End PBXFrameworksBuildPhase section */

/* Begin PBXGroup section */
		37486F261D89ECF800357E11 /* Layers */ = {
			isa = PBXGroup;
			children = (
				377123E31D7D944B0010CA1F /* TileJSONLayer.swift */,
			);
			name = Layers;
			sourceTree = "<group>";
		};
		37486F271D89ED2C00357E11 /* Location */ = {
			isa = PBXGroup;
			children = (
				C0B778DF1DB250FE00DBB1FB /* LastLocation.swift */,
				37A54FFC1D7FE15B002BADA0 /* LastSession.swift */,
				374ACD0A1D7F4BB000C45A18 /* LocationManager.swift */,
				371E0E3B1D7E11F700BE1846 /* UserMarker.swift */,
			);
			name = Location;
			sourceTree = "<group>";
		};
		374ACD101D7F4E7D00C45A18 /* Extensions */ = {
			isa = PBXGroup;
			children = (
				37DDEEAE1D7F58CE000A8FFC /* String+Additions.swift */,
				37A54FFE1D7FE9F6002BADA0 /* Maply+Additions.swift */,
				C087BA051EF5B55A00E58F19 /* UIView+Additions.swift */,
			);
			name = Extensions;
			sourceTree = "<group>";
		};
		374EC9C01D7CB5A90047B82B = {
			isa = PBXGroup;
			children = (
				377123EE1D7D96880010CA1F /* README.md */,
				377123EC1D7D967F0010CA1F /* Cartfile */,
				374EC9CB1D7CB5A90047B82B /* CAVOK */,
				374EC9E01D7CB5AA0047B82B /* CAVOKTests */,
				374EC9EB1D7CB5AA0047B82B /* CAVOKUITests */,
				374EC9CA1D7CB5A90047B82B /* Products */,
				377123CC1D7D8EF80010CA1F /* Frameworks */,
			);
			sourceTree = "<group>";
		};
		374EC9CA1D7CB5A90047B82B /* Products */ = {
			isa = PBXGroup;
			children = (
				374EC9C91D7CB5A90047B82B /* CAVOK.app */,
				374EC9DD1D7CB5AA0047B82B /* CAVOKTests.xctest */,
				374EC9E81D7CB5AA0047B82B /* CAVOKUITests.xctest */,
			);
			name = Products;
			sourceTree = "<group>";
		};
		374EC9CB1D7CB5A90047B82B /* CAVOK */ = {
			isa = PBXGroup;
			children = (
				378F1F151DE4745600B2314A /* Airspace */,
				374ACD101D7F4E7D00C45A18 /* Extensions */,
				377123E21D7D94110010CA1F /* Map */,
				37B7FDBA1D8064B8009307F0 /* Weather */,
				C0B778D41DAFDEF400DBB1FB /* Web */,
				374EC9CC1D7CB5A90047B82B /* AppDelegate.swift */,
				374EC9D01D7CB5A90047B82B /* Main.storyboard */,
				374EC9D31D7CB5A90047B82B /* Assets.xcassets */,
				374EC9D51D7CB5A90047B82B /* LaunchScreen.storyboard */,
				374EC9D81D7CB5A90047B82B /* Info.plist */,
				377123E61D7D94F50010CA1F /* CAVOK.plist */,
				3737DA961D8DDDE600EB57A2 /* CAVOK.template.plist */,
			);
			path = CAVOK;
			sourceTree = "<group>";
		};
		374EC9E01D7CB5AA0047B82B /* CAVOKTests */ = {
			isa = PBXGroup;
			children = (
				374EC9E11D7CB5AA0047B82B /* CAVOKTests.swift */,
				378AE5FB1D80BB35008492D5 /* ObservationTestCase.swift */,
				37B7FDC41D806523009307F0 /* MetarTests.swift */,
				378AE5F71D80B56D008492D5 /* TafTests.swift */,
				374EC9E31D7CB5AA0047B82B /* Info.plist */,
			);
			path = CAVOKTests;
			sourceTree = "<group>";
		};
		374EC9EB1D7CB5AA0047B82B /* CAVOKUITests */ = {
			isa = PBXGroup;
			children = (
				374EC9EC1D7CB5AA0047B82B /* CAVOKUITests.swift */,
				374EC9EE1D7CB5AA0047B82B /* Info.plist */,
			);
			path = CAVOKUITests;
			sourceTree = "<group>";
		};
		375784DC1D9320280046A8A7 /* Legend */ = {
			isa = PBXGroup;
			children = (
				C0B778EB1DB423DD00DBB1FB /* LegendGradientView.swift */,
			);
			name = Legend;
			sourceTree = "<group>";
		};
		376550431D86B9AA00610329 /* Layers */ = {
			isa = PBXGroup;
			children = (
				3737DA9D1D8E7D2400EB57A2 /* ColorRamp.swift */,
				376550521D86C14A00610329 /* DebugTileSource.swift */,
				37486F221D89EA8300357E11 /* FrameChanger.swift */,
				376550461D86B9C100610329 /* HeatMap.swift */,
				C00C53FF1D9D71F800D39CBB /* HeatMap.metal */,
				C015BE181DA6D5C200C4B26A /* HeatMapGPU.swift */,
				C015BE161DA6D43C00C4B26A /* HeatMapCPU.swift */,
				3765504C1D86BAD100610329 /* WeatherConfig.swift */,
				3765504E1D86BB7C00610329 /* WeatherLayer.swift */,
				3765504A1D86BAB000610329 /* WeatherTileSource.swift */,
			);
			name = Layers;
			sourceTree = "<group>";
		};
		376550581D86E6B100610329 /* Observation */ = {
			isa = PBXGroup;
			children = (
				372C04251D8FB52A00BEA8EB /* ObservationCalloutView.swift */,
				372C04211D8FB4F400BEA8EB /* ObservationMarker.swift */,
			);
			name = Observation;
			sourceTree = "<group>";
		};
		377123CC1D7D8EF80010CA1F /* Frameworks */ = {
			isa = PBXGroup;
			children = (
				C087BA161F0EE0EC00E58F19 /* SwiftMessages.framework */,
				C0A8E8B21E9BB41500270F50 /* WhirlyGlobeMaplyComponent.xcodeproj */,
				C0A8E8B01E94DD9400270F50 /* Pulley.framework */,
				C0BE7B641DA27207003888B9 /* Metal.framework */,
				37B22BE91D81E7A3001AF5BA /* Gzip.framework */,
				37B22BDE1D81DC40001AF5BA /* SWXMLHash.framework */,
				371E0E3D1D7F4AC800BE1846 /* Realm.framework */,
				371E0E311D7E0DAE00BE1846 /* RealmSwift.framework */,
				377123F31D7DB06D0010CA1F /* PMKFoundation.framework */,
				377123E81D7D961A0010CA1F /* PromiseKit.framework */,
				377123E91D7D961A0010CA1F /* SwiftyJSON.framework */,
				377123E01D7D93300010CA1F /* libxml2.tbd */,
				377123DE1D7D93280010CA1F /* libsqlite3.tbd */,
				377123DC1D7D931E0010CA1F /* libz.tbd */,
				377123DA1D7D93110010CA1F /* libc++.tbd */,
				377123D81D7D92FB0010CA1F /* CoreLocation.framework */,
			);
			name = Frameworks;
			sourceTree = "<group>";
		};
		377123E21D7D94110010CA1F /* Map */ = {
			isa = PBXGroup;
			children = (
				C0F483671D99CDDB007A1404 /* MapDelegate.swift */,
				37B22BF11D82085F001AF5BA /* MapModule.swift */,
				374EC9CE1D7CB5A90047B82B /* MapViewController.swift */,
				376550501D86BBD400610329 /* Modules.swift */,
				C087BA181F1EABFF00E58F19 /* Messages.swift */,
				37486F261D89ECF800357E11 /* Layers */,
				37486F271D89ED2C00357E11 /* Location */,
			);
			name = Map;
			sourceTree = "<group>";
		};
		378F1F151DE4745600B2314A /* Airspace */ = {
			isa = PBXGroup;
			children = (
				378F1F181DE4747300B2314A /* AirspaceAttributes.swift */,
				378F1F1A1DE474EB00B2314A /* AirspaceCalloutView.swift */,
				378F1F1C1DE4751F00B2314A /* AirspaceModule.swift */,
			);
			name = Airspace;
			sourceTree = "<group>";
		};
		37B22B651D81D75E001AF5BA /* Services */ = {
			isa = PBXGroup;
			children = (
				37B22B661D81D78B001AF5BA /* AddsService.swift */,
				C015BE301DAC070200C4B26A /* AwsService.swift */,
				37B22BE31D81E067001AF5BA /* WeatherService.swift */,
			);
			name = Services;
			sourceTree = "<group>";
		};
		37B7FDBA1D8064B8009307F0 /* Weather */ = {
			isa = PBXGroup;
			children = (
				37B22BED1D820658001AF5BA /* WeatherModule.swift */,
				376550431D86B9AA00610329 /* Layers */,
				375784DC1D9320280046A8A7 /* Legend */,
				37B7FDBD1D8064CA009307F0 /* Models */,
				376550581D86E6B100610329 /* Observation */,
				C087BA091EF5D6D300E58F19 /* Region */,
				37B22B651D81D75E001AF5BA /* Services */,
				C087BA1D1F26805100E58F19 /* Timeslot */,
			);
			name = Weather;
			sourceTree = "<group>";
		};
		37B7FDBD1D8064CA009307F0 /* Models */ = {
			isa = PBXGroup;
			children = (
				37B7FDC61D80654F009307F0 /* Metar.swift */,
				37B7FDBE1D8064E5009307F0 /* Observation.swift */,
				C054D09E1D96D79200B71BF4 /* Observations.swift */,
				37B7FDC01D8064E5009307F0 /* Station.swift */,
				37B7FDC81D8065BD009307F0 /* Taf.swift */,
				37B7FDBF1D8064E5009307F0 /* Tokenizer.swift */,
				37B22BE51D81E330001AF5BA /* Weather.swift */,
			);
			name = Models;
			sourceTree = "<group>";
		};
		C087BA091EF5D6D300E58F19 /* Region */ = {
			isa = PBXGroup;
			children = (
				3765505B1D86E6E500610329 /* RegionSelection.swift */,
				C03219171EE08E3300B8920D /* RegionDrawerController.swift */,
				C015BE341DAC254B00C4B26A /* StationMarker.swift */,
				37B22BE11D81DDE3001AF5BA /* WeatherRegion.swift */,
			);
			name = Region;
			sourceTree = "<group>";
		};
		C087BA1D1F26805100E58F19 /* Timeslot */ = {
			isa = PBXGroup;
			children = (
				375B78151DF09763000A9199 /* TimeslotDrawerController.swift */,
				C0F483691D99CDF9007A1404 /* Timeslot.swift */,
				375784DF1D9321220046A8A7 /* TimeslotControl.swift */,
			);
			name = Timeslot;
			sourceTree = "<group>";
		};
		C0A8E8B31E9BB41500270F50 /* Products */ = {
			isa = PBXGroup;
			children = (
				C0A8E8B81E9BB41500270F50 /* WhirlyGlobeMaplyComponent.framework */,
				C0A8E8BA1E9BB41500270F50 /* WhirlyGlobeMaplyComponentTests.xctest */,
			);
			name = Products;
			sourceTree = "<group>";
		};
		C0B778D41DAFDEF400DBB1FB /* Web */ = {
			isa = PBXGroup;
			children = (
				C0B778D71DAFDF1900DBB1FB /* WebViewController.swift */,
			);
			name = Web;
			sourceTree = "<group>";
		};
/* End PBXGroup section */

/* Begin PBXNativeTarget section */
		374EC9C81D7CB5A90047B82B /* CAVOK */ = {
			isa = PBXNativeTarget;
			buildConfigurationList = 374EC9F11D7CB5AA0047B82B /* Build configuration list for PBXNativeTarget "CAVOK" */;
			buildPhases = (
				374EC9C51D7CB5A90047B82B /* Sources */,
				374EC9C61D7CB5A90047B82B /* Frameworks */,
				374EC9C71D7CB5A90047B82B /* Resources */,
				3702222B1D7DF19F00984647 /* ShellScript */,
			);
			buildRules = (
			);
			dependencies = (
			);
			name = CAVOK;
			productName = CAVOK;
			productReference = 374EC9C91D7CB5A90047B82B /* CAVOK.app */;
			productType = "com.apple.product-type.application";
		};
		374EC9DC1D7CB5AA0047B82B /* CAVOKTests */ = {
			isa = PBXNativeTarget;
			buildConfigurationList = 374EC9F41D7CB5AA0047B82B /* Build configuration list for PBXNativeTarget "CAVOKTests" */;
			buildPhases = (
				374EC9D91D7CB5AA0047B82B /* Sources */,
				374EC9DA1D7CB5AA0047B82B /* Frameworks */,
				374EC9DB1D7CB5AA0047B82B /* Resources */,
			);
			buildRules = (
			);
			dependencies = (
				374EC9DF1D7CB5AA0047B82B /* PBXTargetDependency */,
			);
			name = CAVOKTests;
			productName = CAVOKTests;
			productReference = 374EC9DD1D7CB5AA0047B82B /* CAVOKTests.xctest */;
			productType = "com.apple.product-type.bundle.unit-test";
		};
		374EC9E71D7CB5AA0047B82B /* CAVOKUITests */ = {
			isa = PBXNativeTarget;
			buildConfigurationList = 374EC9F71D7CB5AA0047B82B /* Build configuration list for PBXNativeTarget "CAVOKUITests" */;
			buildPhases = (
				374EC9E41D7CB5AA0047B82B /* Sources */,
				374EC9E51D7CB5AA0047B82B /* Frameworks */,
				374EC9E61D7CB5AA0047B82B /* Resources */,
			);
			buildRules = (
			);
			dependencies = (
				374EC9EA1D7CB5AA0047B82B /* PBXTargetDependency */,
			);
			name = CAVOKUITests;
			productName = CAVOKUITests;
			productReference = 374EC9E81D7CB5AA0047B82B /* CAVOKUITests.xctest */;
			productType = "com.apple.product-type.bundle.ui-testing";
		};
/* End PBXNativeTarget section */

/* Begin PBXProject section */
		374EC9C11D7CB5A90047B82B /* Project object */ = {
			isa = PBXProject;
			attributes = {
				LastSwiftUpdateCheck = 0800;
				LastUpgradeCheck = 0800;
				ORGANIZATIONNAME = "Juho Kolehmainen";
				TargetAttributes = {
					374EC9C81D7CB5A90047B82B = {
						CreatedOnToolsVersion = 8.0;
						DevelopmentTeam = 3WE3J68227;
						ProvisioningStyle = Automatic;
					};
					374EC9DC1D7CB5AA0047B82B = {
						CreatedOnToolsVersion = 8.0;
						ProvisioningStyle = Automatic;
						TestTargetID = 374EC9C81D7CB5A90047B82B;
					};
					374EC9E71D7CB5AA0047B82B = {
						CreatedOnToolsVersion = 8.0;
						ProvisioningStyle = Automatic;
						TestTargetID = 374EC9C81D7CB5A90047B82B;
					};
				};
			};
			buildConfigurationList = 374EC9C41D7CB5A90047B82B /* Build configuration list for PBXProject "CAVOK" */;
			compatibilityVersion = "Xcode 3.2";
			developmentRegion = English;
			hasScannedForEncodings = 0;
			knownRegions = (
				en,
				Base,
			);
			mainGroup = 374EC9C01D7CB5A90047B82B;
			productRefGroup = 374EC9CA1D7CB5A90047B82B /* Products */;
			projectDirPath = "";
			projectReferences = (
				{
					ProductGroup = C0A8E8B31E9BB41500270F50 /* Products */;
					ProjectRef = C0A8E8B21E9BB41500270F50 /* WhirlyGlobeMaplyComponent.xcodeproj */;
				},
			);
			projectRoot = "";
			targets = (
				374EC9C81D7CB5A90047B82B /* CAVOK */,
				374EC9DC1D7CB5AA0047B82B /* CAVOKTests */,
				374EC9E71D7CB5AA0047B82B /* CAVOKUITests */,
			);
		};
/* End PBXProject section */

/* Begin PBXReferenceProxy section */
		C0A8E8B81E9BB41500270F50 /* WhirlyGlobeMaplyComponent.framework */ = {
			isa = PBXReferenceProxy;
			fileType = wrapper.framework;
			path = WhirlyGlobeMaplyComponent.framework;
			remoteRef = C0A8E8B71E9BB41500270F50 /* PBXContainerItemProxy */;
			sourceTree = BUILT_PRODUCTS_DIR;
		};
		C0A8E8BA1E9BB41500270F50 /* WhirlyGlobeMaplyComponentTests.xctest */ = {
			isa = PBXReferenceProxy;
			fileType = wrapper.cfbundle;
			path = WhirlyGlobeMaplyComponentTests.xctest;
			remoteRef = C0A8E8B91E9BB41500270F50 /* PBXContainerItemProxy */;
			sourceTree = BUILT_PRODUCTS_DIR;
		};
/* End PBXReferenceProxy section */

/* Begin PBXResourcesBuildPhase section */
		374EC9C71D7CB5A90047B82B /* Resources */ = {
			isa = PBXResourcesBuildPhase;
			buildActionMask = 2147483647;
			files = (
				374EC9D71D7CB5A90047B82B /* LaunchScreen.storyboard in Resources */,
				C00C54001D9D71F800D39CBB /* HeatMap.metal in Resources */,
				377123E71D7D94F50010CA1F /* CAVOK.plist in Resources */,
				374EC9D41D7CB5A90047B82B /* Assets.xcassets in Resources */,
				374EC9D21D7CB5A90047B82B /* Main.storyboard in Resources */,
			);
			runOnlyForDeploymentPostprocessing = 0;
		};
		374EC9DB1D7CB5AA0047B82B /* Resources */ = {
			isa = PBXResourcesBuildPhase;
			buildActionMask = 2147483647;
			files = (
			);
			runOnlyForDeploymentPostprocessing = 0;
		};
		374EC9E61D7CB5AA0047B82B /* Resources */ = {
			isa = PBXResourcesBuildPhase;
			buildActionMask = 2147483647;
			files = (
			);
			runOnlyForDeploymentPostprocessing = 0;
		};
/* End PBXResourcesBuildPhase section */

/* Begin PBXShellScriptBuildPhase section */
		3702222B1D7DF19F00984647 /* ShellScript */ = {
			isa = PBXShellScriptBuildPhase;
			buildActionMask = 2147483647;
			files = (
			);
			inputPaths = (
				"$(SRCROOT)/Carthage/Build/iOS/PMKFoundation.framework",
				"$(SRCROOT)/Carthage/Build/iOS/PromiseKit.framework",
				"$(SRCROOT)/Carthage/Build/iOS/SwiftyJSON.framework",
				"$(SRCROOT)/Carthage/Build/iOS/Realm.framework",
				"$(SRCROOT)/Carthage/Build/iOS/RealmSwift.framework",
				"$(SRCROOT)/Carthage/Build/iOS/SWXMLHash.framework",
				"$(SRCROOT)/Carthage/Build/iOS/Gzip.framework",
				"$(SRCROOT)/Carthage/Build/iOS/Pulley.framework",
				"$(SRCROOT)/Carthage/Build/iOS/SwiftMessages.framework",
			);
			outputPaths = (
			);
			runOnlyForDeploymentPostprocessing = 0;
			shellPath = /bin/sh;
			shellScript = "/usr/local/bin/carthage copy-frameworks";
		};
/* End PBXShellScriptBuildPhase section */

/* Begin PBXSourcesBuildPhase section */
		374EC9C51D7CB5A90047B82B /* Sources */ = {
			isa = PBXSourcesBuildPhase;
			buildActionMask = 2147483647;
			files = (
				3737DA9E1D8E7D2400EB57A2 /* ColorRamp.swift in Sources */,
				376550471D86B9C100610329 /* HeatMap.swift in Sources */,
				37B22BE41D81E067001AF5BA /* WeatherService.swift in Sources */,
				C015BE351DAC254B00C4B26A /* StationMarker.swift in Sources */,
				3765505C1D86E6E500610329 /* RegionSelection.swift in Sources */,
				C087BA191F1EABFF00E58F19 /* Messages.swift in Sources */,
				37B22BEE1D820658001AF5BA /* WeatherModule.swift in Sources */,
				C087BA061EF5B55A00E58F19 /* UIView+Additions.swift in Sources */,
				374ACD0B1D7F4BB000C45A18 /* LocationManager.swift in Sources */,
				371E0E3C1D7E11F700BE1846 /* UserMarker.swift in Sources */,
				C0F483681D99CDDB007A1404 /* MapDelegate.swift in Sources */,
				C015BE311DAC070200C4B26A /* AwsService.swift in Sources */,
				C0B778EC1DB423DD00DBB1FB /* LegendGradientView.swift in Sources */,
				37B7FDC21D8064E5009307F0 /* Tokenizer.swift in Sources */,
				374EC9CF1D7CB5A90047B82B /* MapViewController.swift in Sources */,
				378F1F191DE4747300B2314A /* AirspaceAttributes.swift in Sources */,
				37A54FFF1D7FE9F6002BADA0 /* Maply+Additions.swift in Sources */,
				C0B778D81DAFDF1900DBB1FB /* WebViewController.swift in Sources */,
				C054D09F1D96D79200B71BF4 /* Observations.swift in Sources */,
				37B22BE61D81E330001AF5BA /* Weather.swift in Sources */,
				3765504B1D86BAB000610329 /* WeatherTileSource.swift in Sources */,
				3765504F1D86BB7C00610329 /* WeatherLayer.swift in Sources */,
				372C04221D8FB4F400BEA8EB /* ObservationMarker.swift in Sources */,
				37B7FDC11D8064E5009307F0 /* Observation.swift in Sources */,
				378F1F1D1DE4751F00B2314A /* AirspaceModule.swift in Sources */,
				372C04261D8FB52A00BEA8EB /* ObservationCalloutView.swift in Sources */,
				C0B778E01DB250FE00DBB1FB /* LastLocation.swift in Sources */,
				376550511D86BBD400610329 /* Modules.swift in Sources */,
				37A54FFD1D7FE15B002BADA0 /* LastSession.swift in Sources */,
				376550531D86C14A00610329 /* DebugTileSource.swift in Sources */,
				C015BE171DA6D43C00C4B26A /* HeatMapCPU.swift in Sources */,
				37B22B671D81D78B001AF5BA /* AddsService.swift in Sources */,
				C0F4836A1D99CDF9007A1404 /* Timeslot.swift in Sources */,
				37B22BE21D81DDE3001AF5BA /* WeatherRegion.swift in Sources */,
				37B7FDC71D80654F009307F0 /* Metar.swift in Sources */,
				37B22BF21D82085F001AF5BA /* MapModule.swift in Sources */,
				377123E41D7D944B0010CA1F /* TileJSONLayer.swift in Sources */,
				C03219181EE08E3300B8920D /* RegionDrawerController.swift in Sources */,
				378F1F1B1DE474EB00B2314A /* AirspaceCalloutView.swift in Sources */,
				375784E01D9321220046A8A7 /* TimeslotControl.swift in Sources */,
				37486F231D89EA8300357E11 /* FrameChanger.swift in Sources */,
				37B7FDC31D8064E5009307F0 /* Station.swift in Sources */,
				375B78161DF09763000A9199 /* TimeslotDrawerController.swift in Sources */,
				C015BE191DA6D5C200C4B26A /* HeatMapGPU.swift in Sources */,
				374EC9CD1D7CB5A90047B82B /* AppDelegate.swift in Sources */,
				37B7FDC91D8065BD009307F0 /* Taf.swift in Sources */,
				37DDEEAF1D7F58CE000A8FFC /* String+Additions.swift in Sources */,
				3765504D1D86BAD100610329 /* WeatherConfig.swift in Sources */,
			);
			runOnlyForDeploymentPostprocessing = 0;
		};
		374EC9D91D7CB5AA0047B82B /* Sources */ = {
			isa = PBXSourcesBuildPhase;
			buildActionMask = 2147483647;
			files = (
				378AE5F81D80B56D008492D5 /* TafTests.swift in Sources */,
				374EC9E21D7CB5AA0047B82B /* CAVOKTests.swift in Sources */,
				37B7FDC51D806523009307F0 /* MetarTests.swift in Sources */,
				378AE5FC1D80BB35008492D5 /* ObservationTestCase.swift in Sources */,
			);
			runOnlyForDeploymentPostprocessing = 0;
		};
		374EC9E41D7CB5AA0047B82B /* Sources */ = {
			isa = PBXSourcesBuildPhase;
			buildActionMask = 2147483647;
			files = (
				374EC9ED1D7CB5AA0047B82B /* CAVOKUITests.swift in Sources */,
			);
			runOnlyForDeploymentPostprocessing = 0;
		};
/* End PBXSourcesBuildPhase section */

/* Begin PBXTargetDependency section */
		374EC9DF1D7CB5AA0047B82B /* PBXTargetDependency */ = {
			isa = PBXTargetDependency;
			target = 374EC9C81D7CB5A90047B82B /* CAVOK */;
			targetProxy = 374EC9DE1D7CB5AA0047B82B /* PBXContainerItemProxy */;
		};
		374EC9EA1D7CB5AA0047B82B /* PBXTargetDependency */ = {
			isa = PBXTargetDependency;
			target = 374EC9C81D7CB5A90047B82B /* CAVOK */;
			targetProxy = 374EC9E91D7CB5AA0047B82B /* PBXContainerItemProxy */;
		};
/* End PBXTargetDependency section */

/* Begin PBXVariantGroup section */
		374EC9D01D7CB5A90047B82B /* Main.storyboard */ = {
			isa = PBXVariantGroup;
			children = (
				374EC9D11D7CB5A90047B82B /* Base */,
			);
			name = Main.storyboard;
			sourceTree = "<group>";
		};
		374EC9D51D7CB5A90047B82B /* LaunchScreen.storyboard */ = {
			isa = PBXVariantGroup;
			children = (
				374EC9D61D7CB5A90047B82B /* Base */,
			);
			name = LaunchScreen.storyboard;
			sourceTree = "<group>";
		};
/* End PBXVariantGroup section */

/* Begin XCBuildConfiguration section */
		374EC9EF1D7CB5AA0047B82B /* Debug */ = {
			isa = XCBuildConfiguration;
			buildSettings = {
				ALWAYS_SEARCH_USER_PATHS = NO;
				CLANG_ANALYZER_NONNULL = YES;
				CLANG_CXX_LANGUAGE_STANDARD = "gnu++0x";
				CLANG_CXX_LIBRARY = "libc++";
				CLANG_ENABLE_MODULES = YES;
				CLANG_ENABLE_OBJC_ARC = YES;
				CLANG_WARN_BOOL_CONVERSION = YES;
				CLANG_WARN_CONSTANT_CONVERSION = YES;
				CLANG_WARN_DIRECT_OBJC_ISA_USAGE = YES_ERROR;
				CLANG_WARN_DOCUMENTATION_COMMENTS = YES;
				CLANG_WARN_EMPTY_BODY = YES;
				CLANG_WARN_ENUM_CONVERSION = YES;
				CLANG_WARN_INFINITE_RECURSION = YES;
				CLANG_WARN_INT_CONVERSION = YES;
				CLANG_WARN_OBJC_ROOT_CLASS = YES_ERROR;
				CLANG_WARN_SUSPICIOUS_MOVE = YES;
				CLANG_WARN_SUSPICIOUS_MOVES = YES;
				CLANG_WARN_UNREACHABLE_CODE = YES;
				CLANG_WARN__DUPLICATE_METHOD_MATCH = YES;
				"CODE_SIGN_IDENTITY[sdk=iphoneos*]" = "iPhone Developer";
				COPY_PHASE_STRIP = NO;
				DEBUG_INFORMATION_FORMAT = dwarf;
				ENABLE_STRICT_OBJC_MSGSEND = YES;
				ENABLE_TESTABILITY = YES;
				GCC_C_LANGUAGE_STANDARD = gnu99;
				GCC_DYNAMIC_NO_PIC = NO;
				GCC_NO_COMMON_BLOCKS = YES;
				GCC_OPTIMIZATION_LEVEL = 0;
				GCC_PREPROCESSOR_DEFINITIONS = (
					"DEBUG=1",
					"$(inherited)",
				);
				GCC_WARN_64_TO_32_BIT_CONVERSION = YES;
				GCC_WARN_ABOUT_RETURN_TYPE = YES_ERROR;
				GCC_WARN_UNDECLARED_SELECTOR = YES;
				GCC_WARN_UNINITIALIZED_AUTOS = YES_AGGRESSIVE;
				GCC_WARN_UNUSED_FUNCTION = YES;
				GCC_WARN_UNUSED_VARIABLE = YES;
				IPHONEOS_DEPLOYMENT_TARGET = 10.0;
				MTL_ENABLE_DEBUG_INFO = YES;
				ONLY_ACTIVE_ARCH = YES;
				SDKROOT = iphoneos;
				SWIFT_ACTIVE_COMPILATION_CONDITIONS = DEBUG;
				SWIFT_OPTIMIZATION_LEVEL = "-Onone";
				TARGETED_DEVICE_FAMILY = "1,2";
			};
			name = Debug;
		};
		374EC9F01D7CB5AA0047B82B /* Release */ = {
			isa = XCBuildConfiguration;
			buildSettings = {
				ALWAYS_SEARCH_USER_PATHS = NO;
				CLANG_ANALYZER_NONNULL = YES;
				CLANG_CXX_LANGUAGE_STANDARD = "gnu++0x";
				CLANG_CXX_LIBRARY = "libc++";
				CLANG_ENABLE_MODULES = YES;
				CLANG_ENABLE_OBJC_ARC = YES;
				CLANG_WARN_BOOL_CONVERSION = YES;
				CLANG_WARN_CONSTANT_CONVERSION = YES;
				CLANG_WARN_DIRECT_OBJC_ISA_USAGE = YES_ERROR;
				CLANG_WARN_DOCUMENTATION_COMMENTS = YES;
				CLANG_WARN_EMPTY_BODY = YES;
				CLANG_WARN_ENUM_CONVERSION = YES;
				CLANG_WARN_INFINITE_RECURSION = YES;
				CLANG_WARN_INT_CONVERSION = YES;
				CLANG_WARN_OBJC_ROOT_CLASS = YES_ERROR;
				CLANG_WARN_SUSPICIOUS_MOVE = YES;
				CLANG_WARN_SUSPICIOUS_MOVES = YES;
				CLANG_WARN_UNREACHABLE_CODE = YES;
				CLANG_WARN__DUPLICATE_METHOD_MATCH = YES;
				"CODE_SIGN_IDENTITY[sdk=iphoneos*]" = "iPhone Developer";
				COPY_PHASE_STRIP = NO;
				DEBUG_INFORMATION_FORMAT = "dwarf-with-dsym";
				ENABLE_NS_ASSERTIONS = NO;
				ENABLE_STRICT_OBJC_MSGSEND = YES;
				GCC_C_LANGUAGE_STANDARD = gnu99;
				GCC_NO_COMMON_BLOCKS = YES;
				GCC_WARN_64_TO_32_BIT_CONVERSION = YES;
				GCC_WARN_ABOUT_RETURN_TYPE = YES_ERROR;
				GCC_WARN_UNDECLARED_SELECTOR = YES;
				GCC_WARN_UNINITIALIZED_AUTOS = YES_AGGRESSIVE;
				GCC_WARN_UNUSED_FUNCTION = YES;
				GCC_WARN_UNUSED_VARIABLE = YES;
				IPHONEOS_DEPLOYMENT_TARGET = 10.0;
				MTL_ENABLE_DEBUG_INFO = NO;
				SDKROOT = iphoneos;
				SWIFT_OPTIMIZATION_LEVEL = "-Owholemodule";
				TARGETED_DEVICE_FAMILY = "1,2";
				VALIDATE_PRODUCT = YES;
			};
			name = Release;
		};
		374EC9F21D7CB5AA0047B82B /* Debug */ = {
			isa = XCBuildConfiguration;
			buildSettings = {
				ASSETCATALOG_COMPILER_APPICON_NAME = AppIcon;
				DEVELOPMENT_TEAM = 3WE3J68227;
				FRAMEWORK_SEARCH_PATHS = (
					"$(inherited)",
					"$(PROJECT_DIR)/Carthage/Build/iOS",
				);
				INFOPLIST_FILE = CAVOK/Info.plist;
				LD_RUNPATH_SEARCH_PATHS = "$(inherited) @executable_path/Frameworks";
				PRODUCT_BUNDLE_IDENTIFIER = net.tusina.CAVOK;
				PRODUCT_NAME = "$(TARGET_NAME)";
				SWIFT_OBJC_BRIDGING_HEADER = "$(SRCROOT)/libs/WhirlyGlobe/ios/library/WhirlyGlobe-MaplyComponent/include/MaplyBridge.h";
				SWIFT_VERSION = 3.0;
			};
			name = Debug;
		};
		374EC9F31D7CB5AA0047B82B /* Release */ = {
			isa = XCBuildConfiguration;
			buildSettings = {
				ASSETCATALOG_COMPILER_APPICON_NAME = AppIcon;
				DEVELOPMENT_TEAM = 3WE3J68227;
				FRAMEWORK_SEARCH_PATHS = (
					"$(inherited)",
					"$(PROJECT_DIR)/Carthage/Build/iOS",
				);
				INFOPLIST_FILE = CAVOK/Info.plist;
				LD_RUNPATH_SEARCH_PATHS = "$(inherited) @executable_path/Frameworks";
				PRODUCT_BUNDLE_IDENTIFIER = net.tusina.CAVOK;
				PRODUCT_NAME = "$(TARGET_NAME)";
				SWIFT_OBJC_BRIDGING_HEADER = "$(SRCROOT)/libs/WhirlyGlobe/ios/library/WhirlyGlobe-MaplyComponent/include/MaplyBridge.h";
				SWIFT_VERSION = 3.0;
			};
			name = Release;
		};
		374EC9F51D7CB5AA0047B82B /* Debug */ = {
			isa = XCBuildConfiguration;
			buildSettings = {
				ALWAYS_EMBED_SWIFT_STANDARD_LIBRARIES = YES;
				BUNDLE_LOADER = "$(TEST_HOST)";
				FRAMEWORK_SEARCH_PATHS = (
					"$(inherited)",
					"$(PROJECT_DIR)/Carthage/Build/iOS",
				);
				INFOPLIST_FILE = CAVOKTests/Info.plist;
				LD_RUNPATH_SEARCH_PATHS = "$(inherited) @executable_path/Frameworks @loader_path/Frameworks";
				PRODUCT_BUNDLE_IDENTIFIER = net.tusina.CAVOKTests;
				PRODUCT_NAME = "$(TARGET_NAME)";
				SWIFT_VERSION = 3.0;
				TEST_HOST = "$(BUILT_PRODUCTS_DIR)/CAVOK.app/CAVOK";
			};
			name = Debug;
		};
		374EC9F61D7CB5AA0047B82B /* Release */ = {
			isa = XCBuildConfiguration;
			buildSettings = {
				ALWAYS_EMBED_SWIFT_STANDARD_LIBRARIES = YES;
				BUNDLE_LOADER = "$(TEST_HOST)";
				FRAMEWORK_SEARCH_PATHS = (
					"$(inherited)",
					"$(PROJECT_DIR)/Carthage/Build/iOS",
				);
				INFOPLIST_FILE = CAVOKTests/Info.plist;
				LD_RUNPATH_SEARCH_PATHS = "$(inherited) @executable_path/Frameworks @loader_path/Frameworks";
				PRODUCT_BUNDLE_IDENTIFIER = net.tusina.CAVOKTests;
				PRODUCT_NAME = "$(TARGET_NAME)";
				SWIFT_VERSION = 3.0;
				TEST_HOST = "$(BUILT_PRODUCTS_DIR)/CAVOK.app/CAVOK";
			};
			name = Release;
		};
		374EC9F81D7CB5AA0047B82B /* Debug */ = {
			isa = XCBuildConfiguration;
			buildSettings = {
				ALWAYS_EMBED_SWIFT_STANDARD_LIBRARIES = YES;
				INFOPLIST_FILE = CAVOKUITests/Info.plist;
				LD_RUNPATH_SEARCH_PATHS = "$(inherited) @executable_path/Frameworks @loader_path/Frameworks";
				PRODUCT_BUNDLE_IDENTIFIER = net.tusina.CAVOKUITests;
				PRODUCT_NAME = "$(TARGET_NAME)";
				SWIFT_VERSION = 3.0;
				TEST_TARGET_NAME = CAVOK;
			};
			name = Debug;
		};
		374EC9F91D7CB5AA0047B82B /* Release */ = {
			isa = XCBuildConfiguration;
			buildSettings = {
				ALWAYS_EMBED_SWIFT_STANDARD_LIBRARIES = YES;
				INFOPLIST_FILE = CAVOKUITests/Info.plist;
				LD_RUNPATH_SEARCH_PATHS = "$(inherited) @executable_path/Frameworks @loader_path/Frameworks";
				PRODUCT_BUNDLE_IDENTIFIER = net.tusina.CAVOKUITests;
				PRODUCT_NAME = "$(TARGET_NAME)";
				SWIFT_VERSION = 3.0;
				TEST_TARGET_NAME = CAVOK;
			};
			name = Release;
		};
/* End XCBuildConfiguration section */

/* Begin XCConfigurationList section */
		374EC9C41D7CB5A90047B82B /* Build configuration list for PBXProject "CAVOK" */ = {
			isa = XCConfigurationList;
			buildConfigurations = (
				374EC9EF1D7CB5AA0047B82B /* Debug */,
				374EC9F01D7CB5AA0047B82B /* Release */,
			);
			defaultConfigurationIsVisible = 0;
			defaultConfigurationName = Release;
		};
		374EC9F11D7CB5AA0047B82B /* Build configuration list for PBXNativeTarget "CAVOK" */ = {
			isa = XCConfigurationList;
			buildConfigurations = (
				374EC9F21D7CB5AA0047B82B /* Debug */,
				374EC9F31D7CB5AA0047B82B /* Release */,
			);
			defaultConfigurationIsVisible = 0;
			defaultConfigurationName = Release;
		};
		374EC9F41D7CB5AA0047B82B /* Build configuration list for PBXNativeTarget "CAVOKTests" */ = {
			isa = XCConfigurationList;
			buildConfigurations = (
				374EC9F51D7CB5AA0047B82B /* Debug */,
				374EC9F61D7CB5AA0047B82B /* Release */,
			);
			defaultConfigurationIsVisible = 0;
			defaultConfigurationName = Release;
		};
		374EC9F71D7CB5AA0047B82B /* Build configuration list for PBXNativeTarget "CAVOKUITests" */ = {
			isa = XCConfigurationList;
			buildConfigurations = (
				374EC9F81D7CB5AA0047B82B /* Debug */,
				374EC9F91D7CB5AA0047B82B /* Release */,
			);
			defaultConfigurationIsVisible = 0;
			defaultConfigurationName = Release;
		};
/* End XCConfigurationList section */
	};
	rootObject = 374EC9C11D7CB5A90047B82B /* Project object */;
}
