// !$*UTF8*$!
{
	archiveVersion = 1;
	classes = {
	};
	objectVersion = 46;
	objects = {

/* Begin PBXBuildFile section */
		370222281D7DF07800984647 /* PMKFoundation.framework in Frameworks */ = {isa = PBXBuildFile; fileRef = 377123F31D7DB06D0010CA1F /* PMKFoundation.framework */; };
		370222291D7DF07800984647 /* PromiseKit.framework in Frameworks */ = {isa = PBXBuildFile; fileRef = 377123E81D7D961A0010CA1F /* PromiseKit.framework */; };
		3702222A1D7DF07800984647 /* SwiftyJSON.framework in Frameworks */ = {isa = PBXBuildFile; fileRef = 377123E91D7D961A0010CA1F /* SwiftyJSON.framework */; };
		374EC9CD1D7CB5A90047B82B /* AppDelegate.swift in Sources */ = {isa = PBXBuildFile; fileRef = 374EC9CC1D7CB5A90047B82B /* AppDelegate.swift */; };
		374EC9CF1D7CB5A90047B82B /* ViewController.swift in Sources */ = {isa = PBXBuildFile; fileRef = 374EC9CE1D7CB5A90047B82B /* ViewController.swift */; };
		374EC9D21D7CB5A90047B82B /* Main.storyboard in Resources */ = {isa = PBXBuildFile; fileRef = 374EC9D01D7CB5A90047B82B /* Main.storyboard */; };
		374EC9D41D7CB5A90047B82B /* Assets.xcassets in Resources */ = {isa = PBXBuildFile; fileRef = 374EC9D31D7CB5A90047B82B /* Assets.xcassets */; };
		374EC9D71D7CB5A90047B82B /* LaunchScreen.storyboard in Resources */ = {isa = PBXBuildFile; fileRef = 374EC9D51D7CB5A90047B82B /* LaunchScreen.storyboard */; };
		374EC9E21D7CB5AA0047B82B /* CAVOKTests.swift in Sources */ = {isa = PBXBuildFile; fileRef = 374EC9E11D7CB5AA0047B82B /* CAVOKTests.swift */; };
		374EC9ED1D7CB5AA0047B82B /* CAVOKUITests.swift in Sources */ = {isa = PBXBuildFile; fileRef = 374EC9EC1D7CB5AA0047B82B /* CAVOKUITests.swift */; };
		377123D71D7D91630010CA1F /* WhirlyGlobeMaplyComponent.framework in Frameworks */ = {isa = PBXBuildFile; fileRef = 377123D41D7D8EF90010CA1F /* WhirlyGlobeMaplyComponent.framework */; };
		377123D91D7D92FB0010CA1F /* CoreLocation.framework in Frameworks */ = {isa = PBXBuildFile; fileRef = 377123D81D7D92FB0010CA1F /* CoreLocation.framework */; };
		377123DB1D7D93110010CA1F /* libc++.tbd in Frameworks */ = {isa = PBXBuildFile; fileRef = 377123DA1D7D93110010CA1F /* libc++.tbd */; };
		377123DD1D7D931E0010CA1F /* libz.tbd in Frameworks */ = {isa = PBXBuildFile; fileRef = 377123DC1D7D931E0010CA1F /* libz.tbd */; };
		377123DF1D7D93280010CA1F /* libsqlite3.tbd in Frameworks */ = {isa = PBXBuildFile; fileRef = 377123DE1D7D93280010CA1F /* libsqlite3.tbd */; };
		377123E11D7D93300010CA1F /* libxml2.tbd in Frameworks */ = {isa = PBXBuildFile; fileRef = 377123E01D7D93300010CA1F /* libxml2.tbd */; };
		377123E41D7D944B0010CA1F /* TileJSONLayer.swift in Sources */ = {isa = PBXBuildFile; fileRef = 377123E31D7D944B0010CA1F /* TileJSONLayer.swift */; };
		377123E71D7D94F50010CA1F /* CAVOK.plist in Resources */ = {isa = PBXBuildFile; fileRef = 377123E61D7D94F50010CA1F /* CAVOK.plist */; };
/* End PBXBuildFile section */

/* Begin PBXContainerItemProxy section */
		374EC9DE1D7CB5AA0047B82B /* PBXContainerItemProxy */ = {
			isa = PBXContainerItemProxy;
			containerPortal = 374EC9C11D7CB5A90047B82B /* Project object */;
			proxyType = 1;
			remoteGlobalIDString = 374EC9C81D7CB5A90047B82B;
			remoteInfo = CAVOK;
		};
		374EC9E91D7CB5AA0047B82B /* PBXContainerItemProxy */ = {
			isa = PBXContainerItemProxy;
			containerPortal = 374EC9C11D7CB5A90047B82B /* Project object */;
			proxyType = 1;
			remoteGlobalIDString = 374EC9C81D7CB5A90047B82B;
			remoteInfo = CAVOK;
		};
		377123D31D7D8EF90010CA1F /* PBXContainerItemProxy */ = {
			isa = PBXContainerItemProxy;
			containerPortal = 377123CD1D7D8EF90010CA1F /* WhirlyGlobeMaplyComponent.xcodeproj */;
			proxyType = 2;
			remoteGlobalIDString = 2BE536FF1D2499E500B60FAD;
			remoteInfo = WhirlyGlobeMaplyComponent;
		};
		377123D51D7D8EF90010CA1F /* PBXContainerItemProxy */ = {
			isa = PBXContainerItemProxy;
			containerPortal = 377123CD1D7D8EF90010CA1F /* WhirlyGlobeMaplyComponent.xcodeproj */;
			proxyType = 2;
			remoteGlobalIDString = 2BE537091D2499E500B60FAD;
			remoteInfo = WhirlyGlobeMaplyComponentTests;
		};
/* End PBXContainerItemProxy section */

/* Begin PBXFileReference section */
		374EC9C91D7CB5A90047B82B /* CAVOK.app */ = {isa = PBXFileReference; explicitFileType = wrapper.application; includeInIndex = 0; path = CAVOK.app; sourceTree = BUILT_PRODUCTS_DIR; };
		374EC9CC1D7CB5A90047B82B /* AppDelegate.swift */ = {isa = PBXFileReference; lastKnownFileType = sourcecode.swift; path = AppDelegate.swift; sourceTree = "<group>"; };
		374EC9CE1D7CB5A90047B82B /* ViewController.swift */ = {isa = PBXFileReference; lastKnownFileType = sourcecode.swift; path = ViewController.swift; sourceTree = "<group>"; };
		374EC9D11D7CB5A90047B82B /* Base */ = {isa = PBXFileReference; lastKnownFileType = file.storyboard; name = Base; path = Base.lproj/Main.storyboard; sourceTree = "<group>"; };
		374EC9D31D7CB5A90047B82B /* Assets.xcassets */ = {isa = PBXFileReference; lastKnownFileType = folder.assetcatalog; path = Assets.xcassets; sourceTree = "<group>"; };
		374EC9D61D7CB5A90047B82B /* Base */ = {isa = PBXFileReference; lastKnownFileType = file.storyboard; name = Base; path = Base.lproj/LaunchScreen.storyboard; sourceTree = "<group>"; };
		374EC9D81D7CB5A90047B82B /* Info.plist */ = {isa = PBXFileReference; lastKnownFileType = text.plist.xml; path = Info.plist; sourceTree = "<group>"; };
		374EC9DD1D7CB5AA0047B82B /* CAVOKTests.xctest */ = {isa = PBXFileReference; explicitFileType = wrapper.cfbundle; includeInIndex = 0; path = CAVOKTests.xctest; sourceTree = BUILT_PRODUCTS_DIR; };
		374EC9E11D7CB5AA0047B82B /* CAVOKTests.swift */ = {isa = PBXFileReference; lastKnownFileType = sourcecode.swift; path = CAVOKTests.swift; sourceTree = "<group>"; };
		374EC9E31D7CB5AA0047B82B /* Info.plist */ = {isa = PBXFileReference; lastKnownFileType = text.plist.xml; path = Info.plist; sourceTree = "<group>"; };
		374EC9E81D7CB5AA0047B82B /* CAVOKUITests.xctest */ = {isa = PBXFileReference; explicitFileType = wrapper.cfbundle; includeInIndex = 0; path = CAVOKUITests.xctest; sourceTree = BUILT_PRODUCTS_DIR; };
		374EC9EC1D7CB5AA0047B82B /* CAVOKUITests.swift */ = {isa = PBXFileReference; lastKnownFileType = sourcecode.swift; path = CAVOKUITests.swift; sourceTree = "<group>"; };
		374EC9EE1D7CB5AA0047B82B /* Info.plist */ = {isa = PBXFileReference; lastKnownFileType = text.plist.xml; path = Info.plist; sourceTree = "<group>"; };
		377123CD1D7D8EF90010CA1F /* WhirlyGlobeMaplyComponent.xcodeproj */ = {isa = PBXFileReference; lastKnownFileType = "wrapper.pb-project"; name = WhirlyGlobeMaplyComponent.xcodeproj; path = "libs/WhirlyGlobe/WhirlyGlobeSrc/WhirlyGlobe-MaplyComponent/WhirlyGlobeMaplyComponent.xcodeproj"; sourceTree = "<group>"; };
		377123D81D7D92FB0010CA1F /* CoreLocation.framework */ = {isa = PBXFileReference; lastKnownFileType = wrapper.framework; name = CoreLocation.framework; path = System/Library/Frameworks/CoreLocation.framework; sourceTree = SDKROOT; };
		377123DA1D7D93110010CA1F /* libc++.tbd */ = {isa = PBXFileReference; lastKnownFileType = "sourcecode.text-based-dylib-definition"; name = "libc++.tbd"; path = "usr/lib/libc++.tbd"; sourceTree = SDKROOT; };
		377123DC1D7D931E0010CA1F /* libz.tbd */ = {isa = PBXFileReference; lastKnownFileType = "sourcecode.text-based-dylib-definition"; name = libz.tbd; path = usr/lib/libz.tbd; sourceTree = SDKROOT; };
		377123DE1D7D93280010CA1F /* libsqlite3.tbd */ = {isa = PBXFileReference; lastKnownFileType = "sourcecode.text-based-dylib-definition"; name = libsqlite3.tbd; path = usr/lib/libsqlite3.tbd; sourceTree = SDKROOT; };
		377123E01D7D93300010CA1F /* libxml2.tbd */ = {isa = PBXFileReference; lastKnownFileType = "sourcecode.text-based-dylib-definition"; name = libxml2.tbd; path = usr/lib/libxml2.tbd; sourceTree = SDKROOT; };
		377123E31D7D944B0010CA1F /* TileJSONLayer.swift */ = {isa = PBXFileReference; fileEncoding = 4; lastKnownFileType = sourcecode.swift; name = TileJSONLayer.swift; path = Map/TileJSONLayer.swift; sourceTree = "<group>"; };
		377123E61D7D94F50010CA1F /* CAVOK.plist */ = {isa = PBXFileReference; fileEncoding = 4; lastKnownFileType = text.plist.xml; path = CAVOK.plist; sourceTree = "<group>"; };
		377123E81D7D961A0010CA1F /* PromiseKit.framework */ = {isa = PBXFileReference; lastKnownFileType = wrapper.framework; name = PromiseKit.framework; path = Carthage/Build/iOS/PromiseKit.framework; sourceTree = "<group>"; };
		377123E91D7D961A0010CA1F /* SwiftyJSON.framework */ = {isa = PBXFileReference; lastKnownFileType = wrapper.framework; name = SwiftyJSON.framework; path = Carthage/Build/iOS/SwiftyJSON.framework; sourceTree = "<group>"; };
		377123EC1D7D967F0010CA1F /* Cartfile */ = {isa = PBXFileReference; fileEncoding = 4; lastKnownFileType = text; path = Cartfile; sourceTree = "<group>"; };
		377123EE1D7D96880010CA1F /* README.md */ = {isa = PBXFileReference; fileEncoding = 4; lastKnownFileType = net.daringfireball.markdown; path = README.md; sourceTree = "<group>"; };
		377123F31D7DB06D0010CA1F /* PMKFoundation.framework */ = {isa = PBXFileReference; lastKnownFileType = wrapper.framework; name = PMKFoundation.framework; path = Carthage/Build/iOS/PMKFoundation.framework; sourceTree = "<group>"; };
/* End PBXFileReference section */

/* Begin PBXFrameworksBuildPhase section */
		374EC9C61D7CB5A90047B82B /* Frameworks */ = {
			isa = PBXFrameworksBuildPhase;
			buildActionMask = 2147483647;
			files = (
				370222281D7DF07800984647 /* PMKFoundation.framework in Frameworks */,
				370222291D7DF07800984647 /* PromiseKit.framework in Frameworks */,
				3702222A1D7DF07800984647 /* SwiftyJSON.framework in Frameworks */,
				377123E11D7D93300010CA1F /* libxml2.tbd in Frameworks */,
				377123DF1D7D93280010CA1F /* libsqlite3.tbd in Frameworks */,
				377123DD1D7D931E0010CA1F /* libz.tbd in Frameworks */,
				377123DB1D7D93110010CA1F /* libc++.tbd in Frameworks */,
				377123D91D7D92FB0010CA1F /* CoreLocation.framework in Frameworks */,
				377123D71D7D91630010CA1F /* WhirlyGlobeMaplyComponent.framework in Frameworks */,
			);
			runOnlyForDeploymentPostprocessing = 0;
		};
		374EC9DA1D7CB5AA0047B82B /* Frameworks */ = {
			isa = PBXFrameworksBuildPhase;
			buildActionMask = 2147483647;
			files = (
			);
			runOnlyForDeploymentPostprocessing = 0;
		};
		374EC9E51D7CB5AA0047B82B /* Frameworks */ = {
			isa = PBXFrameworksBuildPhase;
			buildActionMask = 2147483647;
			files = (
			);
			runOnlyForDeploymentPostprocessing = 0;
		};
/* End PBXFrameworksBuildPhase section */

/* Begin PBXGroup section */
		374EC9C01D7CB5A90047B82B = {
			isa = PBXGroup;
			children = (
				377123EE1D7D96880010CA1F /* README.md */,
				377123EC1D7D967F0010CA1F /* Cartfile */,
				374EC9CB1D7CB5A90047B82B /* CAVOK */,
				374EC9E01D7CB5AA0047B82B /* CAVOKTests */,
				374EC9EB1D7CB5AA0047B82B /* CAVOKUITests */,
				374EC9CA1D7CB5A90047B82B /* Products */,
				377123CC1D7D8EF80010CA1F /* Frameworks */,
			);
			sourceTree = "<group>";
		};
		374EC9CA1D7CB5A90047B82B /* Products */ = {
			isa = PBXGroup;
			children = (
				374EC9C91D7CB5A90047B82B /* CAVOK.app */,
				374EC9DD1D7CB5AA0047B82B /* CAVOKTests.xctest */,
				374EC9E81D7CB5AA0047B82B /* CAVOKUITests.xctest */,
			);
			name = Products;
			sourceTree = "<group>";
		};
		374EC9CB1D7CB5A90047B82B /* CAVOK */ = {
			isa = PBXGroup;
			children = (
				377123E21D7D94110010CA1F /* Map */,
				374EC9CC1D7CB5A90047B82B /* AppDelegate.swift */,
				374EC9CE1D7CB5A90047B82B /* ViewController.swift */,
				374EC9D01D7CB5A90047B82B /* Main.storyboard */,
				374EC9D31D7CB5A90047B82B /* Assets.xcassets */,
				374EC9D51D7CB5A90047B82B /* LaunchScreen.storyboard */,
				374EC9D81D7CB5A90047B82B /* Info.plist */,
				377123E61D7D94F50010CA1F /* CAVOK.plist */,
			);
			path = CAVOK;
			sourceTree = "<group>";
		};
		374EC9E01D7CB5AA0047B82B /* CAVOKTests */ = {
			isa = PBXGroup;
			children = (
				374EC9E11D7CB5AA0047B82B /* CAVOKTests.swift */,
				374EC9E31D7CB5AA0047B82B /* Info.plist */,
			);
			path = CAVOKTests;
			sourceTree = "<group>";
		};
		374EC9EB1D7CB5AA0047B82B /* CAVOKUITests */ = {
			isa = PBXGroup;
			children = (
				374EC9EC1D7CB5AA0047B82B /* CAVOKUITests.swift */,
				374EC9EE1D7CB5AA0047B82B /* Info.plist */,
			);
			path = CAVOKUITests;
			sourceTree = "<group>";
		};
		377123CC1D7D8EF80010CA1F /* Frameworks */ = {
			isa = PBXGroup;
			children = (
				377123F31D7DB06D0010CA1F /* PMKFoundation.framework */,
				377123E81D7D961A0010CA1F /* PromiseKit.framework */,
				377123E91D7D961A0010CA1F /* SwiftyJSON.framework */,
				377123E01D7D93300010CA1F /* libxml2.tbd */,
				377123DE1D7D93280010CA1F /* libsqlite3.tbd */,
				377123DC1D7D931E0010CA1F /* libz.tbd */,
				377123DA1D7D93110010CA1F /* libc++.tbd */,
				377123D81D7D92FB0010CA1F /* CoreLocation.framework */,
				377123CD1D7D8EF90010CA1F /* WhirlyGlobeMaplyComponent.xcodeproj */,
			);
			name = Frameworks;
			sourceTree = "<group>";
		};
		377123CE1D7D8EF90010CA1F /* Products */ = {
			isa = PBXGroup;
			children = (
				377123D41D7D8EF90010CA1F /* WhirlyGlobeMaplyComponent.framework */,
				377123D61D7D8EF90010CA1F /* WhirlyGlobeMaplyComponentTests.xctest */,
			);
			name = Products;
			sourceTree = "<group>";
		};
		377123E21D7D94110010CA1F /* Map */ = {
			isa = PBXGroup;
			children = (
				377123E31D7D944B0010CA1F /* TileJSONLayer.swift */,
			);
			name = Map;
			sourceTree = "<group>";
		};
/* End PBXGroup section */

/* Begin PBXNativeTarget section */
		374EC9C81D7CB5A90047B82B /* CAVOK */ = {
			isa = PBXNativeTarget;
			buildConfigurationList = 374EC9F11D7CB5AA0047B82B /* Build configuration list for PBXNativeTarget "CAVOK" */;
			buildPhases = (
				374EC9C51D7CB5A90047B82B /* Sources */,
				374EC9C61D7CB5A90047B82B /* Frameworks */,
				374EC9C71D7CB5A90047B82B /* Resources */,
				3702222B1D7DF19F00984647 /* ShellScript */,
			);
			buildRules = (
			);
			dependencies = (
			);
			name = CAVOK;
			productName = CAVOK;
			productReference = 374EC9C91D7CB5A90047B82B /* CAVOK.app */;
			productType = "com.apple.product-type.application";
		};
		374EC9DC1D7CB5AA0047B82B /* CAVOKTests */ = {
			isa = PBXNativeTarget;
			buildConfigurationList = 374EC9F41D7CB5AA0047B82B /* Build configuration list for PBXNativeTarget "CAVOKTests" */;
			buildPhases = (
				374EC9D91D7CB5AA0047B82B /* Sources */,
				374EC9DA1D7CB5AA0047B82B /* Frameworks */,
				374EC9DB1D7CB5AA0047B82B /* Resources */,
			);
			buildRules = (
			);
			dependencies = (
				374EC9DF1D7CB5AA0047B82B /* PBXTargetDependency */,
			);
			name = CAVOKTests;
			productName = CAVOKTests;
			productReference = 374EC9DD1D7CB5AA0047B82B /* CAVOKTests.xctest */;
			productType = "com.apple.product-type.bundle.unit-test";
		};
		374EC9E71D7CB5AA0047B82B /* CAVOKUITests */ = {
			isa = PBXNativeTarget;
			buildConfigurationList = 374EC9F71D7CB5AA0047B82B /* Build configuration list for PBXNativeTarget "CAVOKUITests" */;
			buildPhases = (
				374EC9E41D7CB5AA0047B82B /* Sources */,
				374EC9E51D7CB5AA0047B82B /* Frameworks */,
				374EC9E61D7CB5AA0047B82B /* Resources */,
			);
			buildRules = (
			);
			dependencies = (
				374EC9EA1D7CB5AA0047B82B /* PBXTargetDependency */,
			);
			name = CAVOKUITests;
			productName = CAVOKUITests;
			productReference = 374EC9E81D7CB5AA0047B82B /* CAVOKUITests.xctest */;
			productType = "com.apple.product-type.bundle.ui-testing";
		};
/* End PBXNativeTarget section */

/* Begin PBXProject section */
		374EC9C11D7CB5A90047B82B /* Project object */ = {
			isa = PBXProject;
			attributes = {
				LastSwiftUpdateCheck = 0800;
				LastUpgradeCheck = 0800;
				ORGANIZATIONNAME = "Juho Kolehmainen";
				TargetAttributes = {
					374EC9C81D7CB5A90047B82B = {
						CreatedOnToolsVersion = 8.0;
						ProvisioningStyle = Automatic;
					};
					374EC9DC1D7CB5AA0047B82B = {
						CreatedOnToolsVersion = 8.0;
						ProvisioningStyle = Automatic;
						TestTargetID = 374EC9C81D7CB5A90047B82B;
					};
					374EC9E71D7CB5AA0047B82B = {
						CreatedOnToolsVersion = 8.0;
						ProvisioningStyle = Automatic;
						TestTargetID = 374EC9C81D7CB5A90047B82B;
					};
				};
			};
			buildConfigurationList = 374EC9C41D7CB5A90047B82B /* Build configuration list for PBXProject "CAVOK" */;
			compatibilityVersion = "Xcode 3.2";
			developmentRegion = English;
			hasScannedForEncodings = 0;
			knownRegions = (
				en,
				Base,
			);
			mainGroup = 374EC9C01D7CB5A90047B82B;
			productRefGroup = 374EC9CA1D7CB5A90047B82B /* Products */;
			projectDirPath = "";
			projectReferences = (
				{
					ProductGroup = 377123CE1D7D8EF90010CA1F /* Products */;
					ProjectRef = 377123CD1D7D8EF90010CA1F /* WhirlyGlobeMaplyComponent.xcodeproj */;
				},
			);
			projectRoot = "";
			targets = (
				374EC9C81D7CB5A90047B82B /* CAVOK */,
				374EC9DC1D7CB5AA0047B82B /* CAVOKTests */,
				374EC9E71D7CB5AA0047B82B /* CAVOKUITests */,
			);
		};
/* End PBXProject section */

/* Begin PBXReferenceProxy section */
		377123D41D7D8EF90010CA1F /* WhirlyGlobeMaplyComponent.framework */ = {
			isa = PBXReferenceProxy;
			fileType = wrapper.framework;
			path = WhirlyGlobeMaplyComponent.framework;
			remoteRef = 377123D31D7D8EF90010CA1F /* PBXContainerItemProxy */;
			sourceTree = BUILT_PRODUCTS_DIR;
		};
		377123D61D7D8EF90010CA1F /* WhirlyGlobeMaplyComponentTests.xctest */ = {
			isa = PBXReferenceProxy;
			fileType = wrapper.cfbundle;
			path = WhirlyGlobeMaplyComponentTests.xctest;
			remoteRef = 377123D51D7D8EF90010CA1F /* PBXContainerItemProxy */;
			sourceTree = BUILT_PRODUCTS_DIR;
		};
/* End PBXReferenceProxy section */

/* Begin PBXResourcesBuildPhase section */
		374EC9C71D7CB5A90047B82B /* Resources */ = {
			isa = PBXResourcesBuildPhase;
			buildActionMask = 2147483647;
			files = (
				374EC9D71D7CB5A90047B82B /* LaunchScreen.storyboard in Resources */,
				377123E71D7D94F50010CA1F /* CAVOK.plist in Resources */,
				374EC9D41D7CB5A90047B82B /* Assets.xcassets in Resources */,
				374EC9D21D7CB5A90047B82B /* Main.storyboard in Resources */,
			);
			runOnlyForDeploymentPostprocessing = 0;
		};
		374EC9DB1D7CB5AA0047B82B /* Resources */ = {
			isa = PBXResourcesBuildPhase;
			buildActionMask = 2147483647;
			files = (
			);
			runOnlyForDeploymentPostprocessing = 0;
		};
		374EC9E61D7CB5AA0047B82B /* Resources */ = {
			isa = PBXResourcesBuildPhase;
			buildActionMask = 2147483647;
			files = (
			);
			runOnlyForDeploymentPostprocessing = 0;
		};
/* End PBXResourcesBuildPhase section */

/* Begin PBXShellScriptBuildPhase section */
		3702222B1D7DF19F00984647 /* ShellScript */ = {
			isa = PBXShellScriptBuildPhase;
			buildActionMask = 2147483647;
			files = (
			);
			inputPaths = (
				"$(SRCROOT)/Carthage/Build/iOS/PMKFoundation.framework",
				"$(SRCROOT)/Carthage/Build/iOS/PromiseKit.framework",
				"$(SRCROOT)/Carthage/Build/iOS/SwiftyJSON.framework",
			);
			outputPaths = (
			);
			runOnlyForDeploymentPostprocessing = 0;
			shellPath = /bin/sh;
			shellScript = "/usr/local/bin/carthage copy-frameworks";
		};
/* End PBXShellScriptBuildPhase section */

/* Begin PBXSourcesBuildPhase section */
		374EC9C51D7CB5A90047B82B /* Sources */ = {
			isa = PBXSourcesBuildPhase;
			buildActionMask = 2147483647;
			files = (
				374EC9CF1D7CB5A90047B82B /* ViewController.swift in Sources */,
				377123E41D7D944B0010CA1F /* TileJSONLayer.swift in Sources */,
				374EC9CD1D7CB5A90047B82B /* AppDelegate.swift in Sources */,
			);
			runOnlyForDeploymentPostprocessing = 0;
		};
		374EC9D91D7CB5AA0047B82B /* Sources */ = {
			isa = PBXSourcesBuildPhase;
			buildActionMask = 2147483647;
			files = (
				374EC9E21D7CB5AA0047B82B /* CAVOKTests.swift in Sources */,
			);
			runOnlyForDeploymentPostprocessing = 0;
		};
		374EC9E41D7CB5AA0047B82B /* Sources */ = {
			isa = PBXSourcesBuildPhase;
			buildActionMask = 2147483647;
			files = (
				374EC9ED1D7CB5AA0047B82B /* CAVOKUITests.swift in Sources */,
			);
			runOnlyForDeploymentPostprocessing = 0;
		};
/* End PBXSourcesBuildPhase section */

/* Begin PBXTargetDependency section */
		374EC9DF1D7CB5AA0047B82B /* PBXTargetDependency */ = {
			isa = PBXTargetDependency;
			target = 374EC9C81D7CB5A90047B82B /* CAVOK */;
			targetProxy = 374EC9DE1D7CB5AA0047B82B /* PBXContainerItemProxy */;
		};
		374EC9EA1D7CB5AA0047B82B /* PBXTargetDependency */ = {
			isa = PBXTargetDependency;
			target = 374EC9C81D7CB5A90047B82B /* CAVOK */;
			targetProxy = 374EC9E91D7CB5AA0047B82B /* PBXContainerItemProxy */;
		};
/* End PBXTargetDependency section */

/* Begin PBXVariantGroup section */
		374EC9D01D7CB5A90047B82B /* Main.storyboard */ = {
			isa = PBXVariantGroup;
			children = (
				374EC9D11D7CB5A90047B82B /* Base */,
			);
			name = Main.storyboard;
			sourceTree = "<group>";
		};
		374EC9D51D7CB5A90047B82B /* LaunchScreen.storyboard */ = {
			isa = PBXVariantGroup;
			children = (
				374EC9D61D7CB5A90047B82B /* Base */,
			);
			name = LaunchScreen.storyboard;
			sourceTree = "<group>";
		};
/* End PBXVariantGroup section */

/* Begin XCBuildConfiguration section */
		374EC9EF1D7CB5AA0047B82B /* Debug */ = {
			isa = XCBuildConfiguration;
			buildSettings = {
				ALWAYS_SEARCH_USER_PATHS = NO;
				CLANG_ANALYZER_NONNULL = YES;
				CLANG_CXX_LANGUAGE_STANDARD = "gnu++0x";
				CLANG_CXX_LIBRARY = "libc++";
				CLANG_ENABLE_MODULES = YES;
				CLANG_ENABLE_OBJC_ARC = YES;
				CLANG_WARN_BOOL_CONVERSION = YES;
				CLANG_WARN_CONSTANT_CONVERSION = YES;
				CLANG_WARN_DIRECT_OBJC_ISA_USAGE = YES_ERROR;
				CLANG_WARN_DOCUMENTATION_COMMENTS = YES;
				CLANG_WARN_EMPTY_BODY = YES;
				CLANG_WARN_ENUM_CONVERSION = YES;
				CLANG_WARN_INFINITE_RECURSION = YES;
				CLANG_WARN_INT_CONVERSION = YES;
				CLANG_WARN_OBJC_ROOT_CLASS = YES_ERROR;
				CLANG_WARN_SUSPICIOUS_MOVES = YES;
				CLANG_WARN_UNREACHABLE_CODE = YES;
				CLANG_WARN__DUPLICATE_METHOD_MATCH = YES;
				"CODE_SIGN_IDENTITY[sdk=iphoneos*]" = "iPhone Developer";
				COPY_PHASE_STRIP = NO;
				DEBUG_INFORMATION_FORMAT = dwarf;
				ENABLE_STRICT_OBJC_MSGSEND = YES;
				ENABLE_TESTABILITY = YES;
				GCC_C_LANGUAGE_STANDARD = gnu99;
				GCC_DYNAMIC_NO_PIC = NO;
				GCC_NO_COMMON_BLOCKS = YES;
				GCC_OPTIMIZATION_LEVEL = 0;
				GCC_PREPROCESSOR_DEFINITIONS = (
					"DEBUG=1",
					"$(inherited)",
				);
				GCC_WARN_64_TO_32_BIT_CONVERSION = YES;
				GCC_WARN_ABOUT_RETURN_TYPE = YES_ERROR;
				GCC_WARN_UNDECLARED_SELECTOR = YES;
				GCC_WARN_UNINITIALIZED_AUTOS = YES_AGGRESSIVE;
				GCC_WARN_UNUSED_FUNCTION = YES;
				GCC_WARN_UNUSED_VARIABLE = YES;
				IPHONEOS_DEPLOYMENT_TARGET = 10.0;
				MTL_ENABLE_DEBUG_INFO = YES;
				ONLY_ACTIVE_ARCH = YES;
				SDKROOT = iphoneos;
				SWIFT_ACTIVE_COMPILATION_CONDITIONS = DEBUG;
				SWIFT_OPTIMIZATION_LEVEL = "-Onone";
				TARGETED_DEVICE_FAMILY = "1,2";
			};
			name = Debug;
		};
		374EC9F01D7CB5AA0047B82B /* Release */ = {
			isa = XCBuildConfiguration;
			buildSettings = {
				ALWAYS_SEARCH_USER_PATHS = NO;
				CLANG_ANALYZER_NONNULL = YES;
				CLANG_CXX_LANGUAGE_STANDARD = "gnu++0x";
				CLANG_CXX_LIBRARY = "libc++";
				CLANG_ENABLE_MODULES = YES;
				CLANG_ENABLE_OBJC_ARC = YES;
				CLANG_WARN_BOOL_CONVERSION = YES;
				CLANG_WARN_CONSTANT_CONVERSION = YES;
				CLANG_WARN_DIRECT_OBJC_ISA_USAGE = YES_ERROR;
				CLANG_WARN_DOCUMENTATION_COMMENTS = YES;
				CLANG_WARN_EMPTY_BODY = YES;
				CLANG_WARN_ENUM_CONVERSION = YES;
				CLANG_WARN_INFINITE_RECURSION = YES;
				CLANG_WARN_INT_CONVERSION = YES;
				CLANG_WARN_OBJC_ROOT_CLASS = YES_ERROR;
				CLANG_WARN_SUSPICIOUS_MOVES = YES;
				CLANG_WARN_UNREACHABLE_CODE = YES;
				CLANG_WARN__DUPLICATE_METHOD_MATCH = YES;
				"CODE_SIGN_IDENTITY[sdk=iphoneos*]" = "iPhone Developer";
				COPY_PHASE_STRIP = NO;
				DEBUG_INFORMATION_FORMAT = "dwarf-with-dsym";
				ENABLE_NS_ASSERTIONS = NO;
				ENABLE_STRICT_OBJC_MSGSEND = YES;
				GCC_C_LANGUAGE_STANDARD = gnu99;
				GCC_NO_COMMON_BLOCKS = YES;
				GCC_WARN_64_TO_32_BIT_CONVERSION = YES;
				GCC_WARN_ABOUT_RETURN_TYPE = YES_ERROR;
				GCC_WARN_UNDECLARED_SELECTOR = YES;
				GCC_WARN_UNINITIALIZED_AUTOS = YES_AGGRESSIVE;
				GCC_WARN_UNUSED_FUNCTION = YES;
				GCC_WARN_UNUSED_VARIABLE = YES;
				IPHONEOS_DEPLOYMENT_TARGET = 10.0;
				MTL_ENABLE_DEBUG_INFO = NO;
				SDKROOT = iphoneos;
				SWIFT_OPTIMIZATION_LEVEL = "-Owholemodule";
				TARGETED_DEVICE_FAMILY = "1,2";
				VALIDATE_PRODUCT = YES;
			};
			name = Release;
		};
		374EC9F21D7CB5AA0047B82B /* Debug */ = {
			isa = XCBuildConfiguration;
			buildSettings = {
				ASSETCATALOG_COMPILER_APPICON_NAME = AppIcon;
				FRAMEWORK_SEARCH_PATHS = (
					"$(inherited)",
					"$(PROJECT_DIR)/Carthage/Build/iOS",
				);
				INFOPLIST_FILE = CAVOK/Info.plist;
				LD_RUNPATH_SEARCH_PATHS = "$(inherited) @executable_path/Frameworks";
				PRODUCT_BUNDLE_IDENTIFIER = net.tusina.CAVOK;
				PRODUCT_NAME = "$(TARGET_NAME)";
				SWIFT_OBJC_BRIDGING_HEADER = "$(SRCROOT)/libs/WhirlyGlobe/WhirlyGlobeSrc/WhirlyGlobe-MaplyComponent/include/MaplyBridge.h";
				SWIFT_VERSION = 3.0;
			};
			name = Debug;
		};
		374EC9F31D7CB5AA0047B82B /* Release */ = {
			isa = XCBuildConfiguration;
			buildSettings = {
				ASSETCATALOG_COMPILER_APPICON_NAME = AppIcon;
				FRAMEWORK_SEARCH_PATHS = (
					"$(inherited)",
					"$(PROJECT_DIR)/Carthage/Build/iOS",
				);
				INFOPLIST_FILE = CAVOK/Info.plist;
				LD_RUNPATH_SEARCH_PATHS = "$(inherited) @executable_path/Frameworks";
				PRODUCT_BUNDLE_IDENTIFIER = net.tusina.CAVOK;
				PRODUCT_NAME = "$(TARGET_NAME)";
				SWIFT_OBJC_BRIDGING_HEADER = "$(SRCROOT)/libs/WhirlyGlobe/WhirlyGlobeSrc/WhirlyGlobe-MaplyComponent/include/MaplyBridge.h";
				SWIFT_VERSION = 3.0;
			};
			name = Release;
		};
		374EC9F51D7CB5AA0047B82B /* Debug */ = {
			isa = XCBuildConfiguration;
			buildSettings = {
				ALWAYS_EMBED_SWIFT_STANDARD_LIBRARIES = YES;
				BUNDLE_LOADER = "$(TEST_HOST)";
				INFOPLIST_FILE = CAVOKTests/Info.plist;
				LD_RUNPATH_SEARCH_PATHS = "$(inherited) @executable_path/Frameworks @loader_path/Frameworks";
				PRODUCT_BUNDLE_IDENTIFIER = net.tusina.CAVOKTests;
				PRODUCT_NAME = "$(TARGET_NAME)";
				SWIFT_VERSION = 3.0;
				TEST_HOST = "$(BUILT_PRODUCTS_DIR)/CAVOK.app/CAVOK";
			};
			name = Debug;
		};
		374EC9F61D7CB5AA0047B82B /* Release */ = {
			isa = XCBuildConfiguration;
			buildSettings = {
				ALWAYS_EMBED_SWIFT_STANDARD_LIBRARIES = YES;
				BUNDLE_LOADER = "$(TEST_HOST)";
				INFOPLIST_FILE = CAVOKTests/Info.plist;
				LD_RUNPATH_SEARCH_PATHS = "$(inherited) @executable_path/Frameworks @loader_path/Frameworks";
				PRODUCT_BUNDLE_IDENTIFIER = net.tusina.CAVOKTests;
				PRODUCT_NAME = "$(TARGET_NAME)";
				SWIFT_VERSION = 3.0;
				TEST_HOST = "$(BUILT_PRODUCTS_DIR)/CAVOK.app/CAVOK";
			};
			name = Release;
		};
		374EC9F81D7CB5AA0047B82B /* Debug */ = {
			isa = XCBuildConfiguration;
			buildSettings = {
				ALWAYS_EMBED_SWIFT_STANDARD_LIBRARIES = YES;
				INFOPLIST_FILE = CAVOKUITests/Info.plist;
				LD_RUNPATH_SEARCH_PATHS = "$(inherited) @executable_path/Frameworks @loader_path/Frameworks";
				PRODUCT_BUNDLE_IDENTIFIER = net.tusina.CAVOKUITests;
				PRODUCT_NAME = "$(TARGET_NAME)";
				SWIFT_VERSION = 3.0;
				TEST_TARGET_NAME = CAVOK;
			};
			name = Debug;
		};
		374EC9F91D7CB5AA0047B82B /* Release */ = {
			isa = XCBuildConfiguration;
			buildSettings = {
				ALWAYS_EMBED_SWIFT_STANDARD_LIBRARIES = YES;
				INFOPLIST_FILE = CAVOKUITests/Info.plist;
				LD_RUNPATH_SEARCH_PATHS = "$(inherited) @executable_path/Frameworks @loader_path/Frameworks";
				PRODUCT_BUNDLE_IDENTIFIER = net.tusina.CAVOKUITests;
				PRODUCT_NAME = "$(TARGET_NAME)";
				SWIFT_VERSION = 3.0;
				TEST_TARGET_NAME = CAVOK;
			};
			name = Release;
		};
/* End XCBuildConfiguration section */

/* Begin XCConfigurationList section */
		374EC9C41D7CB5A90047B82B /* Build configuration list for PBXProject "CAVOK" */ = {
			isa = XCConfigurationList;
			buildConfigurations = (
				374EC9EF1D7CB5AA0047B82B /* Debug */,
				374EC9F01D7CB5AA0047B82B /* Release */,
			);
			defaultConfigurationIsVisible = 0;
			defaultConfigurationName = Release;
		};
		374EC9F11D7CB5AA0047B82B /* Build configuration list for PBXNativeTarget "CAVOK" */ = {
			isa = XCConfigurationList;
			buildConfigurations = (
				374EC9F21D7CB5AA0047B82B /* Debug */,
				374EC9F31D7CB5AA0047B82B /* Release */,
			);
			defaultConfigurationIsVisible = 0;
			defaultConfigurationName = Release;
		};
		374EC9F41D7CB5AA0047B82B /* Build configuration list for PBXNativeTarget "CAVOKTests" */ = {
			isa = XCConfigurationList;
			buildConfigurations = (
				374EC9F51D7CB5AA0047B82B /* Debug */,
				374EC9F61D7CB5AA0047B82B /* Release */,
			);
			defaultConfigurationIsVisible = 0;
			defaultConfigurationName = Release;
		};
		374EC9F71D7CB5AA0047B82B /* Build configuration list for PBXNativeTarget "CAVOKUITests" */ = {
			isa = XCConfigurationList;
			buildConfigurations = (
				374EC9F81D7CB5AA0047B82B /* Debug */,
				374EC9F91D7CB5AA0047B82B /* Release */,
			);
			defaultConfigurationIsVisible = 0;
			defaultConfigurationName = Release;
		};
/* End XCConfigurationList section */
	};
	rootObject = 374EC9C11D7CB5A90047B82B /* Project object */;
}
