{
  "object": {
    "pins": [
      {
        "package": "PMKFoundation",
        "repositoryURL": "https://github.com/PromiseKit/Foundation",
        "state": {
          "branch": null,
          "revision": "1a276e598dac59489ed904887e0740fa75e571e0",
          "version": "3.3.4"
        }
      },
      {
        "package": "Gzip",
        "repositoryURL": "https://github.com/1024jp/GzipSwift",
        "state": {
          "branch": null,
          "revision": "ba0b6cb51cc6202f896e469b87d2889a46b10d1b",
          "version": "5.1.1"
        }
      },
      {
        "package": "PromiseKit",
        "repositoryURL": "https://github.com/mxcl/PromiseKit",
        "state": {
          "branch": null,
          "revision": "aea48ea1855f5d82e2dffa6027afce3aab8f3dd7",
          "version": "6.13.3"
        }
      },
      {
        "package": "Pulley",
        "repositoryURL": "https://github.com/52inc/Pulley",
        "state": {
          "branch": null,
          "revision": "355bb7c53d4d430334422ad05a97fbe43ce326db",
          "version": "2.9.1"
        }
      },
      {
        "package": "Realm",
        "repositoryURL": "https://github.com/realm/realm-cocoa",
        "state": {
          "branch": null,
          "revision": "328425bfc372ce77ec1f4f2701f61ececbb97d84",
          "version": "10.19.0"
        }
      },
      {
        "package": "RealmDatabase",
        "repositoryURL": "https://github.com/realm/realm-core",
        "state": {
          "branch": null,
          "revision": "b170db6a47789ff5f2fbc3eeed0220b4b0a3f6b7",
          "version": "11.6.0"
        }
      },
      {
        "package": "SwiftMessages",
        "repositoryURL": "https://github.com/SwiftKickMobile/SwiftMessages",
        "state": {
          "branch": null,
          "revision": "1e49de7b3780b69927bc3e61903d8ec0693a3dc5",
          "version": "9.0.5"
        }
      },
      {
        "package": "SwiftyJSON",
        "repositoryURL": "https://github.com/SwiftyJSON/SwiftyJSON",
        "state": {
          "branch": null,
          "revision": "b3dcd7dbd0d488e1a7077cb33b00f2083e382f07",
          "version": "5.0.1"
        }
      },
      {
        "package": "SWXMLHash",
        "repositoryURL": "https://github.com/drmohundro/SWXMLHash",
        "state": {
          "branch": null,
          "revision": "9183170d20857753d4f331b0ca63f73c60764bf3",
          "version": "5.0.2"
        }
      }
    ]
  },
  "version": 1
}
