{
  "pins" : [
    {
      "identity" : "foundation",
      "kind" : "remoteSourceControl",
      "location" : "https://github.com/PromiseKit/Foundation",
      "state" : {
        "revision" : "1a276e598dac59489ed904887e0740fa75e571e0",
        "version" : "3.3.4"
      }
    },
    {
      "identity" : "gzipswift",
      "kind" : "remoteSourceControl",
      "location" : "https://github.com/1024jp/GzipSwift",
      "state" : {
        "revision" : "ba0b6cb51cc6202f896e469b87d2889a46b10d1b",
        "version" : "5.1.1"
      }
    },
    {
      "identity" : "promisekit",
      "kind" : "remoteSourceControl",
      "location" : "https://github.com/mxcl/PromiseKit",
      "state" : {
        "revision" : "aea48ea1855f5d82e2dffa6027afce3aab8f3dd7",
        "version" : "6.13.3"
      }
    },
    {
      "identity" : "realm-cocoa",
      "kind" : "remoteSourceControl",
      "location" : "https://github.com/realm/realm-cocoa",
      "state" : {
        "revision" : "328425bfc372ce77ec1f4f2701f61ececbb97d84",
        "version" : "10.19.0"
      }
    },
    {
      "identity" : "realm-core",
      "kind" : "remoteSourceControl",
      "location" : "https://github.com/realm/realm-core",
      "state" : {
        "revision" : "b170db6a47789ff5f2fbc3eeed0220b4b0a3f6b7",
        "version" : "11.6.0"
      }
    },
    {
      "identity" : "swiftmessages",
      "kind" : "remoteSourceControl",
      "location" : "https://github.com/SwiftKickMobile/SwiftMessages",
      "state" : {
        "revision" : "1e49de7b3780b69927bc3e61903d8ec0693a3dc5",
        "version" : "9.0.5"
      }
    },
    {
      "identity" : "swiftyjson",
      "kind" : "remoteSourceControl",
      "location" : "https://github.com/SwiftyJSON/SwiftyJSON",
      "state" : {
        "revision" : "b3dcd7dbd0d488e1a7077cb33b00f2083e382f07",
        "version" : "5.0.1"
      }
    },
    {
      "identity" : "swxmlhash",
      "kind" : "remoteSourceControl",
      "location" : "https://github.com/drmohundro/SWXMLHash",
      "state" : {
        "revision" : "9183170d20857753d4f331b0ca63f73c60764bf3",
        "version" : "5.0.2"
      }
    }
  ],
  "version" : 2
}
